{
    "version": 3,
    "terraform_version": "0.11.7",
    "serial": 194,
    "lineage": "898a5495-0788-4e8d-a112-caee46ddd961",
    "modules": [
        {
            "path": [
                "root"
            ],
            "outputs": {},
            "resources": {
                "aws_autoscaling_group.data_engineering_cluster": {
                    "type": "aws_autoscaling_group",
                    "depends_on": [
                        "aws_launch_configuration.data_engineering_cluster",
                        "aws_subnet.data_engineering.*"
                    ],
                    "primary": {
                        "id": "oddt-data-engineering-ecs-asg",
                        "attributes": {
                            "arn": "arn:aws:autoscaling:us-east-1:676612114792:autoScalingGroup:009c839c-609e-4864-8dc2-3f04a35a1eac:autoScalingGroupName/oddt-data-engineering-ecs-asg",
                            "availability_zones.#": "3",
                            "availability_zones.1305112097": "us-east-1b",
                            "availability_zones.3569565595": "us-east-1a",
                            "availability_zones.986537655": "us-east-1c",
                            "default_cooldown": "300",
                            "desired_capacity": "4",
                            "enabled_metrics.#": "0",
                            "force_delete": "false",
                            "health_check_grace_period": "300",
                            "health_check_type": "EC2",
                            "id": "oddt-data-engineering-ecs-asg",
                            "launch_configuration": "terraform-20180718161104116500000001",
                            "launch_template.#": "0",
                            "load_balancers.#": "0",
                            "max_size": "6",
                            "metrics_granularity": "1Minute",
                            "min_size": "1",
                            "name": "oddt-data-engineering-ecs-asg",
                            "placement_group": "",
                            "protect_from_scale_in": "false",
                            "service_linked_role_arn": "arn:aws:iam::676612114792:role/aws-service-role/autoscaling.amazonaws.com/AWSServiceRoleForAutoScaling",
                            "suspended_processes.#": "0",
                            "tag.#": "0",
                            "target_group_arns.#": "0",
                            "termination_policies.#": "0",
                            "vpc_zone_identifier.#": "3",
                            "vpc_zone_identifier.1549887898": "subnet-c07e509b",
                            "vpc_zone_identifier.2172698845": "subnet-0ee7816b",
                            "vpc_zone_identifier.945206811": "subnet-f2f0cedf",
                            "wait_for_capacity_timeout": "10m"
                        },
                        "meta": {
                            "e2bfb730-ecaa-11e6-8f88-34363bc7c4c0": {
                                "delete": 600000000000
                            }
                        },
                        "tainted": false
                    },
                    "deposed": [],
                    "provider": "provider.aws"
                },
                "aws_cloudwatch_log_group.api_gateway_api": {
                    "type": "aws_cloudwatch_log_group",
                    "depends_on": [],
                    "primary": {
                        "id": "oddt-data-engineering/api-gateway-api",
                        "attributes": {
                            "arn": "arn:aws:logs:us-east-1:676612114792:log-group:oddt-data-engineering/api-gateway-api:*",
                            "id": "oddt-data-engineering/api-gateway-api",
                            "kms_key_id": "",
                            "name": "oddt-data-engineering/api-gateway-api",
                            "retention_in_days": "0",
                            "tags.%": "2",
                            "tags.Department": "oddt",
                            "tags.Name": "oddt-data-engineering-api-gateway-api"
                        },
                        "meta": {},
                        "tainted": false
                    },
                    "deposed": [],
                    "provider": "provider.aws"
                },
                "aws_cloudwatch_log_group.api_gateway_gateway": {
                    "type": "aws_cloudwatch_log_group",
                    "depends_on": [],
                    "primary": {
                        "id": "oddt-data-engineering/api-gateway-gateway",
                        "attributes": {
                            "arn": "arn:aws:logs:us-east-1:676612114792:log-group:oddt-data-engineering/api-gateway-gateway:*",
                            "id": "oddt-data-engineering/api-gateway-gateway",
                            "kms_key_id": "",
                            "name": "oddt-data-engineering/api-gateway-gateway",
                            "retention_in_days": "0",
                            "tags.%": "2",
                            "tags.Department": "oddt",
                            "tags.Name": "oddt-data-engineering-api-gateway-gateway"
                        },
                        "meta": {},
                        "tainted": false
                    },
                    "deposed": [],
                    "provider": "provider.aws"
                },
                "aws_cloudwatch_log_group.container": {
                    "type": "aws_cloudwatch_log_group",
                    "depends_on": [],
                    "primary": {
                        "id": "oddt-data-engineering/ecs-containers",
                        "attributes": {
                            "arn": "arn:aws:logs:us-east-1:676612114792:log-group:oddt-data-engineering/ecs-containers:*",
                            "id": "oddt-data-engineering/ecs-containers",
                            "kms_key_id": "",
                            "name": "oddt-data-engineering/ecs-containers",
                            "retention_in_days": "0",
                            "tags.%": "2",
                            "tags.Department": "oddt",
                            "tags.Name": "oddt-data-engineering-ecs-containers"
                        },
                        "meta": {},
                        "tainted": false
                    },
                    "deposed": [],
                    "provider": "provider.aws"
                },
                "aws_cloudwatch_log_group.ecs": {
                    "type": "aws_cloudwatch_log_group",
                    "depends_on": [],
                    "primary": {
                        "id": "oddt-data-engineering/ecs-agent",
                        "attributes": {
                            "arn": "arn:aws:logs:us-east-1:676612114792:log-group:oddt-data-engineering/ecs-agent:*",
                            "id": "oddt-data-engineering/ecs-agent",
                            "kms_key_id": "",
                            "name": "oddt-data-engineering/ecs-agent",
                            "retention_in_days": "0",
                            "tags.%": "2",
                            "tags.Department": "oddt",
                            "tags.Name": "oddt-data-engineering-logs-ecs-agent"
                        },
                        "meta": {},
                        "tainted": false
                    },
                    "deposed": [],
                    "provider": "provider.aws"
                },
                "aws_cloudwatch_log_group.redash_webserver": {
                    "type": "aws_cloudwatch_log_group",
                    "depends_on": [],
                    "primary": {
                        "id": "oddt-data-engineering/redash-webserver",
                        "attributes": {
                            "arn": "arn:aws:logs:us-east-1:676612114792:log-group:oddt-data-engineering/redash-webserver:*",
                            "id": "oddt-data-engineering/redash-webserver",
                            "kms_key_id": "",
                            "name": "oddt-data-engineering/redash-webserver",
                            "retention_in_days": "0",
                            "tags.%": "2",
                            "tags.Department": "oddt",
                            "tags.Name": "oddt-data-engineering-redash-webserver"
                        },
                        "meta": {},
                        "tainted": false
                    },
                    "deposed": [],
                    "provider": "provider.aws"
                },
                "aws_cloudwatch_log_group.redash_worker": {
                    "type": "aws_cloudwatch_log_group",
                    "depends_on": [],
                    "primary": {
                        "id": "oddt-data-engineering/redash-worker",
                        "attributes": {
                            "arn": "arn:aws:logs:us-east-1:676612114792:log-group:oddt-data-engineering/redash-worker:*",
                            "id": "oddt-data-engineering/redash-worker",
                            "kms_key_id": "",
                            "name": "oddt-data-engineering/redash-worker",
                            "retention_in_days": "0",
                            "tags.%": "2",
                            "tags.Department": "oddt",
                            "tags.Name": "oddt-data-engineering-redash-worker"
                        },
                        "meta": {},
                        "tainted": false
                    },
                    "deposed": [],
                    "provider": "provider.aws"
                },
                "aws_cloudwatch_log_group.superset_webserver": {
                    "type": "aws_cloudwatch_log_group",
                    "depends_on": [],
                    "primary": {
                        "id": "oddt-data-engineering/superset-webserver",
                        "attributes": {
                            "arn": "arn:aws:logs:us-east-1:676612114792:log-group:oddt-data-engineering/superset-webserver:*",
                            "id": "oddt-data-engineering/superset-webserver",
                            "kms_key_id": "",
                            "name": "oddt-data-engineering/superset-webserver",
                            "retention_in_days": "0",
                            "tags.%": "2",
                            "tags.Department": "oddt",
                            "tags.Name": "oddt-data-engineering-superset-webserver"
                        },
                        "meta": {},
                        "tainted": false
                    },
                    "deposed": [],
                    "provider": "provider.aws"
                },
                "aws_cloudwatch_log_group.taskflow_api_server": {
                    "type": "aws_cloudwatch_log_group",
                    "depends_on": [],
                    "primary": {
                        "id": "oddt-data-engineering/taskflow-api-server",
                        "attributes": {
                            "arn": "arn:aws:logs:us-east-1:676612114792:log-group:oddt-data-engineering/taskflow-api-server:*",
                            "id": "oddt-data-engineering/taskflow-api-server",
                            "kms_key_id": "",
                            "name": "oddt-data-engineering/taskflow-api-server",
                            "retention_in_days": "0",
                            "tags.%": "2",
                            "tags.Department": "oddt",
                            "tags.Name": "oddt-data-engineering-taskflow-api-server"
                        },
                        "meta": {},
                        "tainted": false
                    },
                    "deposed": [],
                    "provider": "provider.aws"
                },
                "aws_cloudwatch_log_group.taskflow_scheduler": {
                    "type": "aws_cloudwatch_log_group",
                    "depends_on": [],
                    "primary": {
                        "id": "oddt-data-engineering/taskflow-scheduler",
                        "attributes": {
                            "arn": "arn:aws:logs:us-east-1:676612114792:log-group:oddt-data-engineering/taskflow-scheduler:*",
                            "id": "oddt-data-engineering/taskflow-scheduler",
                            "kms_key_id": "",
                            "name": "oddt-data-engineering/taskflow-scheduler",
                            "retention_in_days": "0",
                            "tags.%": "2",
                            "tags.Department": "oddt",
                            "tags.Name": "oddt-data-engineering-taskflow-scheduler"
                        },
                        "meta": {},
                        "tainted": false
                    },
                    "deposed": [],
                    "provider": "provider.aws"
                },
                "aws_db_subnet_group.data_engineering": {
                    "type": "aws_db_subnet_group",
                    "depends_on": [
                        "aws_subnet.data_engineering"
                    ],
                    "primary": {
                        "id": "data_engineering",
                        "attributes": {
                            "arn": "arn:aws:rds:us-east-1:676612114792:subgrp:data_engineering",
                            "description": "Managed by Terraform",
                            "id": "data_engineering",
                            "name": "data_engineering",
                            "subnet_ids.#": "3",
                            "subnet_ids.1549887898": "subnet-c07e509b",
                            "subnet_ids.2172698845": "subnet-0ee7816b",
                            "subnet_ids.945206811": "subnet-f2f0cedf",
                            "tags.%": "0"
                        },
                        "meta": {},
                        "tainted": false
                    },
                    "deposed": [],
                    "provider": "provider.aws"
                },
                "aws_ecs_cluster.data_engineering_cluster": {
                    "type": "aws_ecs_cluster",
                    "depends_on": [],
                    "primary": {
                        "id": "arn:aws:ecs:us-east-1:676612114792:cluster/oddt-data-engineering-ecs-cluster",
                        "attributes": {
                            "arn": "arn:aws:ecs:us-east-1:676612114792:cluster/oddt-data-engineering-ecs-cluster",
                            "id": "arn:aws:ecs:us-east-1:676612114792:cluster/oddt-data-engineering-ecs-cluster",
                            "name": "oddt-data-engineering-ecs-cluster"
                        },
                        "meta": {},
                        "tainted": false
                    },
                    "deposed": [],
                    "provider": "provider.aws"
                },
                "aws_ecs_service.api_gateway_api": {
                    "type": "aws_ecs_service",
                    "depends_on": [
                        "aws_ecs_cluster.data_engineering_cluster",
                        "aws_ecs_task_definition.api_gateway_api_task_definition",
                        "aws_elb.api_gateway_api",
                        "aws_iam_role.ecs_service",
                        "aws_iam_role_policy.ecs_service"
                    ],
                    "primary": {
                        "id": "arn:aws:ecs:us-east-1:676612114792:service/oddt-data-engineering-api-gateway-api",
                        "attributes": {
                            "cluster": "arn:aws:ecs:us-east-1:676612114792:cluster/oddt-data-engineering-ecs-cluster",
                            "deployment_maximum_percent": "200",
                            "deployment_minimum_healthy_percent": "100",
                            "desired_count": "2",
                            "health_check_grace_period_seconds": "0",
                            "iam_role": "oddt-data-engineering-ecs-role",
                            "id": "arn:aws:ecs:us-east-1:676612114792:service/oddt-data-engineering-api-gateway-api",
                            "launch_type": "EC2",
                            "load_balancer.#": "1",
                            "load_balancer.296216143.container_name": "api_gateway_api",
                            "load_balancer.296216143.container_port": "5001",
                            "load_balancer.296216143.elb_name": "api-gateway-api",
                            "load_balancer.296216143.target_group_arn": "",
                            "name": "oddt-data-engineering-api-gateway-api",
                            "network_configuration.#": "0",
                            "ordered_placement_strategy.#": "0",
                            "placement_constraints.#": "0",
                            "placement_strategy.#": "0",
                            "scheduling_strategy": "REPLICA",
                            "service_registries.#": "0",
                            "task_definition": "arn:aws:ecs:us-east-1:676612114792:task-definition/oddt-data-engineering-api-gateway-api:7"
                        },
                        "meta": {},
                        "tainted": false
                    },
                    "deposed": [],
                    "provider": "provider.aws"
                },
                "aws_ecs_service.api_gateway_api_worker": {
                    "type": "aws_ecs_service",
                    "depends_on": [
                        "aws_ecs_cluster.data_engineering_cluster",
                        "aws_ecs_task_definition.api_gateway_api_worker_task_definition",
                        "aws_iam_role_policy.ecs_service"
                    ],
                    "primary": {
                        "id": "arn:aws:ecs:us-east-1:676612114792:service/oddt-data-engineering-api-gateway-api-worker",
                        "attributes": {
                            "cluster": "arn:aws:ecs:us-east-1:676612114792:cluster/oddt-data-engineering-ecs-cluster",
                            "deployment_maximum_percent": "200",
                            "deployment_minimum_healthy_percent": "100",
                            "desired_count": "1",
                            "health_check_grace_period_seconds": "0",
                            "id": "arn:aws:ecs:us-east-1:676612114792:service/oddt-data-engineering-api-gateway-api-worker",
                            "launch_type": "EC2",
                            "load_balancer.#": "0",
                            "name": "oddt-data-engineering-api-gateway-api-worker",
                            "network_configuration.#": "0",
                            "ordered_placement_strategy.#": "0",
                            "placement_constraints.#": "0",
                            "placement_strategy.#": "0",
                            "scheduling_strategy": "REPLICA",
                            "service_registries.#": "0",
                            "task_definition": "arn:aws:ecs:us-east-1:676612114792:task-definition/oddt-data-engineering-api-gateway-api-worker:4"
                        },
                        "meta": {},
                        "tainted": false
                    },
                    "deposed": [],
                    "provider": "provider.aws"
                },
                "aws_ecs_service.api_gateway_gateway": {
                    "type": "aws_ecs_service",
                    "depends_on": [
                        "aws_ecs_cluster.data_engineering_cluster",
                        "aws_ecs_task_definition.api_gateway_gateway_task_definition",
                        "aws_elb.api_gateway",
                        "aws_iam_role.ecs_service",
                        "aws_iam_role_policy.ecs_service"
                    ],
                    "primary": {
                        "id": "arn:aws:ecs:us-east-1:676612114792:service/oddt-data-engineering-api-gateway-gateway",
                        "attributes": {
                            "cluster": "arn:aws:ecs:us-east-1:676612114792:cluster/oddt-data-engineering-ecs-cluster",
                            "deployment_maximum_percent": "200",
                            "deployment_minimum_healthy_percent": "100",
                            "desired_count": "2",
                            "health_check_grace_period_seconds": "0",
                            "iam_role": "oddt-data-engineering-ecs-role",
                            "id": "arn:aws:ecs:us-east-1:676612114792:service/oddt-data-engineering-api-gateway-gateway",
                            "launch_type": "EC2",
                            "load_balancer.#": "1",
                            "load_balancer.1400930956.container_name": "api_gateway_gateway",
                            "load_balancer.1400930956.container_port": "5002",
                            "load_balancer.1400930956.elb_name": "api-gateway",
                            "load_balancer.1400930956.target_group_arn": "",
                            "name": "oddt-data-engineering-api-gateway-gateway",
                            "network_configuration.#": "0",
                            "ordered_placement_strategy.#": "0",
                            "placement_constraints.#": "0",
                            "placement_strategy.#": "0",
                            "scheduling_strategy": "REPLICA",
                            "service_registries.#": "0",
                            "task_definition": "arn:aws:ecs:us-east-1:676612114792:task-definition/oddt-data-engineering-api-gateway-gateway:6"
                        },
                        "meta": {},
                        "tainted": false
                    },
                    "deposed": [],
                    "provider": "provider.aws"
                },
                "aws_ecs_service.redash_webserver": {
                    "type": "aws_ecs_service",
                    "depends_on": [
                        "aws_ecs_cluster.data_engineering_cluster",
                        "aws_ecs_task_definition.redash_webserver_task_definition",
                        "aws_elb.redash_webserver",
                        "aws_iam_role.ecs_service",
                        "aws_iam_role_policy.ecs_service"
                    ],
                    "primary": {
                        "id": "arn:aws:ecs:us-east-1:676612114792:service/oddt-data-engineering-redash-webserver",
                        "attributes": {
                            "cluster": "arn:aws:ecs:us-east-1:676612114792:cluster/oddt-data-engineering-ecs-cluster",
                            "deployment_maximum_percent": "200",
                            "deployment_minimum_healthy_percent": "100",
                            "desired_count": "2",
                            "health_check_grace_period_seconds": "0",
                            "iam_role": "oddt-data-engineering-ecs-role",
                            "id": "arn:aws:ecs:us-east-1:676612114792:service/oddt-data-engineering-redash-webserver",
                            "launch_type": "EC2",
                            "load_balancer.#": "1",
                            "load_balancer.3122782665.container_name": "redash_webserver",
                            "load_balancer.3122782665.container_port": "5003",
                            "load_balancer.3122782665.elb_name": "redash-webserver",
                            "load_balancer.3122782665.target_group_arn": "",
                            "name": "oddt-data-engineering-redash-webserver",
                            "network_configuration.#": "0",
                            "ordered_placement_strategy.#": "0",
                            "placement_constraints.#": "0",
                            "placement_strategy.#": "0",
                            "scheduling_strategy": "REPLICA",
                            "service_registries.#": "0",
                            "task_definition": "arn:aws:ecs:us-east-1:676612114792:task-definition/oddt-data-engineering-redash-webserver:13"
                        },
                        "meta": {},
                        "tainted": false
                    },
                    "deposed": [],
                    "provider": "provider.aws"
                },
                "aws_ecs_service.redash_worker": {
                    "type": "aws_ecs_service",
                    "depends_on": [
                        "aws_ecs_cluster.data_engineering_cluster",
                        "aws_ecs_task_definition.redash_worker_task_definition"
                    ],
                    "primary": {
                        "id": "arn:aws:ecs:us-east-1:676612114792:service/oddt-data-engineering-redash-worker",
                        "attributes": {
                            "cluster": "arn:aws:ecs:us-east-1:676612114792:cluster/oddt-data-engineering-ecs-cluster",
                            "deployment_maximum_percent": "200",
                            "deployment_minimum_healthy_percent": "100",
                            "desired_count": "1",
                            "health_check_grace_period_seconds": "0",
                            "id": "arn:aws:ecs:us-east-1:676612114792:service/oddt-data-engineering-redash-worker",
                            "launch_type": "EC2",
                            "load_balancer.#": "0",
                            "name": "oddt-data-engineering-redash-worker",
                            "network_configuration.#": "0",
                            "ordered_placement_strategy.#": "0",
                            "placement_constraints.#": "0",
                            "placement_strategy.#": "0",
                            "scheduling_strategy": "REPLICA",
                            "service_registries.#": "0",
                            "task_definition": "arn:aws:ecs:us-east-1:676612114792:task-definition/oddt-data-engineering-redash-worker:3"
                        },
                        "meta": {},
                        "tainted": false
                    },
                    "deposed": [],
                    "provider": "provider.aws"
                },
                "aws_ecs_service.superset_webserver": {
                    "type": "aws_ecs_service",
                    "depends_on": [
                        "aws_ecs_cluster.data_engineering_cluster",
                        "aws_ecs_task_definition.superset_webserver_task_definition",
                        "aws_elb.superset_webserver",
                        "aws_iam_role.ecs_service",
                        "aws_iam_role_policy.ecs_service"
                    ],
                    "primary": {
                        "id": "arn:aws:ecs:us-east-1:676612114792:service/oddt-data-engineering-superset-webserver",
                        "attributes": {
                            "cluster": "arn:aws:ecs:us-east-1:676612114792:cluster/oddt-data-engineering-ecs-cluster",
                            "deployment_maximum_percent": "200",
                            "deployment_minimum_healthy_percent": "100",
                            "desired_count": "2",
                            "health_check_grace_period_seconds": "0",
                            "iam_role": "oddt-data-engineering-ecs-role",
                            "id": "arn:aws:ecs:us-east-1:676612114792:service/oddt-data-engineering-superset-webserver",
                            "launch_type": "EC2",
                            "load_balancer.#": "1",
                            "load_balancer.2499655258.container_name": "superset_webserver",
                            "load_balancer.2499655258.container_port": "5004",
                            "load_balancer.2499655258.elb_name": "superset-webserver",
                            "load_balancer.2499655258.target_group_arn": "",
                            "name": "oddt-data-engineering-superset-webserver",
                            "network_configuration.#": "0",
                            "ordered_placement_strategy.#": "0",
                            "placement_constraints.#": "0",
                            "placement_strategy.#": "0",
                            "scheduling_strategy": "REPLICA",
                            "service_registries.#": "0",
                            "task_definition": "arn:aws:ecs:us-east-1:676612114792:task-definition/oddt-data-engineering-superset-webserver:2"
                        },
                        "meta": {},
                        "tainted": false
                    },
                    "deposed": [],
                    "provider": "provider.aws"
                },
                "aws_ecs_service.taskflow_api_server": {
                    "type": "aws_ecs_service",
                    "depends_on": [
                        "aws_ecs_cluster.data_engineering_cluster",
                        "aws_ecs_task_definition.taskflow_api_server_task_definition",
                        "aws_elb.taskflow_api_server",
                        "aws_iam_role.ecs_service",
                        "aws_iam_role_policy.ecs_service"
                    ],
                    "primary": {
                        "id": "arn:aws:ecs:us-east-1:676612114792:service/oddt-data-engineering-taskflow-api-server",
                        "attributes": {
                            "cluster": "arn:aws:ecs:us-east-1:676612114792:cluster/oddt-data-engineering-ecs-cluster",
                            "deployment_maximum_percent": "200",
                            "deployment_minimum_healthy_percent": "100",
                            "desired_count": "2",
                            "health_check_grace_period_seconds": "0",
                            "iam_role": "oddt-data-engineering-ecs-role",
                            "id": "arn:aws:ecs:us-east-1:676612114792:service/oddt-data-engineering-taskflow-api-server",
                            "launch_type": "EC2",
                            "load_balancer.#": "1",
                            "load_balancer.870956245.container_name": "taskflow_api_server",
                            "load_balancer.870956245.container_port": "5000",
                            "load_balancer.870956245.elb_name": "taskflow-api-server",
                            "load_balancer.870956245.target_group_arn": "",
                            "name": "oddt-data-engineering-taskflow-api-server",
                            "network_configuration.#": "0",
                            "ordered_placement_strategy.#": "0",
                            "placement_constraints.#": "0",
                            "placement_strategy.#": "0",
                            "scheduling_strategy": "REPLICA",
                            "service_registries.#": "0",
                            "task_definition": "arn:aws:ecs:us-east-1:676612114792:task-definition/oddt-data-engineering-taskflow-api-server:15"
                        },
                        "meta": {},
                        "tainted": false
                    },
                    "deposed": [],
                    "provider": "provider.aws"
                },
                "aws_ecs_service.taskflow_scheduler": {
                    "type": "aws_ecs_service",
                    "depends_on": [
                        "aws_ecs_cluster.data_engineering_cluster",
                        "aws_ecs_task_definition.taskflow_scheduler_task_definition"
                    ],
                    "primary": {
                        "id": "arn:aws:ecs:us-east-1:676612114792:service/oddt-data-engineering-taskflow-scheduler",
                        "attributes": {
                            "cluster": "arn:aws:ecs:us-east-1:676612114792:cluster/oddt-data-engineering-ecs-cluster",
                            "deployment_maximum_percent": "100",
                            "deployment_minimum_healthy_percent": "0",
                            "desired_count": "1",
                            "health_check_grace_period_seconds": "0",
                            "id": "arn:aws:ecs:us-east-1:676612114792:service/oddt-data-engineering-taskflow-scheduler",
                            "launch_type": "EC2",
                            "load_balancer.#": "0",
                            "name": "oddt-data-engineering-taskflow-scheduler",
                            "network_configuration.#": "0",
                            "ordered_placement_strategy.#": "0",
                            "placement_constraints.#": "0",
                            "placement_strategy.#": "0",
                            "scheduling_strategy": "REPLICA",
                            "service_registries.#": "0",
                            "task_definition": "arn:aws:ecs:us-east-1:676612114792:task-definition/oddt-data-engineering-taskflow-scheduler:30"
                        },
                        "meta": {},
                        "tainted": false
                    },
                    "deposed": [],
                    "provider": "provider.aws"
                },
                "aws_ecs_task_definition.api_gateway_api_task_definition": {
                    "type": "aws_ecs_task_definition",
                    "depends_on": [
                        "aws_iam_role.api_gateway_api",
                        "data.template_file.api_gateway_api_task_definition"
                    ],
                    "primary": {
                        "id": "oddt-data-engineering-api-gateway-api",
                        "attributes": {
                            "arn": "arn:aws:ecs:us-east-1:676612114792:task-definition/oddt-data-engineering-api-gateway-api:7",
                            "container_definitions": "[{\"command\":[\"api_gateway\",\"api_server\",\"--bind-port\",\"5001\",\"--worker-class\",\"eventlet\",\"--prod\"],\"cpu\":256,\"environment\":[{\"name\":\"AWS_DEFAULT_REGION\",\"value\":\"us-east-1\"},{\"name\":\"EASTERN_STATE_NAME\",\"value\":\"api-gateway-api\"},{\"name\":\"EASTERN_STATE_BUCKET\",\"value\":\"eastern-state\"},{\"name\":\"EASTERN_STATE_ENV\",\"value\":\"prod\"}],\"essential\":true,\"image\":\"676612114792.dkr.ecr.us-east-1.amazonaws.com/api-gateway-api:747a96a1a1eb0dd2b01081a428b0f6bc7ab6a7b5-v2\",\"logConfiguration\":{\"logDriver\":\"awslogs\",\"options\":{\"awslogs-group\":\"oddt-data-engineering/api-gateway-api\",\"awslogs-region\":\"us-east-1\"}},\"memory\":1024,\"mountPoints\":[],\"name\":\"api_gateway_api\",\"portMappings\":[{\"containerPort\":5001,\"hostPort\":5001,\"protocol\":\"tcp\"}],\"volumesFrom\":[]}]",
                            "cpu": "",
                            "execution_role_arn": "",
                            "family": "oddt-data-engineering-api-gateway-api",
                            "id": "oddt-data-engineering-api-gateway-api",
                            "memory": "",
                            "network_mode": "",
                            "placement_constraints.#": "0",
                            "requires_compatibilities.#": "0",
                            "revision": "7",
                            "task_role_arn": "arn:aws:iam::676612114792:role/oddt-data-engineering-api-gateway-api-role",
                            "volume.#": "0"
                        },
                        "meta": {
                            "schema_version": "1"
                        },
                        "tainted": false
                    },
                    "deposed": [],
                    "provider": "provider.aws"
                },
                "aws_ecs_task_definition.api_gateway_api_worker_task_definition": {
                    "type": "aws_ecs_task_definition",
                    "depends_on": [
                        "aws_iam_role.api_gateway_api",
                        "data.template_file.api_gateway_api_worker_task_definition"
                    ],
                    "primary": {
                        "id": "oddt-data-engineering-api-gateway-api-worker",
                        "attributes": {
                            "arn": "arn:aws:ecs:us-east-1:676612114792:task-definition/oddt-data-engineering-api-gateway-api-worker:4",
                            "container_definitions": "[{\"command\":[\"api_gateway\",\"worker\",\"--num-runs\",\"1000\"],\"cpu\":256,\"environment\":[{\"name\":\"AWS_DEFAULT_REGION\",\"value\":\"us-east-1\"},{\"name\":\"EASTERN_STATE_NAME\",\"value\":\"api-gateway-api\"},{\"name\":\"EASTERN_STATE_BUCKET\",\"value\":\"eastern-state\"},{\"name\":\"EASTERN_STATE_ENV\",\"value\":\"prod\"}],\"essential\":true,\"image\":\"676612114792.dkr.ecr.us-east-1.amazonaws.com/api-gateway-api:747a96a1a1eb0dd2b01081a428b0f6bc7ab6a7b5-v3\",\"logConfiguration\":{\"logDriver\":\"awslogs\",\"options\":{\"awslogs-group\":\"oddt-data-engineering/api-gateway-api\",\"awslogs-region\":\"us-east-1\"}},\"memory\":512,\"mountPoints\":[],\"name\":\"api_gateway_api_worker\",\"portMappings\":[],\"volumesFrom\":[]}]",
                            "cpu": "",
                            "execution_role_arn": "",
                            "family": "oddt-data-engineering-api-gateway-api-worker",
                            "id": "oddt-data-engineering-api-gateway-api-worker",
                            "memory": "",
                            "network_mode": "",
                            "placement_constraints.#": "0",
                            "requires_compatibilities.#": "0",
                            "revision": "4",
                            "task_role_arn": "arn:aws:iam::676612114792:role/oddt-data-engineering-api-gateway-api-role",
                            "volume.#": "0"
                        },
                        "meta": {
                            "schema_version": "1"
                        },
                        "tainted": false
                    },
                    "deposed": [],
                    "provider": "provider.aws"
                },
                "aws_ecs_task_definition.api_gateway_gateway_task_definition": {
                    "type": "aws_ecs_task_definition",
                    "depends_on": [
                        "aws_iam_role.api_gateway_gateway",
                        "data.template_file.api_gateway_gateway_task_definition"
                    ],
                    "primary": {
                        "id": "oddt-data-engineering-api-gateway-gateway",
                        "attributes": {
                            "arn": "arn:aws:ecs:us-east-1:676612114792:task-definition/oddt-data-engineering-api-gateway-gateway:6",
                            "container_definitions": "[{\"command\":[\"node\",\"gateway.js\"],\"cpu\":256,\"environment\":[{\"name\":\"AWS_DEFAULT_REGION\",\"value\":\"us-east-1\"},{\"name\":\"EASTERN_STATE_NAME\",\"value\":\"api-gateway-gateway\"},{\"name\":\"EASTERN_STATE_BUCKET\",\"value\":\"eastern-state\"},{\"name\":\"EASTERN_STATE_ENV\",\"value\":\"prod\"},{\"name\":\"GATEWAY_HTTP_PORT\",\"value\":\"5002\"}],\"essential\":true,\"image\":\"676612114792.dkr.ecr.us-east-1.amazonaws.com/api-gateway-gateway:747a96a1a1eb0dd2b01081a428b0f6bc7ab6a7b5-v3\",\"logConfiguration\":{\"logDriver\":\"awslogs\",\"options\":{\"awslogs-group\":\"oddt-data-engineering/api-gateway-gateway\",\"awslogs-region\":\"us-east-1\"}},\"memory\":1024,\"mountPoints\":[],\"name\":\"api_gateway_gateway\",\"portMappings\":[{\"containerPort\":5002,\"hostPort\":5002,\"protocol\":\"tcp\"}],\"volumesFrom\":[]}]",
                            "cpu": "",
                            "execution_role_arn": "",
                            "family": "oddt-data-engineering-api-gateway-gateway",
                            "id": "oddt-data-engineering-api-gateway-gateway",
                            "memory": "",
                            "network_mode": "",
                            "placement_constraints.#": "0",
                            "requires_compatibilities.#": "0",
                            "revision": "6",
                            "task_role_arn": "arn:aws:iam::676612114792:role/oddt-data-engineering-api-gateway-gateway-role",
                            "volume.#": "0"
                        },
                        "meta": {
                            "schema_version": "1"
                        },
                        "tainted": false
                    },
                    "deposed": [],
                    "provider": "provider.aws"
                },
                "aws_ecs_task_definition.redash_webserver_task_definition": {
                    "type": "aws_ecs_task_definition",
                    "depends_on": [
                        "aws_iam_role.redash",
                        "data.template_file.redash_webserver_task_definition"
                    ],
                    "primary": {
                        "id": "oddt-data-engineering-redash-webserver",
                        "attributes": {
                            "arn": "arn:aws:ecs:us-east-1:676612114792:task-definition/oddt-data-engineering-redash-webserver:13",
                            "container_definitions": "[{\"command\":[\"server\"],\"cpu\":512,\"environment\":[{\"name\":\"AWS_DEFAULT_REGION\",\"value\":\"us-east-1\"},{\"name\":\"EASTERN_STATE_NAME\",\"value\":\"redash\"},{\"name\":\"EASTERN_STATE_BUCKET\",\"value\":\"eastern-state\"},{\"name\":\"EASTERN_STATE_ENV\",\"value\":\"prod\"}],\"essential\":true,\"image\":\"676612114792.dkr.ecr.us-east-1.amazonaws.com/redash:21683e010cec529fc4e5466f466858c81cac9080\",\"logConfiguration\":{\"logDriver\":\"awslogs\",\"options\":{\"awslogs-group\":\"oddt-data-engineering/redash-webserver\",\"awslogs-region\":\"us-east-1\"}},\"memory\":1024,\"mountPoints\":[],\"name\":\"redash_webserver\",\"portMappings\":[{\"containerPort\":5003,\"hostPort\":5003,\"protocol\":\"tcp\"}],\"volumesFrom\":[]}]",
                            "cpu": "",
                            "execution_role_arn": "",
                            "family": "oddt-data-engineering-redash-webserver",
                            "id": "oddt-data-engineering-redash-webserver",
                            "memory": "",
                            "network_mode": "",
                            "placement_constraints.#": "0",
                            "requires_compatibilities.#": "0",
                            "revision": "13",
                            "task_role_arn": "arn:aws:iam::676612114792:role/oddt-data-engineering-redash-role",
                            "volume.#": "0"
                        },
                        "meta": {
                            "schema_version": "1"
                        },
                        "tainted": false
                    },
                    "deposed": [],
                    "provider": "provider.aws"
                },
                "aws_ecs_task_definition.redash_worker_task_definition": {
                    "type": "aws_ecs_task_definition",
                    "depends_on": [
                        "aws_iam_role.redash",
                        "data.template_file.redash_worker_task_definition"
                    ],
                    "primary": {
                        "id": "oddt-data-engineering-redash-worker",
                        "attributes": {
                            "arn": "arn:aws:ecs:us-east-1:676612114792:task-definition/oddt-data-engineering-redash-worker:3",
                            "container_definitions": "[{\"command\":[\"worker\"],\"cpu\":512,\"environment\":[{\"name\":\"AWS_DEFAULT_REGION\",\"value\":\"us-east-1\"},{\"name\":\"EASTERN_STATE_NAME\",\"value\":\"redash\"},{\"name\":\"EASTERN_STATE_BUCKET\",\"value\":\"eastern-state\"},{\"name\":\"EASTERN_STATE_ENV\",\"value\":\"prod\"}],\"essential\":true,\"image\":\"676612114792.dkr.ecr.us-east-1.amazonaws.com/redash:21683e010cec529fc4e5466f466858c81cac9080\",\"logConfiguration\":{\"logDriver\":\"awslogs\",\"options\":{\"awslogs-group\":\"oddt-data-engineering/redash-worker\",\"awslogs-region\":\"us-east-1\"}},\"memory\":1024,\"mountPoints\":[],\"name\":\"redash_worker\",\"portMappings\":[],\"volumesFrom\":[]}]",
                            "cpu": "",
                            "execution_role_arn": "",
                            "family": "oddt-data-engineering-redash-worker",
                            "id": "oddt-data-engineering-redash-worker",
                            "memory": "",
                            "network_mode": "",
                            "placement_constraints.#": "0",
                            "requires_compatibilities.#": "0",
                            "revision": "3",
                            "task_role_arn": "arn:aws:iam::676612114792:role/oddt-data-engineering-redash-role",
                            "volume.#": "0"
                        },
                        "meta": {
                            "schema_version": "1"
                        },
                        "tainted": false
                    },
                    "deposed": [],
                    "provider": "provider.aws"
                },
                "aws_ecs_task_definition.superset_webserver_task_definition": {
                    "type": "aws_ecs_task_definition",
                    "depends_on": [
                        "aws_iam_role.superset",
                        "data.template_file.superset_webserver_task_definition"
                    ],
                    "primary": {
                        "id": "oddt-data-engineering-superset-webserver",
                        "attributes": {
                            "arn": "arn:aws:ecs:us-east-1:676612114792:task-definition/oddt-data-engineering-superset-webserver:2",
                            "container_definitions": "[{\"command\":[\"runserver\",\"-p\",\"5004\"],\"cpu\":512,\"environment\":[{\"name\":\"AWS_DEFAULT_REGION\",\"value\":\"us-east-1\"},{\"name\":\"EASTERN_STATE_NAME\",\"value\":\"superset\"},{\"name\":\"EASTERN_STATE_BUCKET\",\"value\":\"eastern-state\"},{\"name\":\"EASTERN_STATE_ENV\",\"value\":\"prod\"}],\"essential\":true,\"image\":\"676612114792.dkr.ecr.us-east-1.amazonaws.com/superset:2ce760641261a3d8d74ea97aaea562e7ed6553b9\",\"logConfiguration\":{\"logDriver\":\"awslogs\",\"options\":{\"awslogs-group\":\"oddt-data-engineering/superset-webserver\",\"awslogs-region\":\"us-east-1\"}},\"memory\":1024,\"mountPoints\":[],\"name\":\"superset_webserver\",\"portMappings\":[{\"containerPort\":5004,\"hostPort\":5004,\"protocol\":\"tcp\"}],\"volumesFrom\":[]}]",
                            "cpu": "",
                            "execution_role_arn": "",
                            "family": "oddt-data-engineering-superset-webserver",
                            "id": "oddt-data-engineering-superset-webserver",
                            "memory": "",
                            "network_mode": "",
                            "placement_constraints.#": "0",
                            "requires_compatibilities.#": "0",
                            "revision": "2",
                            "task_role_arn": "arn:aws:iam::676612114792:role/oddt-data-engineering-superset-role",
                            "volume.#": "0"
                        },
                        "meta": {
                            "schema_version": "1"
                        },
                        "tainted": false
                    },
                    "deposed": [],
                    "provider": "provider.aws"
                },
                "aws_ecs_task_definition.taskflow_api_server_task_definition": {
                    "type": "aws_ecs_task_definition",
                    "depends_on": [
                        "aws_iam_role.taskflow",
                        "data.template_file.taskflow_api_server_task_definition"
                    ],
                    "primary": {
                        "id": "oddt-data-engineering-taskflow-api-server",
                        "attributes": {
                            "arn": "arn:aws:ecs:us-east-1:676612114792:task-definition/oddt-data-engineering-taskflow-api-server:15",
                            "container_definitions": "[{\"command\":[\"python3\",\"phila_taskflow/main.py\",\"api_server\",\"--worker-class\",\"eventlet\",\"--prod\"],\"cpu\":256,\"environment\":[{\"name\":\"AWS_DEFAULT_REGION\",\"value\":\"us-east-1\"},{\"name\":\"EASTERN_STATE_NAME\",\"value\":\"taskflow\"},{\"name\":\"EASTERN_STATE_BUCKET\",\"value\":\"eastern-state\"},{\"name\":\"EASTERN_STATE_ENV\",\"value\":\"prod\"}],\"essential\":true,\"image\":\"676612114792.dkr.ecr.us-east-1.amazonaws.com/taskflow-api-server:7b7507338dd5f9d0e2b6c5b35d098a8f237d2990\",\"logConfiguration\":{\"logDriver\":\"awslogs\",\"options\":{\"awslogs-group\":\"oddt-data-engineering/taskflow-api-server\",\"awslogs-region\":\"us-east-1\"}},\"memory\":512,\"mountPoints\":[],\"name\":\"taskflow_api_server\",\"portMappings\":[{\"containerPort\":5000,\"hostPort\":5000,\"protocol\":\"tcp\"}],\"volumesFrom\":[]}]",
                            "cpu": "",
                            "execution_role_arn": "",
                            "family": "oddt-data-engineering-taskflow-api-server",
                            "id": "oddt-data-engineering-taskflow-api-server",
                            "memory": "",
                            "network_mode": "",
                            "placement_constraints.#": "0",
                            "requires_compatibilities.#": "0",
                            "revision": "15",
                            "task_role_arn": "arn:aws:iam::676612114792:role/oddt-data-engineering-taskflow-role",
                            "volume.#": "0"
                        },
                        "meta": {
                            "schema_version": "1"
                        },
                        "tainted": false
                    },
                    "deposed": [],
                    "provider": "provider.aws"
                },
                "aws_ecs_task_definition.taskflow_scheduler_task_definition": {
                    "type": "aws_ecs_task_definition",
                    "depends_on": [
                        "aws_iam_role.taskflow",
                        "data.template_file.taskflow_scheduler_task_definition"
                    ],
                    "primary": {
                        "id": "oddt-data-engineering-taskflow-scheduler",
                        "attributes": {
                            "arn": "arn:aws:ecs:us-east-1:676612114792:task-definition/oddt-data-engineering-taskflow-scheduler:30",
                            "container_definitions": "[{\"command\":[\"python3\",\"phila_taskflow/main.py\",\"scheduler\",\"--num-runs\",\"200\"],\"cpu\":512,\"environment\":[{\"name\":\"AWS_DEFAULT_REGION\",\"value\":\"us-east-1\"},{\"name\":\"EASTERN_STATE_NAME\",\"value\":\"taskflow\"},{\"name\":\"EASTERN_STATE_BUCKET\",\"value\":\"eastern-state\"},{\"name\":\"EASTERN_STATE_ENV\",\"value\":\"prod\"}],\"essential\":true,\"image\":\"676612114792.dkr.ecr.us-east-1.amazonaws.com/taskflow-scheduler:7b7507338dd5f9d0e2b6c5b35d098a8f237d2990\",\"logConfiguration\":{\"logDriver\":\"awslogs\",\"options\":{\"awslogs-group\":\"oddt-data-engineering/taskflow-scheduler\",\"awslogs-region\":\"us-east-1\"}},\"memory\":512,\"mountPoints\":[],\"name\":\"taskflow_scheduler\",\"portMappings\":[],\"volumesFrom\":[]}]",
                            "cpu": "",
                            "execution_role_arn": "",
                            "family": "oddt-data-engineering-taskflow-scheduler",
                            "id": "oddt-data-engineering-taskflow-scheduler",
                            "memory": "",
                            "network_mode": "",
                            "placement_constraints.#": "0",
                            "requires_compatibilities.#": "0",
                            "revision": "30",
                            "task_role_arn": "arn:aws:iam::676612114792:role/oddt-data-engineering-taskflow-role",
                            "volume.#": "0"
                        },
                        "meta": {
                            "schema_version": "1"
                        },
                        "tainted": false
                    },
                    "deposed": [],
                    "provider": "provider.aws"
                },
                "aws_eip.data_engineering_bastion": {
                    "type": "aws_eip",
                    "depends_on": [
                        "aws_instance.data_engineering_bastion"
                    ],
                    "primary": {
                        "id": "eipalloc-87af16b6",
                        "attributes": {
                            "association_id": "eipassoc-8ae0c2bb",
                            "domain": "vpc",
                            "id": "eipalloc-87af16b6",
                            "instance": "i-0004b95b85e10eee6",
                            "network_interface": "eni-d35c6e14",
                            "private_ip": "10.0.0.71",
                            "public_ip": "34.205.248.95",
                            "tags.%": "0",
                            "vpc": "true"
                        },
                        "meta": {},
                        "tainted": false
                    },
                    "deposed": [],
                    "provider": "provider.aws"
                },
                "aws_eip.data_engineering_tunnel_gateway": {
                    "type": "aws_eip",
                    "depends_on": [
                        "aws_instance.data_engineering_tunnel_gateway"
                    ],
                    "primary": {
                        "id": "eipalloc-d09d24e1",
                        "attributes": {
                            "association_id": "eipassoc-60dcfe51",
                            "domain": "vpc",
                            "id": "eipalloc-d09d24e1",
                            "instance": "i-0309a8c73c3b1b947",
                            "network_interface": "eni-6ac7f5ad",
                            "private_ip": "10.0.0.225",
                            "public_ip": "34.196.29.78",
                            "tags.%": "0",
                            "vpc": "true"
                        },
                        "meta": {},
                        "tainted": false
                    },
                    "deposed": [],
                    "provider": "provider.aws"
                },
                "aws_elasticache_cluster.redash": {
                    "type": "aws_elasticache_cluster",
                    "depends_on": [
                        "aws_elasticache_subnet_group.data_engineering_redis",
                        "aws_security_group.data_engineering_redis"
                    ],
                    "primary": {
                        "id": "redash",
                        "attributes": {
                            "availability_zone": "us-east-1c",
                            "az_mode": "single-az",
                            "cache_nodes.#": "1",
                            "cache_nodes.0.address": "redash.bs56co.0001.use1.cache.amazonaws.com",
                            "cache_nodes.0.availability_zone": "us-east-1c",
                            "cache_nodes.0.id": "0001",
                            "cache_nodes.0.port": "6379",
                            "cluster_id": "redash",
                            "engine": "redis",
                            "engine_version": "3.2.4",
                            "id": "redash",
                            "maintenance_window": "wed:05:00-wed:06:00",
                            "node_type": "cache.t2.small",
                            "num_cache_nodes": "1",
                            "parameter_group_name": "default.redis3.2",
                            "port": "6379",
                            "security_group_ids.#": "1",
                            "security_group_ids.4112682919": "sg-86f158f7",
                            "security_group_names.#": "0",
                            "snapshot_retention_limit": "0",
                            "snapshot_window": "",
                            "subnet_group_name": "data-engineering-redis",
                            "tags.%": "2",
                            "tags.Department": "oddt",
                            "tags.Name": "oddt-data-engineering-routing-table"
                        },
                        "meta": {},
                        "tainted": false
                    },
                    "deposed": [],
                    "provider": "provider.aws"
                },
                "aws_elasticache_subnet_group.data_engineering_redis": {
                    "type": "aws_elasticache_subnet_group",
                    "depends_on": [
                        "aws_subnet.data_engineering"
                    ],
                    "primary": {
                        "id": "data-engineering-redis",
                        "attributes": {
                            "description": "Managed by Terraform",
                            "id": "data-engineering-redis",
                            "name": "data-engineering-redis",
                            "subnet_ids.#": "3",
                            "subnet_ids.1549887898": "subnet-c07e509b",
                            "subnet_ids.2172698845": "subnet-0ee7816b",
                            "subnet_ids.945206811": "subnet-f2f0cedf"
                        },
                        "meta": {},
                        "tainted": false
                    },
                    "deposed": [],
                    "provider": "provider.aws"
                },
                "aws_elb.api_gateway": {
                    "type": "aws_elb",
                    "depends_on": [
                        "aws_security_group.data_engineering_api_gateway_gateway_elb",
                        "aws_subnet.data_engineering"
                    ],
                    "primary": {
                        "id": "api-gateway",
                        "attributes": {
                            "access_logs.#": "0",
                            "arn": "arn:aws:elasticloadbalancing:us-east-1:676612114792:loadbalancer/api-gateway",
                            "availability_zones.#": "3",
                            "availability_zones.1305112097": "us-east-1b",
                            "availability_zones.3569565595": "us-east-1a",
                            "availability_zones.986537655": "us-east-1c",
                            "connection_draining": "true",
                            "connection_draining_timeout": "400",
                            "cross_zone_load_balancing": "true",
                            "dns_name": "api-gateway-1086640532.us-east-1.elb.amazonaws.com",
                            "health_check.#": "1",
                            "health_check.0.healthy_threshold": "2",
                            "health_check.0.interval": "30",
                            "health_check.0.target": "TCP:5002",
                            "health_check.0.timeout": "3",
                            "health_check.0.unhealthy_threshold": "2",
                            "id": "api-gateway",
                            "idle_timeout": "400",
                            "instances.#": "2",
                            "instances.1755099179": "i-081db4c55ac24a4a6",
                            "instances.4015111191": "i-0f162cf1da717968d",
                            "internal": "false",
                            "listener.#": "1",
                            "listener.4153087777.instance_port": "5002",
                            "listener.4153087777.instance_protocol": "http",
                            "listener.4153087777.lb_port": "443",
                            "listener.4153087777.lb_protocol": "https",
                            "listener.4153087777.ssl_certificate_id": "arn:aws:acm:us-east-1:676612114792:certificate/e5f3e671-6f0c-4204-8363-b0504dbd4d5f",
                            "name": "api-gateway",
                            "security_groups.#": "1",
                            "security_groups.1876271932": "sg-4f910f3e",
                            "source_security_group": "676612114792/oddt-data-engineering-api-gateway-gateway-elb-sg",
                            "source_security_group_id": "sg-4f910f3e",
                            "subnets.#": "3",
                            "subnets.1549887898": "subnet-c07e509b",
                            "subnets.2172698845": "subnet-0ee7816b",
                            "subnets.945206811": "subnet-f2f0cedf",
                            "tags.%": "0",
                            "zone_id": "Z35SXDOTRQ7X7K"
                        },
                        "meta": {},
                        "tainted": false
                    },
                    "deposed": [],
                    "provider": "provider.aws"
                },
                "aws_elb.api_gateway_api": {
                    "type": "aws_elb",
                    "depends_on": [
                        "aws_security_group.data_engineering_api_gateway_api_elb",
                        "aws_subnet.data_engineering"
                    ],
                    "primary": {
                        "id": "api-gateway-api",
                        "attributes": {
                            "access_logs.#": "0",
                            "arn": "arn:aws:elasticloadbalancing:us-east-1:676612114792:loadbalancer/api-gateway-api",
                            "availability_zones.#": "3",
                            "availability_zones.1305112097": "us-east-1b",
                            "availability_zones.3569565595": "us-east-1a",
                            "availability_zones.986537655": "us-east-1c",
                            "connection_draining": "true",
                            "connection_draining_timeout": "400",
                            "cross_zone_load_balancing": "true",
                            "dns_name": "internal-api-gateway-api-1932577483.us-east-1.elb.amazonaws.com",
                            "health_check.#": "1",
                            "health_check.0.healthy_threshold": "2",
                            "health_check.0.interval": "30",
                            "health_check.0.target": "TCP:5001",
                            "health_check.0.timeout": "3",
                            "health_check.0.unhealthy_threshold": "2",
                            "id": "api-gateway-api",
                            "idle_timeout": "400",
                            "instances.#": "2",
                            "instances.3658406402": "i-0dc8eb330d13da6af",
                            "instances.4015111191": "i-0f162cf1da717968d",
                            "internal": "true",
                            "listener.#": "1",
                            "listener.2500772419.instance_port": "5001",
                            "listener.2500772419.instance_protocol": "http",
                            "listener.2500772419.lb_port": "80",
                            "listener.2500772419.lb_protocol": "http",
                            "listener.2500772419.ssl_certificate_id": "",
                            "name": "api-gateway-api",
                            "security_groups.#": "1",
                            "security_groups.3181787996": "sg-60a33c11",
                            "source_security_group": "676612114792/oddt-data-engineering-api-gateway-api-elb-sg",
                            "source_security_group_id": "sg-60a33c11",
                            "subnets.#": "3",
                            "subnets.1549887898": "subnet-c07e509b",
                            "subnets.2172698845": "subnet-0ee7816b",
                            "subnets.945206811": "subnet-f2f0cedf",
                            "tags.%": "0",
                            "zone_id": "Z35SXDOTRQ7X7K"
                        },
                        "meta": {},
                        "tainted": false
                    },
                    "deposed": [],
                    "provider": "provider.aws"
                },
                "aws_elb.phila_ppr_test": {
                    "type": "aws_elb",
                    "depends_on": [],
                    "primary": {
                        "id": "phila-ppr-test",
                        "attributes": {
                            "access_logs.#": "0",
                            "arn": "arn:aws:elasticloadbalancing:us-east-1:676612114792:loadbalancer/phila-ppr-test",
                            "availability_zones.#": "1",
                            "availability_zones.3569565595": "us-east-1a",
                            "connection_draining": "true",
                            "connection_draining_timeout": "400",
                            "cross_zone_load_balancing": "true",
                            "dns_name": "phila-ppr-test-155649661.us-east-1.elb.amazonaws.com",
                            "health_check.#": "1",
                            "health_check.0.healthy_threshold": "2",
                            "health_check.0.interval": "300",
                            "health_check.0.target": "TCP:80",
                            "health_check.0.timeout": "60",
                            "health_check.0.unhealthy_threshold": "2",
                            "id": "phila-ppr-test",
                            "idle_timeout": "400",
                            "instances.#": "0",
                            "internal": "false",
                            "listener.#": "1",
                            "listener.2803774545.instance_port": "80",
                            "listener.2803774545.instance_protocol": "http",
                            "listener.2803774545.lb_port": "443",
                            "listener.2803774545.lb_protocol": "https",
                            "listener.2803774545.ssl_certificate_id": "arn:aws:acm:us-east-1:676612114792:certificate/e5f3e671-6f0c-4204-8363-b0504dbd4d5f",
                            "name": "phila-ppr-test",
                            "security_groups.#": "1",
                            "security_groups.3638431449": "sg-0c312e68",
                            "source_security_group": "676612114792/default",
                            "source_security_group_id": "sg-0c312e68",
                            "subnets.#": "1",
                            "subnets.3123605622": "subnet-54412b0d",
                            "tags.%": "0",
                            "zone_id": "Z35SXDOTRQ7X7K"
                        },
                        "meta": {},
                        "tainted": false
                    },
                    "deposed": [],
                    "provider": "provider.aws"
                },
                "aws_elb.redash_webserver": {
                    "type": "aws_elb",
                    "depends_on": [
                        "aws_security_group.data_engineering_redash_elb",
                        "aws_subnet.data_engineering"
                    ],
                    "primary": {
                        "id": "redash-webserver",
                        "attributes": {
                            "access_logs.#": "0",
                            "arn": "arn:aws:elasticloadbalancing:us-east-1:676612114792:loadbalancer/redash-webserver",
                            "availability_zones.#": "3",
                            "availability_zones.1305112097": "us-east-1b",
                            "availability_zones.3569565595": "us-east-1a",
                            "availability_zones.986537655": "us-east-1c",
                            "connection_draining": "true",
                            "connection_draining_timeout": "400",
                            "cross_zone_load_balancing": "true",
                            "dns_name": "redash-webserver-240826210.us-east-1.elb.amazonaws.com",
                            "health_check.#": "1",
                            "health_check.0.healthy_threshold": "2",
                            "health_check.0.interval": "30",
                            "health_check.0.target": "TCP:5003",
                            "health_check.0.timeout": "3",
                            "health_check.0.unhealthy_threshold": "2",
                            "id": "redash-webserver",
                            "idle_timeout": "400",
                            "instances.#": "2",
                            "instances.3658406402": "i-0dc8eb330d13da6af",
                            "instances.4015111191": "i-0f162cf1da717968d",
                            "internal": "false",
                            "listener.#": "1",
                            "listener.2034263838.instance_port": "5003",
                            "listener.2034263838.instance_protocol": "http",
                            "listener.2034263838.lb_port": "443",
                            "listener.2034263838.lb_protocol": "https",
                            "listener.2034263838.ssl_certificate_id": "arn:aws:acm:us-east-1:676612114792:certificate/e5f3e671-6f0c-4204-8363-b0504dbd4d5f",
                            "name": "redash-webserver",
                            "security_groups.#": "1",
                            "security_groups.1026094518": "sg-4fa60f3e",
                            "source_security_group": "676612114792/oddt-data-engineering-redash-elb-sg",
                            "source_security_group_id": "sg-4fa60f3e",
                            "subnets.#": "3",
                            "subnets.1549887898": "subnet-c07e509b",
                            "subnets.2172698845": "subnet-0ee7816b",
                            "subnets.945206811": "subnet-f2f0cedf",
                            "tags.%": "0",
                            "zone_id": "Z35SXDOTRQ7X7K"
                        },
                        "meta": {},
                        "tainted": false
                    },
                    "deposed": [],
                    "provider": "provider.aws"
                },
                "aws_elb.superset_webserver": {
                    "type": "aws_elb",
                    "depends_on": [
                        "aws_security_group.data_engineering_superset_elb",
                        "aws_subnet.data_engineering"
                    ],
                    "primary": {
                        "id": "superset-webserver",
                        "attributes": {
                            "access_logs.#": "0",
                            "arn": "arn:aws:elasticloadbalancing:us-east-1:676612114792:loadbalancer/superset-webserver",
                            "availability_zones.#": "3",
                            "availability_zones.1305112097": "us-east-1b",
                            "availability_zones.3569565595": "us-east-1a",
                            "availability_zones.986537655": "us-east-1c",
                            "connection_draining": "true",
                            "connection_draining_timeout": "400",
                            "cross_zone_load_balancing": "true",
                            "dns_name": "superset-webserver-1682423572.us-east-1.elb.amazonaws.com",
                            "health_check.#": "1",
                            "health_check.0.healthy_threshold": "2",
                            "health_check.0.interval": "30",
                            "health_check.0.target": "HTTP:5004/health",
                            "health_check.0.timeout": "5",
                            "health_check.0.unhealthy_threshold": "2",
                            "id": "superset-webserver",
                            "idle_timeout": "400",
                            "instances.#": "2",
                            "instances.1755099179": "i-081db4c55ac24a4a6",
                            "instances.3704949096": "i-03e7479e567ae5025",
                            "internal": "false",
                            "listener.#": "1",
                            "listener.1741830945.instance_port": "5004",
                            "listener.1741830945.instance_protocol": "http",
                            "listener.1741830945.lb_port": "443",
                            "listener.1741830945.lb_protocol": "https",
                            "listener.1741830945.ssl_certificate_id": "arn:aws:acm:us-east-1:676612114792:certificate/e5f3e671-6f0c-4204-8363-b0504dbd4d5f",
                            "name": "superset-webserver",
                            "security_groups.#": "1",
                            "security_groups.835412727": "sg-fc3e468d",
                            "source_security_group": "676612114792/oddt-data-engineering-superset-elb-sg",
                            "source_security_group_id": "sg-fc3e468d",
                            "subnets.#": "3",
                            "subnets.1549887898": "subnet-c07e509b",
                            "subnets.2172698845": "subnet-0ee7816b",
                            "subnets.945206811": "subnet-f2f0cedf",
                            "tags.%": "0",
                            "zone_id": "Z35SXDOTRQ7X7K"
                        },
                        "meta": {},
                        "tainted": false
                    },
                    "deposed": [],
                    "provider": "provider.aws"
                },
                "aws_elb.taskflow_api_server": {
                    "type": "aws_elb",
                    "depends_on": [
                        "aws_security_group.data_engineering_taskflow_api_server_elb",
                        "aws_subnet.data_engineering"
                    ],
                    "primary": {
                        "id": "taskflow-api-server",
                        "attributes": {
                            "access_logs.#": "0",
                            "arn": "arn:aws:elasticloadbalancing:us-east-1:676612114792:loadbalancer/taskflow-api-server",
                            "availability_zones.#": "3",
                            "availability_zones.1305112097": "us-east-1b",
                            "availability_zones.3569565595": "us-east-1a",
                            "availability_zones.986537655": "us-east-1c",
                            "connection_draining": "true",
                            "connection_draining_timeout": "400",
                            "cross_zone_load_balancing": "true",
                            "dns_name": "taskflow-api-server-341444055.us-east-1.elb.amazonaws.com",
                            "health_check.#": "1",
                            "health_check.0.healthy_threshold": "2",
                            "health_check.0.interval": "30",
                            "health_check.0.target": "TCP:5000",
                            "health_check.0.timeout": "3",
                            "health_check.0.unhealthy_threshold": "2",
                            "id": "taskflow-api-server",
                            "idle_timeout": "400",
                            "instances.#": "2",
                            "instances.1755099179": "i-081db4c55ac24a4a6",
                            "instances.3658406402": "i-0dc8eb330d13da6af",
                            "internal": "false",
                            "listener.#": "1",
                            "listener.829223198.instance_port": "5000",
                            "listener.829223198.instance_protocol": "http",
                            "listener.829223198.lb_port": "443",
                            "listener.829223198.lb_protocol": "https",
                            "listener.829223198.ssl_certificate_id": "arn:aws:acm:us-east-1:676612114792:certificate/e5f3e671-6f0c-4204-8363-b0504dbd4d5f",
                            "name": "taskflow-api-server",
                            "security_groups.#": "1",
                            "security_groups.768684888": "sg-4add553b",
                            "source_security_group": "676612114792/oddt-data-engineering-taskflow-api-server-elb-sg",
                            "source_security_group_id": "sg-4add553b",
                            "subnets.#": "3",
                            "subnets.1549887898": "subnet-c07e509b",
                            "subnets.2172698845": "subnet-0ee7816b",
                            "subnets.945206811": "subnet-f2f0cedf",
                            "tags.%": "0",
                            "zone_id": "Z35SXDOTRQ7X7K"
                        },
                        "meta": {},
                        "tainted": false
                    },
                    "deposed": [],
                    "provider": "provider.aws"
                },
                "aws_iam_instance_profile.data_engineering_cluster": {
                    "type": "aws_iam_instance_profile",
                    "depends_on": [
                        "aws_iam_role.data_engineering_cluster_instance"
                    ],
                    "primary": {
                        "id": "oddt-data-engineering-ecs-instance-profile",
                        "attributes": {
                            "arn": "arn:aws:iam::676612114792:instance-profile/oddt-data-engineering-ecs-instance-profile",
                            "create_date": "2017-03-09T19:55:32Z",
                            "id": "oddt-data-engineering-ecs-instance-profile",
                            "name": "oddt-data-engineering-ecs-instance-profile",
                            "path": "/",
                            "role": "oddt-data-engineering-ecs-instance-role",
                            "roles.#": "1",
                            "roles.99786359": "oddt-data-engineering-ecs-instance-role",
                            "unique_id": "AIPAIXHYLDJZ2RWVXEXUI"
                        },
                        "meta": {},
                        "tainted": false
                    },
                    "deposed": [],
                    "provider": "provider.aws"
                },
                "aws_iam_instance_profile.data_engineering_tunnel_gateway": {
                    "type": "aws_iam_instance_profile",
                    "depends_on": [
                        "aws_iam_role.data_engineering_tunnel_gateway"
                    ],
                    "primary": {
                        "id": "oddt-data-engineering-tunnel-gateway",
                        "attributes": {
                            "arn": "arn:aws:iam::676612114792:instance-profile/oddt-data-engineering-tunnel-gateway",
                            "create_date": "2017-03-12T05:14:38Z",
                            "id": "oddt-data-engineering-tunnel-gateway",
                            "name": "oddt-data-engineering-tunnel-gateway",
                            "path": "/",
                            "role": "oddt-data-engineering-tunnel-gateway",
                            "roles.#": "1",
                            "roles.580213008": "oddt-data-engineering-tunnel-gateway",
                            "unique_id": "AIPAJYMMBVGWMEAE7WK7Q"
                        },
                        "meta": {},
                        "tainted": false
                    },
                    "deposed": [],
                    "provider": "provider.aws"
                },
                "aws_iam_role.api_gateway_api": {
                    "type": "aws_iam_role",
                    "depends_on": [],
                    "primary": {
                        "id": "oddt-data-engineering-api-gateway-api-role",
                        "attributes": {
                            "arn": "arn:aws:iam::676612114792:role/oddt-data-engineering-api-gateway-api-role",
                            "assume_role_policy": "{\"Version\":\"2012-10-17\",\"Statement\":[{\"Sid\":\"\",\"Effect\":\"Allow\",\"Principal\":{\"Service\":\"ecs-tasks.amazonaws.com\"},\"Action\":\"sts:AssumeRole\"}]}",
                            "create_date": "2017-07-06T15:12:55Z",
                            "force_detach_policies": "false",
                            "id": "oddt-data-engineering-api-gateway-api-role",
                            "max_session_duration": "3600",
                            "name": "oddt-data-engineering-api-gateway-api-role",
                            "path": "/",
                            "unique_id": "AROAJNPET7EBGJB44WTWI"
                        },
                        "meta": {},
                        "tainted": false
                    },
                    "deposed": [],
                    "provider": "provider.aws"
                },
                "aws_iam_role.api_gateway_gateway": {
                    "type": "aws_iam_role",
                    "depends_on": [],
                    "primary": {
                        "id": "oddt-data-engineering-api-gateway-gateway-role",
                        "attributes": {
                            "arn": "arn:aws:iam::676612114792:role/oddt-data-engineering-api-gateway-gateway-role",
                            "assume_role_policy": "{\"Version\":\"2012-10-17\",\"Statement\":[{\"Sid\":\"\",\"Effect\":\"Allow\",\"Principal\":{\"Service\":\"ecs-tasks.amazonaws.com\"},\"Action\":\"sts:AssumeRole\"}]}",
                            "create_date": "2017-07-06T18:39:50Z",
                            "force_detach_policies": "false",
                            "id": "oddt-data-engineering-api-gateway-gateway-role",
                            "max_session_duration": "3600",
                            "name": "oddt-data-engineering-api-gateway-gateway-role",
                            "path": "/",
                            "unique_id": "AROAJ2IWJW7TAREX6GSBA"
                        },
                        "meta": {},
                        "tainted": false
                    },
                    "deposed": [],
                    "provider": "provider.aws"
                },
                "aws_iam_role.data_engineering_cluster_instance": {
                    "type": "aws_iam_role",
                    "depends_on": [],
                    "primary": {
                        "id": "oddt-data-engineering-ecs-instance-role",
                        "attributes": {
                            "arn": "arn:aws:iam::676612114792:role/oddt-data-engineering-ecs-instance-role",
                            "assume_role_policy": "{\"Version\":\"2012-10-17\",\"Statement\":[{\"Sid\":\"\",\"Effect\":\"Allow\",\"Principal\":{\"Service\":\"ec2.amazonaws.com\"},\"Action\":\"sts:AssumeRole\"}]}",
                            "create_date": "2017-03-09T19:55:31Z",
                            "force_detach_policies": "false",
                            "id": "oddt-data-engineering-ecs-instance-role",
                            "max_session_duration": "3600",
                            "name": "oddt-data-engineering-ecs-instance-role",
                            "path": "/",
                            "unique_id": "AROAIWDTVFLTXFXHJUCDS"
                        },
                        "meta": {},
                        "tainted": false
                    },
                    "deposed": [],
                    "provider": "provider.aws"
                },
                "aws_iam_role.data_engineering_tunnel_gateway": {
                    "type": "aws_iam_role",
                    "depends_on": [],
                    "primary": {
                        "id": "oddt-data-engineering-tunnel-gateway",
                        "attributes": {
                            "arn": "arn:aws:iam::676612114792:role/oddt-data-engineering-tunnel-gateway",
                            "assume_role_policy": "{\"Version\":\"2012-10-17\",\"Statement\":[{\"Sid\":\"\",\"Effect\":\"Allow\",\"Principal\":{\"Service\":\"ec2.amazonaws.com\"},\"Action\":\"sts:AssumeRole\"}]}",
                            "create_date": "2017-03-12T05:14:37Z",
                            "force_detach_policies": "false",
                            "id": "oddt-data-engineering-tunnel-gateway",
                            "max_session_duration": "3600",
                            "name": "oddt-data-engineering-tunnel-gateway",
                            "path": "/",
                            "unique_id": "AROAJ4QEQPLAR2PPXSKOI"
                        },
                        "meta": {},
                        "tainted": false
                    },
                    "deposed": [],
                    "provider": "provider.aws"
                },
                "aws_iam_role.ecs_service": {
                    "type": "aws_iam_role",
                    "depends_on": [],
                    "primary": {
                        "id": "oddt-data-engineering-ecs-role",
                        "attributes": {
                            "arn": "arn:aws:iam::676612114792:role/oddt-data-engineering-ecs-role",
                            "assume_role_policy": "{\"Version\":\"2008-10-17\",\"Statement\":[{\"Sid\":\"\",\"Effect\":\"Allow\",\"Principal\":{\"Service\":\"ecs.amazonaws.com\"},\"Action\":\"sts:AssumeRole\"}]}",
                            "create_date": "2017-03-14T20:14:03Z",
                            "force_detach_policies": "false",
                            "id": "oddt-data-engineering-ecs-role",
                            "max_session_duration": "3600",
                            "name": "oddt-data-engineering-ecs-role",
                            "path": "/",
                            "unique_id": "AROAIMMZ7ZJHHE647KO7Q"
                        },
                        "meta": {},
                        "tainted": false
                    },
                    "deposed": [],
                    "provider": "provider.aws"
                },
                "aws_iam_role.redash": {
                    "type": "aws_iam_role",
                    "depends_on": [],
                    "primary": {
                        "id": "oddt-data-engineering-redash-role",
                        "attributes": {
                            "arn": "arn:aws:iam::676612114792:role/oddt-data-engineering-redash-role",
                            "assume_role_policy": "{\"Version\":\"2012-10-17\",\"Statement\":[{\"Sid\":\"\",\"Effect\":\"Allow\",\"Principal\":{\"Service\":\"ecs-tasks.amazonaws.com\"},\"Action\":\"sts:AssumeRole\"}]}",
                            "create_date": "2017-06-26T20:36:42Z",
                            "force_detach_policies": "false",
                            "id": "oddt-data-engineering-redash-role",
                            "max_session_duration": "3600",
                            "name": "oddt-data-engineering-redash-role",
                            "path": "/",
                            "unique_id": "AROAIKA5TL5AMXJCPTCAG"
                        },
                        "meta": {},
                        "tainted": false
                    },
                    "deposed": [],
                    "provider": "provider.aws"
                },
                "aws_iam_role.superset": {
                    "type": "aws_iam_role",
                    "depends_on": [],
                    "primary": {
                        "id": "oddt-data-engineering-superset-role",
                        "attributes": {
                            "arn": "arn:aws:iam::676612114792:role/oddt-data-engineering-superset-role",
                            "assume_role_policy": "{\"Version\":\"2012-10-17\",\"Statement\":[{\"Sid\":\"\",\"Effect\":\"Allow\",\"Principal\":{\"Service\":\"ecs-tasks.amazonaws.com\"},\"Action\":\"sts:AssumeRole\"}]}",
                            "create_date": "2017-07-13T18:54:57Z",
                            "force_detach_policies": "false",
                            "id": "oddt-data-engineering-superset-role",
                            "max_session_duration": "3600",
                            "name": "oddt-data-engineering-superset-role",
                            "path": "/",
                            "unique_id": "AROAJDSAM6M4BBMIHLQBU"
                        },
                        "meta": {},
                        "tainted": false
                    },
                    "deposed": [],
                    "provider": "provider.aws"
                },
                "aws_iam_role.taskflow": {
                    "type": "aws_iam_role",
                    "depends_on": [],
                    "primary": {
                        "id": "oddt-data-engineering-taskflow-role",
                        "attributes": {
                            "arn": "arn:aws:iam::676612114792:role/oddt-data-engineering-taskflow-role",
                            "assume_role_policy": "{\"Version\":\"2012-10-17\",\"Statement\":[{\"Sid\":\"\",\"Effect\":\"Allow\",\"Principal\":{\"Service\":\"ecs-tasks.amazonaws.com\"},\"Action\":\"sts:AssumeRole\"}]}",
                            "create_date": "2017-06-14T19:56:23Z",
                            "force_detach_policies": "false",
                            "id": "oddt-data-engineering-taskflow-role",
                            "max_session_duration": "3600",
                            "name": "oddt-data-engineering-taskflow-role",
                            "path": "/",
                            "unique_id": "AROAJJFRSMPZSLGXVSOVC"
                        },
                        "meta": {},
                        "tainted": false
                    },
                    "deposed": [],
                    "provider": "provider.aws"
                },
                "aws_iam_role_policy.api_gateway_api": {
                    "type": "aws_iam_role_policy",
                    "depends_on": [
                        "aws_iam_role.api_gateway_api",
                        "aws_kms_key.api_gateway_api_eastern_state_prod",
                        "aws_sqs_queue.api_gateway"
                    ],
                    "primary": {
                        "id": "oddt-data-engineering-api-gateway-api-role:oddt-data-engineering-api-gateway-api-policy",
                        "attributes": {
                            "id": "oddt-data-engineering-api-gateway-api-role:oddt-data-engineering-api-gateway-api-policy",
                            "name": "oddt-data-engineering-api-gateway-api-policy",
                            "policy": "{\n  \"Version\": \"2012-10-17\",\n  \"Statement\": [\n    {\n      \"Effect\": \"Allow\",\n      \"Action\": [\n        \"s3:GetObject\"\n      ],\n      \"Resource\": [\n        \"arn:aws:s3:::eastern-state/api-gateway-api\"\n      ]\n    },\n    {\n      \"Effect\": \"Allow\",\n      \"Action\": [\n        \"kms:Decrypt\"\n      ],\n      \"Resource\": [\n        \"arn:aws:kms:us-east-1:676612114792:key/dc8f9901-1ed0-4793-8e40-701adc60af24\"\n      ]\n    },\n    {\n      \"Effect\": \"Allow\",\n      \"Action\": [\n        \"sqs:ReceiveMessage\",\n        \"sqs:DeleteMessage\",\n        \"sqs:DeleteMessageBatch\"\n      ],\n      \"Resource\": [\n        \"arn:aws:sqs:us-east-1:676612114792:api-gateway\"\n      ]\n    }\n  ]\n}\n",
                            "role": "oddt-data-engineering-api-gateway-api-role"
                        },
                        "meta": {},
                        "tainted": false
                    },
                    "deposed": [],
                    "provider": "provider.aws"
                },
                "aws_iam_role_policy.api_gateway_gateway": {
                    "type": "aws_iam_role_policy",
                    "depends_on": [
                        "aws_iam_role.api_gateway_gateway",
                        "aws_kms_key.api_gateway_gateway_eastern_state_prod",
                        "aws_sqs_queue.api_gateway"
                    ],
                    "primary": {
                        "id": "oddt-data-engineering-api-gateway-gateway-role:oddt-data-engineering-api-gateway-gateway-policy",
                        "attributes": {
                            "id": "oddt-data-engineering-api-gateway-gateway-role:oddt-data-engineering-api-gateway-gateway-policy",
                            "name": "oddt-data-engineering-api-gateway-gateway-policy",
                            "policy": "{\n  \"Version\": \"2012-10-17\",\n  \"Statement\": [\n    {\n      \"Effect\": \"Allow\",\n      \"Action\": [\n        \"s3:GetObject\"\n      ],\n      \"Resource\": [\n        \"arn:aws:s3:::eastern-state/api-gateway-gateway\"\n      ]\n    },\n    {\n      \"Effect\": \"Allow\",\n      \"Action\": [\n        \"kms:Decrypt\"\n      ],\n      \"Resource\": [\n        \"arn:aws:kms:us-east-1:676612114792:key/a99717b3-a813-4b80-ab2c-75517d8ca7cf\"\n      ]\n    },\n    {\n      \"Effect\": \"Allow\",\n      \"Action\": [\n        \"sqs:SendMessage\"\n      ],\n      \"Resource\": [\n        \"arn:aws:sqs:us-east-1:676612114792:api-gateway\"\n      ]\n    }\n  ]\n}\n",
                            "role": "oddt-data-engineering-api-gateway-gateway-role"
                        },
                        "meta": {},
                        "tainted": false
                    },
                    "deposed": [],
                    "provider": "provider.aws"
                },
                "aws_iam_role_policy.data_engineering_cluster_instance": {
                    "type": "aws_iam_role_policy",
                    "depends_on": [
                        "aws_iam_role.data_engineering_cluster_instance",
                        "data.template_file.data_engineering_cluster_instance_profile"
                    ],
                    "primary": {
                        "id": "oddt-data-engineering-ecs-instance-role:TfEcsExampleInstanceRole",
                        "attributes": {
                            "id": "oddt-data-engineering-ecs-instance-role:TfEcsExampleInstanceRole",
                            "name": "TfEcsExampleInstanceRole",
                            "policy": "{\n  \"Version\": \"2012-10-17\",\n  \"Statement\": [\n    {\n      \"Sid\": \"ecsInstanceRole\",\n      \"Effect\": \"Allow\",\n      \"Action\": [\n        \"ecs:DeregisterContainerInstance\",\n        \"ecs:DiscoverPollEndpoint\",\n        \"ecs:Poll\",\n        \"ecs:RegisterContainerInstance\",\n        \"ecs:Submit*\",\n        \"ecs:StartTelemetrySession\",\n        \"ecr:BatchCheckLayerAvailability\",\n        \"ecr:BatchGetImage\",\n        \"ecr:GetDownloadUrlForLayer\",\n        \"ecr:GetAuthorizationToken\"\n      ],\n      \"Resource\": [\n        \"*\"\n      ]\n    },\n    {\n      \"Sid\": \"ecsInstanceAllowLoggingToCloudWatch\",\n      \"Effect\": \"Allow\",\n      \"Action\": [\n        \"logs:CreateLogStream\",\n        \"logs:PutLogEvents\"\n      ],\n      \"Resource\": [\n        \"arn:aws:logs:us-east-1:676612114792:log-group:/aws/batch/job:*\",\n        \"arn:aws:logs:us-east-1:676612114792:log-group:oddt-data-engineering/ecs-containers:*\",\n        \"arn:aws:logs:us-east-1:676612114792:log-group:oddt-data-engineering/ecs-agent:*\",\n        \"arn:aws:logs:us-east-1:676612114792:log-group:oddt-data-engineering/taskflow-scheduler:*\",\n        \"arn:aws:logs:us-east-1:676612114792:log-group:oddt-data-engineering/taskflow-api-server:*\",\n        \"arn:aws:logs:us-east-1:676612114792:log-group:oddt-data-engineering/api-gateway-api:*\",\n        \"arn:aws:logs:us-east-1:676612114792:log-group:oddt-data-engineering/api-gateway-gateway:*\",\n        \"arn:aws:logs:us-east-1:676612114792:log-group:oddt-data-engineering/redash-webserver:*\",\n        \"arn:aws:logs:us-east-1:676612114792:log-group:oddt-data-engineering/redash-worker:*\",\n        \"arn:aws:logs:us-east-1:676612114792:log-group:oddt-data-engineering/superset-webserver:*\"\n      ]\n    },\n    {\n      \"Sid\": \"allowKeystothecityRead\",\n      \"Effect\": \"Allow\",\n      \"Action\": [\n        \"s3:GetObject\"\n      ],\n      \"Resource\": [\n        \"arn:aws:s3:::oddt-pub-keys/*\"\n      ]\n    }\n  ]\n}",
                            "role": "oddt-data-engineering-ecs-instance-role"
                        },
                        "meta": {},
                        "tainted": false
                    },
                    "deposed": [],
                    "provider": "provider.aws"
                },
                "aws_iam_role_policy.data_engineering_tunnel_gateway_policy": {
                    "type": "aws_iam_role_policy",
                    "depends_on": [
                        "aws_iam_role.data_engineering_tunnel_gateway",
                        "data.template_file.data_engineering_tunnel_gateway_policy_template"
                    ],
                    "primary": {
                        "id": "oddt-data-engineering-tunnel-gateway:TunnelGatewayPolicy",
                        "attributes": {
                            "id": "oddt-data-engineering-tunnel-gateway:TunnelGatewayPolicy",
                            "name": "TunnelGatewayPolicy",
                            "policy": "{\n  \"Version\": \"2012-10-17\",\n  \"Statement\": [\n    {\n      \"Sid\": \"allowKeystothecityRead\",\n      \"Effect\": \"Allow\",\n      \"Action\": [\n        \"s3:GetObject\"\n      ],\n      \"Resource\": [\n        \"arn:aws:s3:::oddt-pub-keys/*\"\n      ]\n    }\n  ]\n}",
                            "role": "oddt-data-engineering-tunnel-gateway"
                        },
                        "meta": {},
                        "tainted": false
                    },
                    "deposed": [],
                    "provider": "provider.aws"
                },
                "aws_iam_role_policy.ecs_service": {
                    "type": "aws_iam_role_policy",
                    "depends_on": [
                        "aws_iam_role.ecs_service"
                    ],
                    "primary": {
                        "id": "oddt-data-engineering-ecs-role:oddt-data-engineering-ecs-policy",
                        "attributes": {
                            "id": "oddt-data-engineering-ecs-role:oddt-data-engineering-ecs-policy",
                            "name": "oddt-data-engineering-ecs-policy",
                            "policy": "{\n  \"Version\": \"2012-10-17\",\n  \"Statement\": [\n    {\n      \"Effect\": \"Allow\",\n      \"Action\": [\n        \"ec2:Describe*\",\n        \"elasticloadbalancing:DeregisterInstancesFromLoadBalancer\",\n        \"elasticloadbalancing:DeregisterTargets\",\n        \"elasticloadbalancing:Describe*\",\n        \"elasticloadbalancing:RegisterInstancesWithLoadBalancer\",\n        \"elasticloadbalancing:RegisterTargets\"\n      ],\n      \"Resource\": \"*\"\n    }\n  ]\n}\n",
                            "role": "oddt-data-engineering-ecs-role"
                        },
                        "meta": {},
                        "tainted": false
                    },
                    "deposed": [],
                    "provider": "provider.aws"
                },
                "aws_iam_role_policy.redash": {
                    "type": "aws_iam_role_policy",
                    "depends_on": [
                        "aws_iam_role.redash",
                        "aws_kms_key.redash_eastern_state_prod"
                    ],
                    "primary": {
                        "id": "oddt-data-engineering-redash-role:oddt-data-engineering-redash-policy",
                        "attributes": {
                            "id": "oddt-data-engineering-redash-role:oddt-data-engineering-redash-policy",
                            "name": "oddt-data-engineering-redash-policy",
                            "policy": "{\n  \"Version\": \"2012-10-17\",\n  \"Statement\": [\n    {\n      \"Effect\": \"Allow\",\n      \"Action\": [\n        \"s3:GetObject\"\n      ],\n      \"Resource\": [\n        \"arn:aws:s3:::eastern-state/redash\"\n      ]\n    },\n    {\n      \"Effect\": \"Allow\",\n      \"Action\": [\n        \"kms:Decrypt\"\n      ],\n      \"Resource\": [\n        \"arn:aws:kms:us-east-1:676612114792:key/b5508107-c51d-49cb-b2a2-7e0b8a1cb1c3\"\n      ]\n    }\n  ]\n}\n",
                            "role": "oddt-data-engineering-redash-role"
                        },
                        "meta": {},
                        "tainted": false
                    },
                    "deposed": [],
                    "provider": "provider.aws"
                },
                "aws_iam_role_policy.superset": {
                    "type": "aws_iam_role_policy",
                    "depends_on": [
                        "aws_iam_role.superset",
                        "aws_kms_key.superset_eastern_state_prod"
                    ],
                    "primary": {
                        "id": "oddt-data-engineering-superset-role:oddt-data-engineering-superset-policy",
                        "attributes": {
                            "id": "oddt-data-engineering-superset-role:oddt-data-engineering-superset-policy",
                            "name": "oddt-data-engineering-superset-policy",
                            "policy": "{\n  \"Version\": \"2012-10-17\",\n  \"Statement\": [\n    {\n      \"Effect\": \"Allow\",\n      \"Action\": [\n        \"s3:GetObject\"\n      ],\n      \"Resource\": [\n        \"arn:aws:s3:::eastern-state/superset\"\n      ]\n    },\n    {\n      \"Effect\": \"Allow\",\n      \"Action\": [\n        \"kms:Decrypt\"\n      ],\n      \"Resource\": [\n        \"arn:aws:kms:us-east-1:676612114792:key/9e9a3631-da22-4eca-a39f-8a39c43edbe8\"\n      ]\n    }\n  ]\n}\n",
                            "role": "oddt-data-engineering-superset-role"
                        },
                        "meta": {},
                        "tainted": false
                    },
                    "deposed": [],
                    "provider": "provider.aws"
                },
                "aws_iam_role_policy.taskflow": {
                    "type": "aws_iam_role_policy",
                    "depends_on": [
                        "aws_iam_role.taskflow",
                        "aws_kms_key.taskflow_eastern_state_prod"
                    ],
                    "primary": {
                        "id": "oddt-data-engineering-taskflow-role:oddt-data-engineering-taskflow-policy",
                        "attributes": {
                            "id": "oddt-data-engineering-taskflow-role:oddt-data-engineering-taskflow-policy",
                            "name": "oddt-data-engineering-taskflow-policy",
                            "policy": "{\n  \"Version\": \"2012-10-17\",\n  \"Statement\": [\n    {\n      \"Effect\": \"Allow\",\n      \"Action\": [\n        \"batch:listJobs\",\n        \"batch:describeJobs\",\n        \"batch:submitJob\"\n      ],\n      \"Resource\": [\n        \"*\"\n      ]\n    },\n    {\n      \"Effect\": \"Allow\",\n      \"Action\": [\n        \"s3:GetObject\",\n        \"s3:PutObject\"\n      ],\n      \"Resource\": [\n        \"arn:aws:s3:::phl-data-dropbox/*\",\n        \"arn:aws:s3:::phl-etl-staging/*\"\n      ]\n    },\n    {\n      \"Effect\": \"Allow\",\n      \"Action\": [\n        \"s3:ListBucket\"\n      ],\n      \"Resource\": [\n        \"arn:aws:s3:::phl-etl-staging\",\n        \"arn:aws:s3:::phl-schemas\"\n      ]\n    },\n    {\n      \"Effect\": \"Allow\",\n      \"Action\": [\n        \"s3:GetObject\"\n      ],\n      \"Resource\": [\n        \"arn:aws:s3:::phl-schemas/*\"\n      ]\n    },\n    {\n      \"Effect\": \"Allow\",\n      \"Action\": [\n        \"s3:GetObject\"\n      ],\n      \"Resource\": [\n        \"arn:aws:s3:::eastern-state/taskflow\"\n      ]\n    },\n    {\n      \"Effect\": \"Allow\",\n      \"Action\": [\n        \"kms:Decrypt\"\n      ],\n      \"Resource\": [\n        \"arn:aws:kms:us-east-1:676612114792:key/de272318-360a-4bb4-8296-c3cb0df35fbf\"\n      ]\n    },\n    {\n      \"Effect\": \"Allow\",\n      \"Action\": [\n        \"cloudwatch:PutMetricData\"\n      ],\n      \"Resource\": [\"*\"]\n    }\n  ]\n}\n",
                            "role": "oddt-data-engineering-taskflow-role"
                        },
                        "meta": {},
                        "tainted": false
                    },
                    "deposed": [],
                    "provider": "provider.aws"
                },
                "aws_iam_user.taskflow_local_dev": {
                    "type": "aws_iam_user",
                    "depends_on": [],
                    "primary": {
                        "id": "taskflow-dev",
                        "attributes": {
                            "arn": "arn:aws:iam::676612114792:user/taskflow-dev",
                            "force_destroy": "false",
                            "id": "taskflow-dev",
                            "name": "taskflow-dev",
                            "path": "/",
                            "unique_id": "AIDAJKHJMAUZOFJ5EFKIK"
                        },
                        "meta": {},
                        "tainted": false
                    },
                    "deposed": [],
                    "provider": "provider.aws"
                },
                "aws_iam_user_policy.taskflow_local_dev": {
                    "type": "aws_iam_user_policy",
                    "depends_on": [
                        "aws_iam_user.taskflow_local_dev",
                        "aws_kms_key.taskflow_eastern_state_dev"
                    ],
                    "primary": {
                        "id": "taskflow-dev:oddt-data-engineering-taskflow-local-dev-policy",
                        "attributes": {
                            "id": "taskflow-dev:oddt-data-engineering-taskflow-local-dev-policy",
                            "name": "oddt-data-engineering-taskflow-local-dev-policy",
                            "policy": "{\n  \"Version\": \"2012-10-17\",\n  \"Statement\": [\n    {\n      \"Effect\": \"Allow\",\n      \"Action\": [\n        \"batch:listJobs\",\n        \"batch:describeJobs\",\n        \"batch:submitJob\"\n      ],\n      \"Resource\": [\n        \"*\"\n      ]\n    },\n    {\n      \"Effect\": \"Allow\",\n      \"Action\": [\n        \"s3:GetObject\",\n        \"s3:PutObject\"\n      ],\n      \"Resource\": [\n        \"arn:aws:s3:::phl-data-dropbox-dev/*\",\n        \"arn:aws:s3:::phl-etl-staging-dev/*\"\n      ]\n    },\n    {\n      \"Effect\": \"Allow\",\n      \"Action\": [\n        \"s3:ListBucket\"\n      ],\n      \"Resource\": [\n        \"arn:aws:s3:::phl-etl-staging-dev\",\n        \"arn:aws:s3:::phl-schemas\"\n      ]\n    },\n    {\n      \"Effect\": \"Allow\",\n      \"Action\": [\n        \"s3:GetObject\"\n      ],\n      \"Resource\": [\n        \"arn:aws:s3:::phl-schemas/*\"\n      ]\n    },\n    {\n      \"Effect\": \"Allow\",\n      \"Action\": [\n        \"s3:GetObject\"\n      ],\n      \"Resource\": [\n        \"arn:aws:s3:::eastern-state/taskflow\"\n      ]\n    },\n    {\n      \"Effect\": \"Allow\",\n      \"Action\": [\n        \"kms:Decrypt\"\n      ],\n      \"Resource\": [\n        \"arn:aws:kms:us-east-1:676612114792:key/4e236018-e095-43da-9318-8246ec76d30d\"\n      ]\n    }\n  ]\n}\n",
                            "user": "taskflow-dev"
                        },
                        "meta": {},
                        "tainted": false
                    },
                    "deposed": [],
                    "provider": "provider.aws"
                },
                "aws_instance.data_engineering_bastion": {
                    "type": "aws_instance",
                    "depends_on": [
                        "aws_security_group.data_engineering_open_ssh",
                        "aws_security_group.data_engineering_vpc_ssh",
                        "aws_subnet.data_engineering",
                        "data.aws_ami.ubuntu"
                    ],
                    "primary": {
                        "id": "i-0004b95b85e10eee6",
                        "attributes": {
                            "ami": "ami-2757f631",
                            "associate_public_ip_address": "true",
                            "availability_zone": "us-east-1a",
                            "credit_specification.#": "1",
                            "credit_specification.0.cpu_credits": "standard",
                            "disable_api_termination": "false",
                            "ebs_block_device.#": "0",
                            "ebs_optimized": "false",
                            "ephemeral_block_device.#": "0",
                            "get_password_data": "false",
                            "iam_instance_profile": "",
                            "id": "i-0004b95b85e10eee6",
                            "instance_state": "running",
                            "instance_type": "t2.micro",
                            "ipv6_addresses.#": "0",
                            "key_name": "andrew.madonna",
                            "monitoring": "false",
                            "network_interface.#": "0",
                            "network_interface_id": "eni-d35c6e14",
                            "password_data": "",
                            "placement_group": "",
                            "primary_network_interface_id": "eni-d35c6e14",
                            "private_dns": "ip-10-0-0-71.ec2.internal",
                            "private_ip": "10.0.0.71",
                            "public_dns": "ec2-34-205-248-95.compute-1.amazonaws.com",
                            "public_ip": "34.205.248.95",
                            "root_block_device.#": "1",
                            "root_block_device.0.delete_on_termination": "true",
                            "root_block_device.0.iops": "120",
                            "root_block_device.0.volume_id": "vol-0b0b1a4b054777906",
                            "root_block_device.0.volume_size": "40",
                            "root_block_device.0.volume_type": "gp2",
                            "security_groups.#": "0",
                            "source_dest_check": "true",
                            "subnet_id": "subnet-c07e509b",
                            "tags.%": "2",
                            "tags.Department": "oddt",
                            "tags.Name": "oddt-data-engineering-bastion",
                            "tenancy": "default",
                            "volume_tags.%": "0",
                            "vpc_security_group_ids.#": "2",
                            "vpc_security_group_ids.1033775130": "sg-b9b474c6",
                            "vpc_security_group_ids.3031293552": "sg-bab474c5"
                        },
                        "meta": {
                            "schema_version": "1"
                        },
                        "tainted": false
                    },
                    "deposed": [],
                    "provider": "provider.aws"
                },
                "aws_instance.data_engineering_tunnel_gateway": {
                    "type": "aws_instance",
                    "depends_on": [
                        "aws_iam_instance_profile.data_engineering_tunnel_gateway",
                        "aws_security_group.data_engineering_open_ssh",
                        "aws_security_group.data_engineering_tunnel_gateway",
                        "aws_subnet.data_engineering",
                        "data.aws_ami.ubuntu",
                        "data.template_file.data_engineering_tunnel_gateway_user_data"
                    ],
                    "primary": {
                        "id": "i-0309a8c73c3b1b947",
                        "attributes": {
                            "ami": "ami-2757f631",
                            "associate_public_ip_address": "true",
                            "availability_zone": "us-east-1a",
                            "credit_specification.#": "1",
                            "credit_specification.0.cpu_credits": "standard",
                            "disable_api_termination": "false",
                            "ebs_block_device.#": "0",
                            "ebs_optimized": "false",
                            "ephemeral_block_device.#": "0",
                            "get_password_data": "false",
                            "iam_instance_profile": "oddt-data-engineering-tunnel-gateway",
                            "id": "i-0309a8c73c3b1b947",
                            "instance_state": "running",
                            "instance_type": "t2.micro",
                            "ipv6_addresses.#": "0",
                            "key_name": "andrew.madonna",
                            "monitoring": "false",
                            "network_interface.#": "0",
                            "network_interface_id": "eni-6ac7f5ad",
                            "password_data": "",
                            "placement_group": "",
                            "primary_network_interface_id": "eni-6ac7f5ad",
                            "private_dns": "ip-10-0-0-225.ec2.internal",
                            "private_ip": "10.0.0.225",
                            "public_dns": "ec2-34-196-29-78.compute-1.amazonaws.com",
                            "public_ip": "34.196.29.78",
                            "root_block_device.#": "1",
                            "root_block_device.0.delete_on_termination": "true",
                            "root_block_device.0.iops": "120",
                            "root_block_device.0.volume_id": "vol-0ea87442ef2321999",
                            "root_block_device.0.volume_size": "40",
                            "root_block_device.0.volume_type": "gp2",
                            "security_groups.#": "0",
                            "source_dest_check": "true",
                            "subnet_id": "subnet-c07e509b",
                            "tags.%": "2",
                            "tags.Department": "oddt",
                            "tags.Name": "oddt-data-engineering-tunnel-gateway",
                            "tenancy": "default",
                            "user_data": "98921698464a818c29d6261898d3d55c9d7071bd",
                            "volume_tags.%": "0",
                            "vpc_security_group_ids.#": "2",
                            "vpc_security_group_ids.1033775130": "sg-b9b474c6",
                            "vpc_security_group_ids.2198701639": "sg-9ada1ae5"
                        },
                        "meta": {
                            "schema_version": "1"
                        },
                        "tainted": false
                    },
                    "deposed": [],
                    "provider": "provider.aws"
                },
                "aws_internet_gateway.data_engineering": {
                    "type": "aws_internet_gateway",
                    "depends_on": [
                        "aws_vpc.data_engineering"
                    ],
                    "primary": {
                        "id": "igw-9e2b29f9",
                        "attributes": {
                            "id": "igw-9e2b29f9",
                            "tags.%": "2",
                            "tags.Department": "oddt",
                            "tags.Name": "oddt-data-engineering-gateway",
                            "vpc_id": "vpc-cabdf3ac"
                        },
                        "meta": {},
                        "tainted": false
                    },
                    "deposed": [],
                    "provider": "provider.aws"
                },
                "aws_kms_alias.api_gateway_api_eastern_state_prod_alias": {
                    "type": "aws_kms_alias",
                    "depends_on": [
                        "aws_kms_key.api_gateway_api_eastern_state_prod"
                    ],
                    "primary": {
                        "id": "alias/api-gateway-api-eastern-state-prod",
                        "attributes": {
                            "arn": "arn:aws:kms:us-east-1:676612114792:alias/api-gateway-api-eastern-state-prod",
                            "id": "alias/api-gateway-api-eastern-state-prod",
                            "name": "alias/api-gateway-api-eastern-state-prod",
                            "target_key_arn": "arn:aws:kms:us-east-1:676612114792:key/dc8f9901-1ed0-4793-8e40-701adc60af24",
                            "target_key_id": "dc8f9901-1ed0-4793-8e40-701adc60af24"
                        },
                        "meta": {},
                        "tainted": false
                    },
                    "deposed": [],
                    "provider": "provider.aws"
                },
                "aws_kms_alias.api_gateway_gateway_eastern_state_prod_alias": {
                    "type": "aws_kms_alias",
                    "depends_on": [
                        "aws_kms_key.api_gateway_gateway_eastern_state_prod"
                    ],
                    "primary": {
                        "id": "alias/api-gateway-gateway-eastern-state-prod",
                        "attributes": {
                            "arn": "arn:aws:kms:us-east-1:676612114792:alias/api-gateway-gateway-eastern-state-prod",
                            "id": "alias/api-gateway-gateway-eastern-state-prod",
                            "name": "alias/api-gateway-gateway-eastern-state-prod",
                            "target_key_arn": "arn:aws:kms:us-east-1:676612114792:key/a99717b3-a813-4b80-ab2c-75517d8ca7cf",
                            "target_key_id": "a99717b3-a813-4b80-ab2c-75517d8ca7cf"
                        },
                        "meta": {},
                        "tainted": false
                    },
                    "deposed": [],
                    "provider": "provider.aws"
                },
                "aws_kms_alias.redash_eastern_state_prod_alias": {
                    "type": "aws_kms_alias",
                    "depends_on": [
                        "aws_kms_key.redash_eastern_state_prod"
                    ],
                    "primary": {
                        "id": "alias/redash-eastern-state-prod",
                        "attributes": {
                            "arn": "arn:aws:kms:us-east-1:676612114792:alias/redash-eastern-state-prod",
                            "id": "alias/redash-eastern-state-prod",
                            "name": "alias/redash-eastern-state-prod",
                            "target_key_arn": "arn:aws:kms:us-east-1:676612114792:key/b5508107-c51d-49cb-b2a2-7e0b8a1cb1c3",
                            "target_key_id": "b5508107-c51d-49cb-b2a2-7e0b8a1cb1c3"
                        },
                        "meta": {},
                        "tainted": false
                    },
                    "deposed": [],
                    "provider": "provider.aws"
                },
                "aws_kms_alias.superset_eastern_state_prod_alias": {
                    "type": "aws_kms_alias",
                    "depends_on": [
                        "aws_kms_key.superset_eastern_state_prod"
                    ],
                    "primary": {
                        "id": "alias/superset-eastern-state-prod",
                        "attributes": {
                            "arn": "arn:aws:kms:us-east-1:676612114792:alias/superset-eastern-state-prod",
                            "id": "alias/superset-eastern-state-prod",
                            "name": "alias/superset-eastern-state-prod",
                            "target_key_arn": "arn:aws:kms:us-east-1:676612114792:key/9e9a3631-da22-4eca-a39f-8a39c43edbe8",
                            "target_key_id": "9e9a3631-da22-4eca-a39f-8a39c43edbe8"
                        },
                        "meta": {},
                        "tainted": false
                    },
                    "deposed": [],
                    "provider": "provider.aws"
                },
                "aws_kms_alias.taskflow_eastern_state_dev_alias": {
                    "type": "aws_kms_alias",
                    "depends_on": [
                        "aws_kms_key.taskflow_eastern_state_dev"
                    ],
                    "primary": {
                        "id": "alias/taskflow-eastern-state-dev",
                        "attributes": {
                            "arn": "arn:aws:kms:us-east-1:676612114792:alias/taskflow-eastern-state-dev",
                            "id": "alias/taskflow-eastern-state-dev",
                            "name": "alias/taskflow-eastern-state-dev",
                            "target_key_arn": "arn:aws:kms:us-east-1:676612114792:key/4e236018-e095-43da-9318-8246ec76d30d",
                            "target_key_id": "4e236018-e095-43da-9318-8246ec76d30d"
                        },
                        "meta": {},
                        "tainted": false
                    },
                    "deposed": [],
                    "provider": "provider.aws"
                },
                "aws_kms_alias.taskflow_eastern_state_prod_alias": {
                    "type": "aws_kms_alias",
                    "depends_on": [
                        "aws_kms_key.taskflow_eastern_state_prod"
                    ],
                    "primary": {
                        "id": "alias/taskflow-eastern-state-prod",
                        "attributes": {
                            "arn": "arn:aws:kms:us-east-1:676612114792:alias/taskflow-eastern-state-prod",
                            "id": "alias/taskflow-eastern-state-prod",
                            "name": "alias/taskflow-eastern-state-prod",
                            "target_key_arn": "arn:aws:kms:us-east-1:676612114792:key/de272318-360a-4bb4-8296-c3cb0df35fbf",
                            "target_key_id": "de272318-360a-4bb4-8296-c3cb0df35fbf"
                        },
                        "meta": {},
                        "tainted": false
                    },
                    "deposed": [],
                    "provider": "provider.aws"
                },
                "aws_kms_key.api_gateway_api_eastern_state_prod": {
                    "type": "aws_kms_key",
                    "depends_on": [],
                    "primary": {
                        "id": "dc8f9901-1ed0-4793-8e40-701adc60af24",
                        "attributes": {
                            "arn": "arn:aws:kms:us-east-1:676612114792:key/dc8f9901-1ed0-4793-8e40-701adc60af24",
                            "deletion_window_in_days": "7",
                            "description": "",
                            "enable_key_rotation": "false",
                            "id": "dc8f9901-1ed0-4793-8e40-701adc60af24",
                            "is_enabled": "true",
                            "key_id": "dc8f9901-1ed0-4793-8e40-701adc60af24",
                            "key_usage": "ENCRYPT_DECRYPT",
                            "policy": "{\"Id\":\"key-default-1\",\"Statement\":[{\"Action\":\"kms:*\",\"Effect\":\"Allow\",\"Principal\":{\"AWS\":\"arn:aws:iam::676612114792:root\"},\"Resource\":\"*\",\"Sid\":\"Enable IAM User Permissions\"}],\"Version\":\"2012-10-17\"}",
                            "tags.%": "0"
                        },
                        "meta": {},
                        "tainted": false
                    },
                    "deposed": [],
                    "provider": "provider.aws"
                },
                "aws_kms_key.api_gateway_gateway_eastern_state_prod": {
                    "type": "aws_kms_key",
                    "depends_on": [],
                    "primary": {
                        "id": "a99717b3-a813-4b80-ab2c-75517d8ca7cf",
                        "attributes": {
                            "arn": "arn:aws:kms:us-east-1:676612114792:key/a99717b3-a813-4b80-ab2c-75517d8ca7cf",
                            "deletion_window_in_days": "7",
                            "description": "",
                            "enable_key_rotation": "false",
                            "id": "a99717b3-a813-4b80-ab2c-75517d8ca7cf",
                            "is_enabled": "true",
                            "key_id": "a99717b3-a813-4b80-ab2c-75517d8ca7cf",
                            "key_usage": "ENCRYPT_DECRYPT",
                            "policy": "{\"Id\":\"key-default-1\",\"Statement\":[{\"Action\":\"kms:*\",\"Effect\":\"Allow\",\"Principal\":{\"AWS\":\"arn:aws:iam::676612114792:root\"},\"Resource\":\"*\",\"Sid\":\"Enable IAM User Permissions\"}],\"Version\":\"2012-10-17\"}",
                            "tags.%": "0"
                        },
                        "meta": {},
                        "tainted": false
                    },
                    "deposed": [],
                    "provider": "provider.aws"
                },
                "aws_kms_key.redash_eastern_state_prod": {
                    "type": "aws_kms_key",
                    "depends_on": [],
                    "primary": {
                        "id": "b5508107-c51d-49cb-b2a2-7e0b8a1cb1c3",
                        "attributes": {
                            "arn": "arn:aws:kms:us-east-1:676612114792:key/b5508107-c51d-49cb-b2a2-7e0b8a1cb1c3",
                            "deletion_window_in_days": "7",
                            "description": "",
                            "enable_key_rotation": "false",
                            "id": "b5508107-c51d-49cb-b2a2-7e0b8a1cb1c3",
                            "is_enabled": "true",
                            "key_id": "b5508107-c51d-49cb-b2a2-7e0b8a1cb1c3",
                            "key_usage": "ENCRYPT_DECRYPT",
                            "policy": "{\"Id\":\"key-default-1\",\"Statement\":[{\"Action\":\"kms:*\",\"Effect\":\"Allow\",\"Principal\":{\"AWS\":\"arn:aws:iam::676612114792:root\"},\"Resource\":\"*\",\"Sid\":\"Enable IAM User Permissions\"}],\"Version\":\"2012-10-17\"}",
                            "tags.%": "0"
                        },
                        "meta": {},
                        "tainted": false
                    },
                    "deposed": [],
                    "provider": "provider.aws"
                },
                "aws_kms_key.superset_eastern_state_prod": {
                    "type": "aws_kms_key",
                    "depends_on": [],
                    "primary": {
                        "id": "9e9a3631-da22-4eca-a39f-8a39c43edbe8",
                        "attributes": {
                            "arn": "arn:aws:kms:us-east-1:676612114792:key/9e9a3631-da22-4eca-a39f-8a39c43edbe8",
                            "deletion_window_in_days": "7",
                            "description": "",
                            "enable_key_rotation": "false",
                            "id": "9e9a3631-da22-4eca-a39f-8a39c43edbe8",
                            "is_enabled": "true",
                            "key_id": "9e9a3631-da22-4eca-a39f-8a39c43edbe8",
                            "key_usage": "ENCRYPT_DECRYPT",
                            "policy": "{\"Id\":\"key-default-1\",\"Statement\":[{\"Action\":\"kms:*\",\"Effect\":\"Allow\",\"Principal\":{\"AWS\":\"arn:aws:iam::676612114792:root\"},\"Resource\":\"*\",\"Sid\":\"Enable IAM User Permissions\"}],\"Version\":\"2012-10-17\"}",
                            "tags.%": "0"
                        },
                        "meta": {},
                        "tainted": false
                    },
                    "deposed": [],
                    "provider": "provider.aws"
                },
                "aws_kms_key.taskflow_eastern_state_dev": {
                    "type": "aws_kms_key",
                    "depends_on": [],
                    "primary": {
                        "id": "4e236018-e095-43da-9318-8246ec76d30d",
                        "attributes": {
                            "arn": "arn:aws:kms:us-east-1:676612114792:key/4e236018-e095-43da-9318-8246ec76d30d",
                            "deletion_window_in_days": "7",
                            "description": "",
                            "enable_key_rotation": "false",
                            "id": "4e236018-e095-43da-9318-8246ec76d30d",
                            "is_enabled": "true",
                            "key_id": "4e236018-e095-43da-9318-8246ec76d30d",
                            "key_usage": "ENCRYPT_DECRYPT",
                            "policy": "{\"Id\":\"key-default-1\",\"Statement\":[{\"Action\":\"kms:*\",\"Effect\":\"Allow\",\"Principal\":{\"AWS\":\"arn:aws:iam::676612114792:root\"},\"Resource\":\"*\",\"Sid\":\"Enable IAM User Permissions\"}],\"Version\":\"2012-10-17\"}",
                            "tags.%": "0"
                        },
                        "meta": {},
                        "tainted": false
                    },
                    "deposed": [],
                    "provider": "provider.aws"
                },
                "aws_kms_key.taskflow_eastern_state_prod": {
                    "type": "aws_kms_key",
                    "depends_on": [],
                    "primary": {
                        "id": "de272318-360a-4bb4-8296-c3cb0df35fbf",
                        "attributes": {
                            "arn": "arn:aws:kms:us-east-1:676612114792:key/de272318-360a-4bb4-8296-c3cb0df35fbf",
                            "deletion_window_in_days": "7",
                            "description": "",
                            "enable_key_rotation": "false",
                            "id": "de272318-360a-4bb4-8296-c3cb0df35fbf",
                            "is_enabled": "true",
                            "key_id": "de272318-360a-4bb4-8296-c3cb0df35fbf",
                            "key_usage": "ENCRYPT_DECRYPT",
                            "policy": "{\"Id\":\"key-default-1\",\"Statement\":[{\"Action\":\"kms:*\",\"Effect\":\"Allow\",\"Principal\":{\"AWS\":\"arn:aws:iam::676612114792:root\"},\"Resource\":\"*\",\"Sid\":\"Enable IAM User Permissions\"}],\"Version\":\"2012-10-17\"}",
                            "tags.%": "0"
                        },
                        "meta": {},
                        "tainted": false
                    },
                    "deposed": [],
                    "provider": "provider.aws"
                },
                "aws_launch_configuration.data_engineering_cluster": {
                    "type": "aws_launch_configuration",
                    "depends_on": [],
                    "primary": {
                        "id": "terraform-20180718161104116500000001",
                        "attributes": {
                            "associate_public_ip_address": "true",
                            "ebs_block_device.#": "0",
                            "ebs_optimized": "false",
                            "enable_monitoring": "true",
                            "ephemeral_block_device.#": "0",
                            "iam_instance_profile": "oddt-data-engineering-ecs-instance-profile",
                            "id": "terraform-20180718161104116500000001",
                            "image_id": "ami-5253c32d",
                            "instance_type": "t2.medium",
                            "key_name": "andrew.madonna",
                            "name": "terraform-20180718161104116500000001",
                            "root_block_device.#": "0",
                            "security_groups.#": "2",
                            "security_groups.2861517631": "sg-0d73b872",
                            "security_groups.3031293552": "sg-bab474c5",
                            "spot_price": "",
                            "user_data": "f510a7bc54f973b2d49be376534849a20b957645",
                            "vpc_classic_link_id": "",
                            "vpc_classic_link_security_groups.#": "0"
                        },
                        "meta": {},
                        "tainted": false
                    },
                    "deposed": [],
                    "provider": "provider.aws"
                },
                "aws_route_table.data_engineering": {
                    "type": "aws_route_table",
                    "depends_on": [
                        "aws_internet_gateway.data_engineering",
                        "aws_vpc.data_engineering"
                    ],
                    "primary": {
                        "id": "rtb-7399040a",
                        "attributes": {
                            "id": "rtb-7399040a",
                            "propagating_vgws.#": "0",
                            "route.#": "1",
                            "route.3104578592.cidr_block": "0.0.0.0/0",
                            "route.3104578592.egress_only_gateway_id": "",
                            "route.3104578592.gateway_id": "igw-9e2b29f9",
                            "route.3104578592.instance_id": "",
                            "route.3104578592.ipv6_cidr_block": "",
                            "route.3104578592.nat_gateway_id": "",
                            "route.3104578592.network_interface_id": "",
                            "route.3104578592.vpc_peering_connection_id": "",
                            "tags.%": "2",
                            "tags.Department": "oddt",
                            "tags.Name": "oddt-data-engineering-routing-table",
                            "vpc_id": "vpc-cabdf3ac"
                        },
                        "meta": {},
                        "tainted": false
                    },
                    "deposed": [],
                    "provider": "provider.aws"
                },
                "aws_route_table_association.data_routing_table_association.0": {
                    "type": "aws_route_table_association",
                    "depends_on": [
                        "aws_route_table.data_engineering",
                        "aws_subnet.data_engineering"
                    ],
                    "primary": {
                        "id": "rtbassoc-c5f8cbbd",
                        "attributes": {
                            "id": "rtbassoc-c5f8cbbd",
                            "route_table_id": "rtb-7399040a",
                            "subnet_id": "subnet-c07e509b"
                        },
                        "meta": {},
                        "tainted": false
                    },
                    "deposed": [],
                    "provider": "provider.aws"
                },
                "aws_route_table_association.data_routing_table_association.1": {
                    "type": "aws_route_table_association",
                    "depends_on": [
                        "aws_route_table.data_engineering",
                        "aws_subnet.data_engineering"
                    ],
                    "primary": {
                        "id": "rtbassoc-c3f8cbbb",
                        "attributes": {
                            "id": "rtbassoc-c3f8cbbb",
                            "route_table_id": "rtb-7399040a",
                            "subnet_id": "subnet-0ee7816b"
                        },
                        "meta": {},
                        "tainted": false
                    },
                    "deposed": [],
                    "provider": "provider.aws"
                },
                "aws_route_table_association.data_routing_table_association.2": {
                    "type": "aws_route_table_association",
                    "depends_on": [
                        "aws_route_table.data_engineering",
                        "aws_subnet.data_engineering"
                    ],
                    "primary": {
                        "id": "rtbassoc-c2f8cbba",
                        "attributes": {
                            "id": "rtbassoc-c2f8cbba",
                            "route_table_id": "rtb-7399040a",
                            "subnet_id": "subnet-f2f0cedf"
                        },
                        "meta": {},
                        "tainted": false
                    },
                    "deposed": [],
                    "provider": "provider.aws"
                },
                "aws_s3_bucket.eastern-state": {
                    "type": "aws_s3_bucket",
                    "depends_on": [],
                    "primary": {
                        "id": "eastern-state",
                        "attributes": {
                            "acceleration_status": "",
                            "acl": "private",
                            "arn": "arn:aws:s3:::eastern-state",
                            "bucket": "eastern-state",
                            "bucket_domain_name": "eastern-state.s3.amazonaws.com",
                            "bucket_regional_domain_name": "eastern-state.s3.amazonaws.com",
                            "cors_rule.#": "0",
                            "force_destroy": "false",
                            "hosted_zone_id": "Z3AQBSTGFYJSTF",
                            "id": "eastern-state",
                            "logging.#": "0",
                            "region": "us-east-1",
                            "replication_configuration.#": "0",
                            "request_payer": "BucketOwner",
                            "server_side_encryption_configuration.#": "0",
                            "tags.%": "1",
                            "tags.Department": "oddt",
                            "versioning.#": "1",
                            "versioning.0.enabled": "false",
                            "versioning.0.mfa_delete": "false",
                            "website.#": "0"
                        },
                        "meta": {},
                        "tainted": false
                    },
                    "deposed": [],
                    "provider": "provider.aws"
                },
                "aws_s3_bucket.phl-data-build-assets": {
                    "type": "aws_s3_bucket",
                    "depends_on": [],
                    "primary": {
                        "id": "phl-data-build-assets",
                        "attributes": {
                            "acceleration_status": "",
                            "acl": "private",
                            "arn": "arn:aws:s3:::phl-data-build-assets",
                            "bucket": "phl-data-build-assets",
                            "bucket_domain_name": "phl-data-build-assets.s3.amazonaws.com",
                            "bucket_regional_domain_name": "phl-data-build-assets.s3.amazonaws.com",
                            "cors_rule.#": "0",
                            "force_destroy": "false",
                            "hosted_zone_id": "Z3AQBSTGFYJSTF",
                            "id": "phl-data-build-assets",
                            "logging.#": "0",
                            "policy": "{\"Statement\":[{\"Action\":\"s3:GetObject\",\"Effect\":\"Allow\",\"Principal\":{\"AWS\":\"arn:aws:iam::676612114792:root\"},\"Resource\":\"arn:aws:s3:::phl-data-build-assets/*\"},{\"Action\":\"s3:GetObject\",\"Effect\":\"Allow\",\"Principal\":\"*\",\"Resource\":\"arn:aws:s3:::phl-data-build-assets/*\"}],\"Version\":\"2012-10-17\"}",
                            "region": "us-east-1",
                            "replication_configuration.#": "0",
                            "request_payer": "BucketOwner",
                            "server_side_encryption_configuration.#": "0",
                            "tags.%": "1",
                            "tags.Department": "oddt",
                            "versioning.#": "1",
                            "versioning.0.enabled": "false",
                            "versioning.0.mfa_delete": "false",
                            "website.#": "1",
                            "website.0.error_document": "",
                            "website.0.index_document": "index.html",
                            "website.0.redirect_all_requests_to": "",
                            "website.0.routing_rules": "",
                            "website_domain": "s3-website-us-east-1.amazonaws.com",
                            "website_endpoint": "phl-data-build-assets.s3-website-us-east-1.amazonaws.com"
                        },
                        "meta": {},
                        "tainted": false
                    },
                    "deposed": [],
                    "provider": "provider.aws"
                },
                "aws_s3_bucket.phl-data-dropbox-dev": {
                    "type": "aws_s3_bucket",
                    "depends_on": [],
                    "primary": {
                        "id": "phl-data-dropbox-dev",
                        "attributes": {
                            "acceleration_status": "",
                            "acl": "private",
                            "arn": "arn:aws:s3:::phl-data-dropbox-dev",
                            "bucket": "phl-data-dropbox-dev",
                            "bucket_domain_name": "phl-data-dropbox-dev.s3.amazonaws.com",
                            "bucket_regional_domain_name": "phl-data-dropbox-dev.s3.amazonaws.com",
                            "cors_rule.#": "0",
                            "force_destroy": "false",
                            "hosted_zone_id": "Z3AQBSTGFYJSTF",
                            "id": "phl-data-dropbox-dev",
                            "logging.#": "0",
                            "region": "us-east-1",
                            "replication_configuration.#": "0",
                            "request_payer": "BucketOwner",
                            "server_side_encryption_configuration.#": "0",
                            "tags.%": "1",
                            "tags.Department": "oddt",
                            "versioning.#": "1",
                            "versioning.0.enabled": "false",
                            "versioning.0.mfa_delete": "false",
                            "website.#": "0"
                        },
                        "meta": {},
                        "tainted": false
                    },
                    "deposed": [],
                    "provider": "provider.aws"
                },
                "aws_s3_bucket.phl-etl-staging": {
                    "type": "aws_s3_bucket",
                    "depends_on": [],
                    "primary": {
                        "id": "phl-etl-staging",
                        "attributes": {
                            "acceleration_status": "",
                            "acl": "private",
                            "arn": "arn:aws:s3:::phl-etl-staging",
                            "bucket": "phl-etl-staging",
                            "bucket_domain_name": "phl-etl-staging.s3.amazonaws.com",
                            "bucket_regional_domain_name": "phl-etl-staging.s3.amazonaws.com",
                            "cors_rule.#": "0",
                            "force_destroy": "false",
                            "hosted_zone_id": "Z3AQBSTGFYJSTF",
                            "id": "phl-etl-staging",
                            "logging.#": "0",
                            "region": "us-east-1",
                            "replication_configuration.#": "0",
                            "request_payer": "BucketOwner",
                            "server_side_encryption_configuration.#": "0",
                            "tags.%": "1",
                            "tags.Department": "oddt",
                            "versioning.#": "1",
                            "versioning.0.enabled": "false",
                            "versioning.0.mfa_delete": "false",
                            "website.#": "0"
                        },
                        "meta": {},
                        "tainted": false
                    },
                    "deposed": [],
                    "provider": "provider.aws"
                },
                "aws_s3_bucket.phl-etl-staging-dev": {
                    "type": "aws_s3_bucket",
                    "depends_on": [],
                    "primary": {
                        "id": "phl-etl-staging-dev",
                        "attributes": {
                            "acceleration_status": "",
                            "acl": "private",
                            "arn": "arn:aws:s3:::phl-etl-staging-dev",
                            "bucket": "phl-etl-staging-dev",
                            "bucket_domain_name": "phl-etl-staging-dev.s3.amazonaws.com",
                            "bucket_regional_domain_name": "phl-etl-staging-dev.s3.amazonaws.com",
                            "cors_rule.#": "0",
                            "force_destroy": "false",
                            "hosted_zone_id": "Z3AQBSTGFYJSTF",
                            "id": "phl-etl-staging-dev",
                            "logging.#": "0",
                            "region": "us-east-1",
                            "replication_configuration.#": "0",
                            "request_payer": "BucketOwner",
                            "server_side_encryption_configuration.#": "0",
                            "tags.%": "1",
                            "tags.Department": "oddt",
                            "versioning.#": "1",
                            "versioning.0.enabled": "false",
                            "versioning.0.mfa_delete": "false",
                            "website.#": "0"
                        },
                        "meta": {},
                        "tainted": false
                    },
                    "deposed": [],
                    "provider": "provider.aws"
                },
                "aws_s3_bucket.phl-geocode-cache": {
                    "type": "aws_s3_bucket",
                    "depends_on": [],
                    "primary": {
                        "id": "phl-geocode-cache",
                        "attributes": {
                            "acceleration_status": "",
                            "acl": "private",
                            "arn": "arn:aws:s3:::phl-geocode-cache",
                            "bucket": "phl-geocode-cache",
                            "bucket_domain_name": "phl-geocode-cache.s3.amazonaws.com",
                            "bucket_regional_domain_name": "phl-geocode-cache.s3.amazonaws.com",
                            "cors_rule.#": "0",
                            "force_destroy": "false",
                            "hosted_zone_id": "Z3AQBSTGFYJSTF",
                            "id": "phl-geocode-cache",
                            "logging.#": "0",
                            "region": "us-east-1",
                            "replication_configuration.#": "0",
                            "request_payer": "BucketOwner",
                            "server_side_encryption_configuration.#": "0",
                            "tags.%": "1",
                            "tags.Department": "oddt",
                            "versioning.#": "1",
                            "versioning.0.enabled": "false",
                            "versioning.0.mfa_delete": "false",
                            "website.#": "0"
                        },
                        "meta": {},
                        "tainted": false
                    },
                    "deposed": [],
                    "provider": "provider.aws"
                },
                "aws_s3_bucket.phl-schemas": {
                    "type": "aws_s3_bucket",
                    "depends_on": [],
                    "primary": {
                        "id": "phl-schemas",
                        "attributes": {
                            "acceleration_status": "",
                            "acl": "private",
                            "arn": "arn:aws:s3:::phl-schemas",
                            "bucket": "phl-schemas",
                            "bucket_domain_name": "phl-schemas.s3.amazonaws.com",
                            "bucket_regional_domain_name": "phl-schemas.s3.amazonaws.com",
                            "cors_rule.#": "0",
                            "force_destroy": "false",
                            "hosted_zone_id": "Z3AQBSTGFYJSTF",
                            "id": "phl-schemas",
                            "logging.#": "0",
                            "region": "us-east-1",
                            "replication_configuration.#": "0",
                            "request_payer": "BucketOwner",
                            "server_side_encryption_configuration.#": "0",
                            "tags.%": "1",
                            "tags.Department": "oddt",
                            "versioning.#": "1",
                            "versioning.0.enabled": "false",
                            "versioning.0.mfa_delete": "false",
                            "website.#": "0"
                        },
                        "meta": {},
                        "tainted": false
                    },
                    "deposed": [],
                    "provider": "provider.aws"
                },
                "aws_security_group.data_engineering_api_gateway_api_elb": {
                    "type": "aws_security_group",
                    "depends_on": [
                        "aws_vpc.data_engineering"
                    ],
                    "primary": {
                        "id": "sg-60a33c11",
                        "attributes": {
                            "arn": "arn:aws:ec2:us-east-1:676612114792:security-group/sg-60a33c11",
                            "description": "Managed by Terraform",
                            "egress.#": "1",
                            "egress.482069346.cidr_blocks.#": "1",
                            "egress.482069346.cidr_blocks.0": "0.0.0.0/0",
                            "egress.482069346.description": "",
                            "egress.482069346.from_port": "0",
                            "egress.482069346.ipv6_cidr_blocks.#": "0",
                            "egress.482069346.prefix_list_ids.#": "0",
                            "egress.482069346.protocol": "-1",
                            "egress.482069346.security_groups.#": "0",
                            "egress.482069346.self": "false",
                            "egress.482069346.to_port": "0",
                            "id": "sg-60a33c11",
                            "ingress.#": "1",
                            "ingress.2165049311.cidr_blocks.#": "1",
                            "ingress.2165049311.cidr_blocks.0": "10.0.0.0/16",
                            "ingress.2165049311.description": "",
                            "ingress.2165049311.from_port": "80",
                            "ingress.2165049311.ipv6_cidr_blocks.#": "0",
                            "ingress.2165049311.protocol": "tcp",
                            "ingress.2165049311.security_groups.#": "0",
                            "ingress.2165049311.self": "false",
                            "ingress.2165049311.to_port": "80",
                            "name": "oddt-data-engineering-api-gateway-api-elb-sg",
                            "owner_id": "676612114792",
                            "revoke_rules_on_delete": "false",
                            "tags.%": "2",
                            "tags.Department": "oddt",
                            "tags.Name": "oddt-data-engineering-api-gateway-api-elb-sg",
                            "vpc_id": "vpc-cabdf3ac"
                        },
                        "meta": {
                            "schema_version": "1"
                        },
                        "tainted": false
                    },
                    "deposed": [],
                    "provider": "provider.aws"
                },
                "aws_security_group.data_engineering_api_gateway_gateway_elb": {
                    "type": "aws_security_group",
                    "depends_on": [
                        "aws_vpc.data_engineering"
                    ],
                    "primary": {
                        "id": "sg-4f910f3e",
                        "attributes": {
                            "arn": "arn:aws:ec2:us-east-1:676612114792:security-group/sg-4f910f3e",
                            "description": "Managed by Terraform",
                            "egress.#": "1",
                            "egress.482069346.cidr_blocks.#": "1",
                            "egress.482069346.cidr_blocks.0": "0.0.0.0/0",
                            "egress.482069346.description": "",
                            "egress.482069346.from_port": "0",
                            "egress.482069346.ipv6_cidr_blocks.#": "0",
                            "egress.482069346.prefix_list_ids.#": "0",
                            "egress.482069346.protocol": "-1",
                            "egress.482069346.security_groups.#": "0",
                            "egress.482069346.self": "false",
                            "egress.482069346.to_port": "0",
                            "id": "sg-4f910f3e",
                            "ingress.#": "1",
                            "ingress.2617001939.cidr_blocks.#": "1",
                            "ingress.2617001939.cidr_blocks.0": "0.0.0.0/0",
                            "ingress.2617001939.description": "",
                            "ingress.2617001939.from_port": "443",
                            "ingress.2617001939.ipv6_cidr_blocks.#": "0",
                            "ingress.2617001939.protocol": "tcp",
                            "ingress.2617001939.security_groups.#": "0",
                            "ingress.2617001939.self": "false",
                            "ingress.2617001939.to_port": "443",
                            "name": "oddt-data-engineering-api-gateway-gateway-elb-sg",
                            "owner_id": "676612114792",
                            "revoke_rules_on_delete": "false",
                            "tags.%": "2",
                            "tags.Department": "oddt",
                            "tags.Name": "oddt-data-engineering-api-gateway-gateway-elb-sg",
                            "vpc_id": "vpc-cabdf3ac"
                        },
                        "meta": {
                            "schema_version": "1"
                        },
                        "tainted": false
                    },
                    "deposed": [],
                    "provider": "provider.aws"
                },
                "aws_security_group.data_engineering_ecs_instance": {
                    "type": "aws_security_group",
                    "depends_on": [
                        "aws_vpc.data_engineering"
                    ],
                    "primary": {
                        "id": "sg-0d73b872",
                        "attributes": {
                            "arn": "arn:aws:ec2:us-east-1:676612114792:security-group/sg-0d73b872",
                            "description": "Managed by Terraform",
                            "egress.#": "1",
                            "egress.482069346.cidr_blocks.#": "1",
                            "egress.482069346.cidr_blocks.0": "0.0.0.0/0",
                            "egress.482069346.description": "",
                            "egress.482069346.from_port": "0",
                            "egress.482069346.ipv6_cidr_blocks.#": "0",
                            "egress.482069346.prefix_list_ids.#": "0",
                            "egress.482069346.protocol": "-1",
                            "egress.482069346.security_groups.#": "0",
                            "egress.482069346.self": "false",
                            "egress.482069346.to_port": "0",
                            "id": "sg-0d73b872",
                            "ingress.#": "5",
                            "ingress.1732014810.cidr_blocks.#": "1",
                            "ingress.1732014810.cidr_blocks.0": "10.0.0.0/16",
                            "ingress.1732014810.description": "",
                            "ingress.1732014810.from_port": "5003",
                            "ingress.1732014810.ipv6_cidr_blocks.#": "0",
                            "ingress.1732014810.protocol": "tcp",
                            "ingress.1732014810.security_groups.#": "0",
                            "ingress.1732014810.self": "false",
                            "ingress.1732014810.to_port": "5003",
                            "ingress.2013793437.cidr_blocks.#": "1",
                            "ingress.2013793437.cidr_blocks.0": "10.0.0.0/16",
                            "ingress.2013793437.description": "",
                            "ingress.2013793437.from_port": "5001",
                            "ingress.2013793437.ipv6_cidr_blocks.#": "0",
                            "ingress.2013793437.protocol": "tcp",
                            "ingress.2013793437.security_groups.#": "0",
                            "ingress.2013793437.self": "false",
                            "ingress.2013793437.to_port": "5001",
                            "ingress.2233388761.cidr_blocks.#": "1",
                            "ingress.2233388761.cidr_blocks.0": "10.0.0.0/16",
                            "ingress.2233388761.description": "",
                            "ingress.2233388761.from_port": "5002",
                            "ingress.2233388761.ipv6_cidr_blocks.#": "0",
                            "ingress.2233388761.protocol": "tcp",
                            "ingress.2233388761.security_groups.#": "0",
                            "ingress.2233388761.self": "false",
                            "ingress.2233388761.to_port": "5002",
                            "ingress.2586488990.cidr_blocks.#": "1",
                            "ingress.2586488990.cidr_blocks.0": "10.0.0.0/16",
                            "ingress.2586488990.description": "",
                            "ingress.2586488990.from_port": "5000",
                            "ingress.2586488990.ipv6_cidr_blocks.#": "0",
                            "ingress.2586488990.protocol": "tcp",
                            "ingress.2586488990.security_groups.#": "0",
                            "ingress.2586488990.self": "false",
                            "ingress.2586488990.to_port": "5000",
                            "ingress.2755808272.cidr_blocks.#": "1",
                            "ingress.2755808272.cidr_blocks.0": "10.0.0.0/16",
                            "ingress.2755808272.description": "",
                            "ingress.2755808272.from_port": "5004",
                            "ingress.2755808272.ipv6_cidr_blocks.#": "0",
                            "ingress.2755808272.protocol": "tcp",
                            "ingress.2755808272.security_groups.#": "0",
                            "ingress.2755808272.self": "false",
                            "ingress.2755808272.to_port": "5004",
                            "name": "oddt-data-engineering-ecs-instance-sg",
                            "owner_id": "676612114792",
                            "revoke_rules_on_delete": "false",
                            "tags.%": "2",
                            "tags.Department": "oddt",
                            "tags.Name": "oddt-data-engineering-ecs-instance-sg",
                            "vpc_id": "vpc-cabdf3ac"
                        },
                        "meta": {
                            "schema_version": "1"
                        },
                        "tainted": false
                    },
                    "deposed": [],
                    "provider": "provider.aws"
                },
                "aws_security_group.data_engineering_open_ssh": {
                    "type": "aws_security_group",
                    "depends_on": [
                        "aws_vpc.data_engineering"
                    ],
                    "primary": {
                        "id": "sg-b9b474c6",
                        "attributes": {
                            "arn": "arn:aws:ec2:us-east-1:676612114792:security-group/sg-b9b474c6",
                            "description": "Allow all inbound SSH traffic",
                            "egress.#": "1",
                            "egress.482069346.cidr_blocks.#": "1",
                            "egress.482069346.cidr_blocks.0": "0.0.0.0/0",
                            "egress.482069346.description": "",
                            "egress.482069346.from_port": "0",
                            "egress.482069346.ipv6_cidr_blocks.#": "0",
                            "egress.482069346.prefix_list_ids.#": "0",
                            "egress.482069346.protocol": "-1",
                            "egress.482069346.security_groups.#": "0",
                            "egress.482069346.self": "false",
                            "egress.482069346.to_port": "0",
                            "id": "sg-b9b474c6",
                            "ingress.#": "1",
                            "ingress.2541437006.cidr_blocks.#": "1",
                            "ingress.2541437006.cidr_blocks.0": "0.0.0.0/0",
                            "ingress.2541437006.description": "",
                            "ingress.2541437006.from_port": "22",
                            "ingress.2541437006.ipv6_cidr_blocks.#": "0",
                            "ingress.2541437006.protocol": "tcp",
                            "ingress.2541437006.security_groups.#": "0",
                            "ingress.2541437006.self": "false",
                            "ingress.2541437006.to_port": "22",
                            "name": "oddt-data-engineering-open-ssh",
                            "owner_id": "676612114792",
                            "revoke_rules_on_delete": "false",
                            "tags.%": "2",
                            "tags.Department": "oddt",
                            "tags.Name": "oddt-data-engineering-open-ssh",
                            "vpc_id": "vpc-cabdf3ac"
                        },
                        "meta": {
                            "schema_version": "1"
                        },
                        "tainted": false
                    },
                    "deposed": [],
                    "provider": "provider.aws"
                },
                "aws_security_group.data_engineering_rds": {
                    "type": "aws_security_group",
                    "depends_on": [
                        "aws_vpc.data_engineering"
                    ],
                    "primary": {
                        "id": "sg-118a406e",
                        "attributes": {
                            "arn": "arn:aws:ec2:us-east-1:676612114792:security-group/sg-118a406e",
                            "description": "Managed by Terraform",
                            "egress.#": "0",
                            "id": "sg-118a406e",
                            "ingress.#": "1",
                            "ingress.3847841800.cidr_blocks.#": "1",
                            "ingress.3847841800.cidr_blocks.0": "10.0.0.0/16",
                            "ingress.3847841800.description": "",
                            "ingress.3847841800.from_port": "5432",
                            "ingress.3847841800.ipv6_cidr_blocks.#": "0",
                            "ingress.3847841800.protocol": "tcp",
                            "ingress.3847841800.security_groups.#": "0",
                            "ingress.3847841800.self": "false",
                            "ingress.3847841800.to_port": "5432",
                            "name": "oddt-data-engineering-rds-sg",
                            "owner_id": "676612114792",
                            "revoke_rules_on_delete": "false",
                            "tags.%": "2",
                            "tags.Department": "oddt",
                            "tags.Name": "oddt-data-engineering-rds-sg",
                            "vpc_id": "vpc-cabdf3ac"
                        },
                        "meta": {
                            "e2bfb730-ecaa-11e6-8f88-34363bc7c4c0": {
                                "create": 600000000000,
                                "delete": 600000000000
                            },
                            "schema_version": "1"
                        },
                        "tainted": false
                    },
                    "deposed": [],
                    "provider": "provider.aws"
                },
                "aws_security_group.data_engineering_redash_elb": {
                    "type": "aws_security_group",
                    "depends_on": [
                        "aws_vpc.data_engineering"
                    ],
                    "primary": {
                        "id": "sg-4fa60f3e",
                        "attributes": {
                            "arn": "arn:aws:ec2:us-east-1:676612114792:security-group/sg-4fa60f3e",
                            "description": "Managed by Terraform",
                            "egress.#": "1",
                            "egress.482069346.cidr_blocks.#": "1",
                            "egress.482069346.cidr_blocks.0": "0.0.0.0/0",
                            "egress.482069346.description": "",
                            "egress.482069346.from_port": "0",
                            "egress.482069346.ipv6_cidr_blocks.#": "0",
                            "egress.482069346.prefix_list_ids.#": "0",
                            "egress.482069346.protocol": "-1",
                            "egress.482069346.security_groups.#": "0",
                            "egress.482069346.self": "false",
                            "egress.482069346.to_port": "0",
                            "id": "sg-4fa60f3e",
                            "ingress.#": "1",
                            "ingress.2617001939.cidr_blocks.#": "1",
                            "ingress.2617001939.cidr_blocks.0": "0.0.0.0/0",
                            "ingress.2617001939.description": "",
                            "ingress.2617001939.from_port": "443",
                            "ingress.2617001939.ipv6_cidr_blocks.#": "0",
                            "ingress.2617001939.protocol": "tcp",
                            "ingress.2617001939.security_groups.#": "0",
                            "ingress.2617001939.self": "false",
                            "ingress.2617001939.to_port": "443",
                            "name": "oddt-data-engineering-redash-elb-sg",
                            "owner_id": "676612114792",
                            "revoke_rules_on_delete": "false",
                            "tags.%": "2",
                            "tags.Department": "oddt",
                            "tags.Name": "oddt-data-engineering-airflow-elb-sg",
                            "vpc_id": "vpc-cabdf3ac"
                        },
                        "meta": {
                            "schema_version": "1"
                        },
                        "tainted": false
                    },
                    "deposed": [],
                    "provider": "provider.aws"
                },
                "aws_security_group.data_engineering_redis": {
                    "type": "aws_security_group",
                    "depends_on": [
                        "aws_vpc.data_engineering"
                    ],
                    "primary": {
                        "id": "sg-86f158f7",
                        "attributes": {
                            "arn": "arn:aws:ec2:us-east-1:676612114792:security-group/sg-86f158f7",
                            "description": "Managed by Terraform",
                            "egress.#": "0",
                            "id": "sg-86f158f7",
                            "ingress.#": "1",
                            "ingress.3831452134.cidr_blocks.#": "1",
                            "ingress.3831452134.cidr_blocks.0": "10.0.0.0/16",
                            "ingress.3831452134.description": "",
                            "ingress.3831452134.from_port": "6379",
                            "ingress.3831452134.ipv6_cidr_blocks.#": "0",
                            "ingress.3831452134.protocol": "tcp",
                            "ingress.3831452134.security_groups.#": "0",
                            "ingress.3831452134.self": "false",
                            "ingress.3831452134.to_port": "6379",
                            "name": "oddt-data-engineering-redis-sg",
                            "owner_id": "676612114792",
                            "revoke_rules_on_delete": "false",
                            "tags.%": "2",
                            "tags.Department": "oddt",
                            "tags.Name": "oddt-data-engineering-redis-sg",
                            "vpc_id": "vpc-cabdf3ac"
                        },
                        "meta": {
                            "schema_version": "1"
                        },
                        "tainted": false
                    },
                    "deposed": [],
                    "provider": "provider.aws"
                },
                "aws_security_group.data_engineering_superset_elb": {
                    "type": "aws_security_group",
                    "depends_on": [
                        "aws_vpc.data_engineering"
                    ],
                    "primary": {
                        "id": "sg-fc3e468d",
                        "attributes": {
                            "arn": "arn:aws:ec2:us-east-1:676612114792:security-group/sg-fc3e468d",
                            "description": "Managed by Terraform",
                            "egress.#": "1",
                            "egress.482069346.cidr_blocks.#": "1",
                            "egress.482069346.cidr_blocks.0": "0.0.0.0/0",
                            "egress.482069346.description": "",
                            "egress.482069346.from_port": "0",
                            "egress.482069346.ipv6_cidr_blocks.#": "0",
                            "egress.482069346.prefix_list_ids.#": "0",
                            "egress.482069346.protocol": "-1",
                            "egress.482069346.security_groups.#": "0",
                            "egress.482069346.self": "false",
                            "egress.482069346.to_port": "0",
                            "id": "sg-fc3e468d",
                            "ingress.#": "1",
                            "ingress.2617001939.cidr_blocks.#": "1",
                            "ingress.2617001939.cidr_blocks.0": "0.0.0.0/0",
                            "ingress.2617001939.description": "",
                            "ingress.2617001939.from_port": "443",
                            "ingress.2617001939.ipv6_cidr_blocks.#": "0",
                            "ingress.2617001939.protocol": "tcp",
                            "ingress.2617001939.security_groups.#": "0",
                            "ingress.2617001939.self": "false",
                            "ingress.2617001939.to_port": "443",
                            "name": "oddt-data-engineering-superset-elb-sg",
                            "owner_id": "676612114792",
                            "revoke_rules_on_delete": "false",
                            "tags.%": "2",
                            "tags.Department": "oddt",
                            "tags.Name": "oddt-data-engineering-airflow-elb-sg",
                            "vpc_id": "vpc-cabdf3ac"
                        },
                        "meta": {
                            "schema_version": "1"
                        },
                        "tainted": false
                    },
                    "deposed": [],
                    "provider": "provider.aws"
                },
                "aws_security_group.data_engineering_taskflow_api_server_elb": {
                    "type": "aws_security_group",
                    "depends_on": [
                        "aws_vpc.data_engineering"
                    ],
                    "primary": {
                        "id": "sg-4add553b",
                        "attributes": {
                            "arn": "arn:aws:ec2:us-east-1:676612114792:security-group/sg-4add553b",
                            "description": "Managed by Terraform",
                            "egress.#": "1",
                            "egress.482069346.cidr_blocks.#": "1",
                            "egress.482069346.cidr_blocks.0": "0.0.0.0/0",
                            "egress.482069346.description": "",
                            "egress.482069346.from_port": "0",
                            "egress.482069346.ipv6_cidr_blocks.#": "0",
                            "egress.482069346.prefix_list_ids.#": "0",
                            "egress.482069346.protocol": "-1",
                            "egress.482069346.security_groups.#": "0",
                            "egress.482069346.self": "false",
                            "egress.482069346.to_port": "0",
                            "id": "sg-4add553b",
                            "ingress.#": "1",
                            "ingress.2617001939.cidr_blocks.#": "1",
                            "ingress.2617001939.cidr_blocks.0": "0.0.0.0/0",
                            "ingress.2617001939.description": "",
                            "ingress.2617001939.from_port": "443",
                            "ingress.2617001939.ipv6_cidr_blocks.#": "0",
                            "ingress.2617001939.protocol": "tcp",
                            "ingress.2617001939.security_groups.#": "0",
                            "ingress.2617001939.self": "false",
                            "ingress.2617001939.to_port": "443",
                            "name": "oddt-data-engineering-taskflow-api-server-elb-sg",
                            "owner_id": "676612114792",
                            "revoke_rules_on_delete": "false",
                            "tags.%": "2",
                            "tags.Department": "oddt",
                            "tags.Name": "oddt-data-engineering-taskflow-api-server-elb-sg",
                            "vpc_id": "vpc-cabdf3ac"
                        },
                        "meta": {
                            "schema_version": "1"
                        },
                        "tainted": false
                    },
                    "deposed": [],
                    "provider": "provider.aws"
                },
                "aws_security_group.data_engineering_tunnel_gateway": {
                    "type": "aws_security_group",
                    "depends_on": [
                        "aws_vpc.data_engineering"
                    ],
                    "primary": {
                        "id": "sg-9ada1ae5",
                        "attributes": {
                            "arn": "arn:aws:ec2:us-east-1:676612114792:security-group/sg-9ada1ae5",
                            "description": "Allow VPC traffic to tunnel gateway",
                            "egress.#": "0",
                            "id": "sg-9ada1ae5",
                            "ingress.#": "1",
                            "ingress.2023089763.cidr_blocks.#": "1",
                            "ingress.2023089763.cidr_blocks.0": "10.0.0.0/16",
                            "ingress.2023089763.description": "",
                            "ingress.2023089763.from_port": "1521",
                            "ingress.2023089763.ipv6_cidr_blocks.#": "0",
                            "ingress.2023089763.protocol": "tcp",
                            "ingress.2023089763.security_groups.#": "0",
                            "ingress.2023089763.self": "false",
                            "ingress.2023089763.to_port": "1521",
                            "name": "oddt-data-engineering-tunnel-gateway",
                            "owner_id": "676612114792",
                            "revoke_rules_on_delete": "false",
                            "tags.%": "2",
                            "tags.Department": "oddt",
                            "tags.Name": "oddt-data-engineering-tunnel-gateway",
                            "vpc_id": "vpc-cabdf3ac"
                        },
                        "meta": {
                            "schema_version": "1"
                        },
                        "tainted": false
                    },
                    "deposed": [],
                    "provider": "provider.aws"
                },
                "aws_security_group.data_engineering_vpc_ssh": {
                    "type": "aws_security_group",
                    "depends_on": [
                        "aws_vpc.data_engineering"
                    ],
                    "primary": {
                        "id": "sg-bab474c5",
                        "attributes": {
                            "arn": "arn:aws:ec2:us-east-1:676612114792:security-group/sg-bab474c5",
                            "description": "Allows inbound SSH traffic within the VPC",
                            "egress.#": "0",
                            "id": "sg-bab474c5",
                            "ingress.#": "3",
                            "ingress.1507188325.cidr_blocks.#": "0",
                            "ingress.1507188325.description": "",
                            "ingress.1507188325.from_port": "22",
                            "ingress.1507188325.ipv6_cidr_blocks.#": "0",
                            "ingress.1507188325.protocol": "tcp",
                            "ingress.1507188325.security_groups.#": "0",
                            "ingress.1507188325.self": "true",
                            "ingress.1507188325.to_port": "22",
                            "ingress.3067810025.cidr_blocks.#": "0",
                            "ingress.3067810025.description": "",
                            "ingress.3067810025.from_port": "8080",
                            "ingress.3067810025.ipv6_cidr_blocks.#": "0",
                            "ingress.3067810025.protocol": "tcp",
                            "ingress.3067810025.security_groups.#": "0",
                            "ingress.3067810025.self": "true",
                            "ingress.3067810025.to_port": "8080",
                            "ingress.3168971228.cidr_blocks.#": "2",
                            "ingress.3168971228.cidr_blocks.0": "76.161.206.10/32",
                            "ingress.3168971228.cidr_blocks.1": "71.175.48.144/32",
                            "ingress.3168971228.description": "",
                            "ingress.3168971228.from_port": "22",
                            "ingress.3168971228.ipv6_cidr_blocks.#": "0",
                            "ingress.3168971228.protocol": "tcp",
                            "ingress.3168971228.security_groups.#": "0",
                            "ingress.3168971228.self": "false",
                            "ingress.3168971228.to_port": "22",
                            "name": "oddt-data-engineering-vpc-ssh",
                            "owner_id": "676612114792",
                            "revoke_rules_on_delete": "false",
                            "tags.%": "2",
                            "tags.Department": "oddt",
                            "tags.Name": "oddt-data-engineering-vpc-ssh",
                            "vpc_id": "vpc-cabdf3ac"
                        },
                        "meta": {
                            "e2bfb730-ecaa-11e6-8f88-34363bc7c4c0": {
                                "create": 600000000000,
                                "delete": 600000000000
                            },
                            "schema_version": "1"
                        },
                        "tainted": false
                    },
                    "deposed": [],
                    "provider": "provider.aws"
                },
                "aws_sqs_queue.api_gateway": {
                    "type": "aws_sqs_queue",
                    "depends_on": [],
                    "primary": {
                        "id": "https://sqs.us-east-1.amazonaws.com/676612114792/api-gateway",
                        "attributes": {
                            "arn": "arn:aws:sqs:us-east-1:676612114792:api-gateway",
                            "content_based_deduplication": "false",
                            "delay_seconds": "0",
                            "fifo_queue": "false",
                            "id": "https://sqs.us-east-1.amazonaws.com/676612114792/api-gateway",
                            "max_message_size": "262144",
                            "message_retention_seconds": "1209600",
                            "name": "api-gateway",
                            "receive_wait_time_seconds": "0",
                            "tags.%": "0",
                            "visibility_timeout_seconds": "60"
                        },
                        "meta": {},
                        "tainted": false
                    },
                    "deposed": [],
                    "provider": "provider.aws"
                },
                "aws_subnet.data_engineering.0": {
                    "type": "aws_subnet",
                    "depends_on": [
                        "aws_vpc.data_engineering",
                        "data.aws_availability_zones.available"
                    ],
                    "primary": {
                        "id": "subnet-c07e509b",
                        "attributes": {
                            "assign_ipv6_address_on_creation": "false",
                            "availability_zone": "us-east-1a",
                            "cidr_block": "10.0.0.0/24",
                            "id": "subnet-c07e509b",
                            "map_public_ip_on_launch": "true",
                            "tags.%": "2",
                            "tags.Department": "oddt",
                            "tags.Name": "oddt-data-engineering-subnet-us-east-1a",
                            "vpc_id": "vpc-cabdf3ac"
                        },
                        "meta": {
                            "schema_version": "1"
                        },
                        "tainted": false
                    },
                    "deposed": [],
                    "provider": "provider.aws"
                },
                "aws_subnet.data_engineering.1": {
                    "type": "aws_subnet",
                    "depends_on": [
                        "aws_vpc.data_engineering",
                        "data.aws_availability_zones.available"
                    ],
                    "primary": {
                        "id": "subnet-0ee7816b",
                        "attributes": {
                            "assign_ipv6_address_on_creation": "false",
                            "availability_zone": "us-east-1b",
                            "cidr_block": "10.0.1.0/24",
                            "id": "subnet-0ee7816b",
                            "map_public_ip_on_launch": "true",
                            "tags.%": "2",
                            "tags.Department": "oddt",
                            "tags.Name": "oddt-data-engineering-subnet-us-east-1b",
                            "vpc_id": "vpc-cabdf3ac"
                        },
                        "meta": {
                            "schema_version": "1"
                        },
                        "tainted": false
                    },
                    "deposed": [],
                    "provider": "provider.aws"
                },
                "aws_subnet.data_engineering.2": {
                    "type": "aws_subnet",
                    "depends_on": [
                        "aws_vpc.data_engineering",
                        "data.aws_availability_zones.available"
                    ],
                    "primary": {
                        "id": "subnet-f2f0cedf",
                        "attributes": {
                            "assign_ipv6_address_on_creation": "false",
                            "availability_zone": "us-east-1c",
                            "cidr_block": "10.0.2.0/24",
                            "id": "subnet-f2f0cedf",
                            "map_public_ip_on_launch": "true",
                            "tags.%": "2",
                            "tags.Department": "oddt",
                            "tags.Name": "oddt-data-engineering-subnet-us-east-1c",
                            "vpc_id": "vpc-cabdf3ac"
                        },
                        "meta": {
                            "schema_version": "1"
                        },
                        "tainted": false
                    },
                    "deposed": [],
                    "provider": "provider.aws"
                },
                "aws_vpc.data_engineering": {
                    "type": "aws_vpc",
                    "depends_on": [],
                    "primary": {
                        "id": "vpc-cabdf3ac",
                        "attributes": {
                            "assign_generated_ipv6_cidr_block": "false",
                            "cidr_block": "10.0.0.0/16",
                            "default_network_acl_id": "acl-3ac9d15c",
                            "default_route_table_id": "rtb-949e03ed",
                            "default_security_group_id": "sg-aabc44d5",
                            "dhcp_options_id": "dopt-819e8ee3",
                            "enable_classiclink": "false",
                            "enable_classiclink_dns_support": "false",
                            "enable_dns_hostnames": "true",
                            "enable_dns_support": "true",
                            "id": "vpc-cabdf3ac",
                            "instance_tenancy": "default",
                            "main_route_table_id": "rtb-949e03ed",
                            "tags.%": "2",
                            "tags.Department": "oddt",
                            "tags.Name": "oddt-data-engineering-vpc"
                        },
                        "meta": {
                            "schema_version": "1"
                        },
                        "tainted": false
                    },
                    "deposed": [],
                    "provider": "provider.aws"
                },
                "data.aws_ami.ecs_optimized": {
                    "type": "aws_ami",
                    "depends_on": [],
                    "primary": {
                        "id": "ami-5253c32d",
                        "attributes": {
                            "architecture": "x86_64",
                            "block_device_mappings.#": "2",
                            "block_device_mappings.2538004115.device_name": "/dev/xvdcz",
                            "block_device_mappings.2538004115.ebs.%": "5",
                            "block_device_mappings.2538004115.ebs.delete_on_termination": "true",
                            "block_device_mappings.2538004115.ebs.encrypted": "false",
                            "block_device_mappings.2538004115.ebs.iops": "0",
                            "block_device_mappings.2538004115.ebs.volume_size": "22",
                            "block_device_mappings.2538004115.ebs.volume_type": "gp2",
                            "block_device_mappings.2538004115.no_device": "",
                            "block_device_mappings.2538004115.virtual_name": "",
                            "block_device_mappings.340275815.device_name": "/dev/xvda",
                            "block_device_mappings.340275815.ebs.%": "6",
                            "block_device_mappings.340275815.ebs.delete_on_termination": "true",
                            "block_device_mappings.340275815.ebs.encrypted": "false",
                            "block_device_mappings.340275815.ebs.iops": "0",
                            "block_device_mappings.340275815.ebs.snapshot_id": "snap-03ebd608f34d9392f",
                            "block_device_mappings.340275815.ebs.volume_size": "8",
                            "block_device_mappings.340275815.ebs.volume_type": "gp2",
                            "block_device_mappings.340275815.no_device": "",
                            "block_device_mappings.340275815.virtual_name": "",
                            "creation_date": "2018-05-16T23:52:55.000Z",
                            "description": "Amazon Linux AMI 2018.03.a x86_64 ECS HVM GP2",
                            "filter.#": "3",
                            "filter.3350713981.name": "name",
                            "filter.3350713981.values.#": "1",
                            "filter.3350713981.values.0": "amzn-ami-*-amazon-ecs-optimized",
                            "filter.3386043752.name": "architecture",
                            "filter.3386043752.values.#": "1",
                            "filter.3386043752.values.0": "x86_64",
                            "filter.490168357.name": "virtualization-type",
                            "filter.490168357.values.#": "1",
                            "filter.490168357.values.0": "hvm",
                            "hypervisor": "xen",
                            "id": "ami-5253c32d",
                            "image_id": "ami-5253c32d",
                            "image_location": "amazon/amzn-ami-2018.03.a-amazon-ecs-optimized",
                            "image_owner_alias": "amazon",
                            "image_type": "machine",
                            "most_recent": "true",
                            "name": "amzn-ami-2018.03.a-amazon-ecs-optimized",
                            "owner_id": "591542846629",
                            "owners.#": "1",
                            "owners.0": "591542846629",
                            "product_codes.#": "0",
                            "public": "true",
                            "root_device_name": "/dev/xvda",
                            "root_device_type": "ebs",
                            "root_snapshot_id": "snap-03ebd608f34d9392f",
                            "sriov_net_support": "simple",
                            "state": "available",
                            "state_reason.%": "2",
                            "state_reason.code": "UNSET",
                            "state_reason.message": "UNSET",
                            "tags.%": "0",
                            "virtualization_type": "hvm"
                        },
                        "meta": {},
                        "tainted": false
                    },
                    "deposed": [],
                    "provider": "provider.aws"
                },
                "data.aws_ami.ubuntu": {
                    "type": "aws_ami",
                    "depends_on": [],
                    "primary": {
                        "id": "ami-2757f631",
                        "attributes": {
                            "architecture": "x86_64",
                            "block_device_mappings.#": "3",
                            "block_device_mappings.1634610537.device_name": "/dev/sdb",
                            "block_device_mappings.1634610537.ebs.%": "0",
                            "block_device_mappings.1634610537.no_device": "",
                            "block_device_mappings.1634610537.virtual_name": "ephemeral0",
                            "block_device_mappings.2547816212.device_name": "/dev/sda1",
                            "block_device_mappings.2547816212.ebs.%": "6",
                            "block_device_mappings.2547816212.ebs.delete_on_termination": "true",
                            "block_device_mappings.2547816212.ebs.encrypted": "false",
                            "block_device_mappings.2547816212.ebs.iops": "0",
                            "block_device_mappings.2547816212.ebs.snapshot_id": "snap-0a439b07227e96333",
                            "block_device_mappings.2547816212.ebs.volume_size": "8",
                            "block_device_mappings.2547816212.ebs.volume_type": "gp2",
                            "block_device_mappings.2547816212.no_device": "",
                            "block_device_mappings.2547816212.virtual_name": "",
                            "block_device_mappings.3850042718.device_name": "/dev/sdc",
                            "block_device_mappings.3850042718.ebs.%": "0",
                            "block_device_mappings.3850042718.no_device": "",
                            "block_device_mappings.3850042718.virtual_name": "ephemeral1",
                            "creation_date": "2017-03-08T17:57:15.000Z",
                            "filter.#": "1",
                            "filter.1713369084.name": "image-id",
                            "filter.1713369084.values.#": "1",
                            "filter.1713369084.values.0": "ami-2757f631",
                            "hypervisor": "xen",
                            "id": "ami-2757f631",
                            "image_id": "ami-2757f631",
                            "image_location": "099720109477/ubuntu/images/hvm-ssd/ubuntu-xenial-16.04-amd64-server-20170307",
                            "image_type": "machine",
                            "most_recent": "false",
                            "name": "ubuntu/images/hvm-ssd/ubuntu-xenial-16.04-amd64-server-20170307",
                            "owner_id": "099720109477",
                            "owners.#": "1",
                            "owners.0": "099720109477",
                            "product_codes.#": "0",
                            "public": "true",
                            "root_device_name": "/dev/sda1",
                            "root_device_type": "ebs",
                            "root_snapshot_id": "snap-0a439b07227e96333",
                            "sriov_net_support": "simple",
                            "state": "available",
                            "state_reason.%": "2",
                            "state_reason.code": "UNSET",
                            "state_reason.message": "UNSET",
                            "tags.%": "0",
                            "virtualization_type": "hvm"
                        },
                        "meta": {},
                        "tainted": false
                    },
                    "deposed": [],
                    "provider": "provider.aws"
                },
                "data.aws_availability_zones.available": {
                    "type": "aws_availability_zones",
                    "depends_on": [],
                    "primary": {
                        "id": "2018-07-18 16:10:49.058415 +0000 UTC",
                        "attributes": {
                            "id": "2018-07-18 16:10:49.058415 +0000 UTC",
                            "names.#": "6",
                            "names.0": "us-east-1a",
                            "names.1": "us-east-1b",
                            "names.2": "us-east-1c",
                            "names.3": "us-east-1d",
                            "names.4": "us-east-1e",
                            "names.5": "us-east-1f"
                        },
                        "meta": {},
                        "tainted": false
                    },
                    "deposed": [],
                    "provider": "provider.aws"
                },
                "data.template_file.api_gateway_api_task_definition": {
                    "type": "template_file",
                    "depends_on": [
                        "aws_cloudwatch_log_group.api_gateway_api"
                    ],
                    "primary": {
                        "id": "bef15e19a1f5adee12a58a550293067bfc5753381d93495a53528648d9a7faa1",
                        "attributes": {
                            "id": "bef15e19a1f5adee12a58a550293067bfc5753381d93495a53528648d9a7faa1",
                            "rendered": "[\n    {\n        \"cpu\": 256,\n        \"image\": \"676612114792.dkr.ecr.us-east-1.amazonaws.com/api-gateway-api:747a96a1a1eb0dd2b01081a428b0f6bc7ab6a7b5-v2\",\n        \"memory\": 1024,\n        \"name\": \"api_gateway_api\",\n        \"command\": [\"api_gateway\",\n                    \"api_server\",\n                    \"--bind-port\",\n                    \"5001\",\n                    \"--worker-class\",\n                    \"eventlet\",\n                    \"--prod\"],\n        \"essential\": true,\n        \"portMappings\": [\n            {\n              \"hostPort\": 5001,\n              \"containerPort\": 5001,\n              \"protocol\": \"tcp\"\n            }\n        ],\n        \"environment\": [\n            {\n                \"name\": \"AWS_DEFAULT_REGION\",\n                \"value\": \"us-east-1\"\n            },\n            {\n                \"name\": \"EASTERN_STATE_BUCKET\",\n                \"value\": \"eastern-state\"\n            },\n            {\n                \"name\": \"EASTERN_STATE_NAME\",\n                \"value\": \"api-gateway-api\"\n            },\n            {\n                \"name\": \"EASTERN_STATE_ENV\",\n                \"value\": \"prod\"\n            }\n        ],\n        \"logConfiguration\": {\n            \"logDriver\": \"awslogs\",\n            \"options\": {\n                \"awslogs-group\": \"oddt-data-engineering/api-gateway-api\",\n                \"awslogs-region\": \"us-east-1\"\n            }\n        }\n    }\n]",
                            "template": "[\n    {\n        \"cpu\": 256,\n        \"image\": \"${image_url}\",\n        \"memory\": 1024,\n        \"name\": \"api_gateway_api\",\n        \"command\": [\"api_gateway\",\n                    \"api_server\",\n                    \"--bind-port\",\n                    \"5001\",\n                    \"--worker-class\",\n                    \"eventlet\",\n                    \"--prod\"],\n        \"essential\": true,\n        \"portMappings\": [\n            {\n              \"hostPort\": 5001,\n              \"containerPort\": 5001,\n              \"protocol\": \"tcp\"\n            }\n        ],\n        \"environment\": [\n            {\n                \"name\": \"AWS_DEFAULT_REGION\",\n                \"value\": \"us-east-1\"\n            },\n            {\n                \"name\": \"EASTERN_STATE_BUCKET\",\n                \"value\": \"eastern-state\"\n            },\n            {\n                \"name\": \"EASTERN_STATE_NAME\",\n                \"value\": \"api-gateway-api\"\n            },\n            {\n                \"name\": \"EASTERN_STATE_ENV\",\n                \"value\": \"prod\"\n            }\n        ],\n        \"logConfiguration\": {\n            \"logDriver\": \"awslogs\",\n            \"options\": {\n                \"awslogs-group\": \"${log_group_name}\",\n                \"awslogs-region\": \"${log_group_region}\"\n            }\n        }\n    }\n]",
                            "vars.%": "3",
                            "vars.image_url": "676612114792.dkr.ecr.us-east-1.amazonaws.com/api-gateway-api:747a96a1a1eb0dd2b01081a428b0f6bc7ab6a7b5-v2",
                            "vars.log_group_name": "oddt-data-engineering/api-gateway-api",
                            "vars.log_group_region": "us-east-1"
                        },
                        "meta": {},
                        "tainted": false
                    },
                    "deposed": [],
                    "provider": "provider.template"
                },
                "data.template_file.api_gateway_api_worker_task_definition": {
                    "type": "template_file",
                    "depends_on": [
                        "aws_cloudwatch_log_group.api_gateway_api"
                    ],
                    "primary": {
                        "id": "7eba75ca99af1f99f50d4a2425b6952d30c9d26dac3a927944439f840c919a7b",
                        "attributes": {
                            "id": "7eba75ca99af1f99f50d4a2425b6952d30c9d26dac3a927944439f840c919a7b",
                            "rendered": "[\n    {\n        \"cpu\": 256,\n        \"image\": \"676612114792.dkr.ecr.us-east-1.amazonaws.com/api-gateway-api:747a96a1a1eb0dd2b01081a428b0f6bc7ab6a7b5-v3\",\n        \"memory\": 512,\n        \"name\": \"api_gateway_api_worker\",\n        \"command\": [\"api_gateway\",\n                    \"worker\",\n                    \"--num-runs\",\n                    \"1000\"],\n        \"essential\": true,\n        \"environment\": [\n            {\n                \"name\": \"AWS_DEFAULT_REGION\",\n                \"value\": \"us-east-1\"\n            },\n            {\n                \"name\": \"EASTERN_STATE_BUCKET\",\n                \"value\": \"eastern-state\"\n            },\n            {\n                \"name\": \"EASTERN_STATE_NAME\",\n                \"value\": \"api-gateway-api\"\n            },\n            {\n                \"name\": \"EASTERN_STATE_ENV\",\n                \"value\": \"prod\"\n            }\n        ],\n        \"logConfiguration\": {\n            \"logDriver\": \"awslogs\",\n            \"options\": {\n                \"awslogs-group\": \"oddt-data-engineering/api-gateway-api\",\n                \"awslogs-region\": \"us-east-1\"\n            }\n        }\n    }\n]",
                            "template": "[\n    {\n        \"cpu\": 256,\n        \"image\": \"${image_url}\",\n        \"memory\": 512,\n        \"name\": \"api_gateway_api_worker\",\n        \"command\": [\"api_gateway\",\n                    \"worker\",\n                    \"--num-runs\",\n                    \"1000\"],\n        \"essential\": true,\n        \"environment\": [\n            {\n                \"name\": \"AWS_DEFAULT_REGION\",\n                \"value\": \"us-east-1\"\n            },\n            {\n                \"name\": \"EASTERN_STATE_BUCKET\",\n                \"value\": \"eastern-state\"\n            },\n            {\n                \"name\": \"EASTERN_STATE_NAME\",\n                \"value\": \"api-gateway-api\"\n            },\n            {\n                \"name\": \"EASTERN_STATE_ENV\",\n                \"value\": \"prod\"\n            }\n        ],\n        \"logConfiguration\": {\n            \"logDriver\": \"awslogs\",\n            \"options\": {\n                \"awslogs-group\": \"${log_group_name}\",\n                \"awslogs-region\": \"${log_group_region}\"\n            }\n        }\n    }\n]",
                            "vars.%": "3",
                            "vars.image_url": "676612114792.dkr.ecr.us-east-1.amazonaws.com/api-gateway-api:747a96a1a1eb0dd2b01081a428b0f6bc7ab6a7b5-v3",
                            "vars.log_group_name": "oddt-data-engineering/api-gateway-api",
                            "vars.log_group_region": "us-east-1"
                        },
                        "meta": {},
                        "tainted": false
                    },
                    "deposed": [],
                    "provider": "provider.template"
                },
                "data.template_file.api_gateway_gateway_task_definition": {
                    "type": "template_file",
                    "depends_on": [
                        "aws_cloudwatch_log_group.api_gateway_gateway"
                    ],
                    "primary": {
                        "id": "ccb5141b6eb5cbc1d819b2e53cb9c7f2a5b3f83079d27f232924a292dd15ecd3",
                        "attributes": {
                            "id": "ccb5141b6eb5cbc1d819b2e53cb9c7f2a5b3f83079d27f232924a292dd15ecd3",
                            "rendered": "[\n    {\n        \"cpu\": 256,\n        \"image\": \"676612114792.dkr.ecr.us-east-1.amazonaws.com/api-gateway-gateway:747a96a1a1eb0dd2b01081a428b0f6bc7ab6a7b5-v3\",\n        \"memory\": 1024,\n        \"name\": \"api_gateway_gateway\",\n        \"command\": [\"node\",\n                    \"gateway.js\"],\n        \"essential\": true,\n        \"portMappings\": [\n            {\n              \"hostPort\": 5002,\n              \"containerPort\": 5002,\n              \"protocol\": \"tcp\"\n            }\n        ],\n        \"environment\": [\n            {\n                \"name\": \"AWS_DEFAULT_REGION\",\n                \"value\": \"us-east-1\"\n            },\n            {\n                \"name\": \"EASTERN_STATE_BUCKET\",\n                \"value\": \"eastern-state\"\n            },\n            {\n                \"name\": \"EASTERN_STATE_NAME\",\n                \"value\": \"api-gateway-gateway\"\n            },\n            {\n                \"name\": \"EASTERN_STATE_ENV\",\n                \"value\": \"prod\"\n            },\n            {\n                \"name\": \"GATEWAY_HTTP_PORT\",\n                \"value\": \"5002\"\n            }\n        ],\n        \"logConfiguration\": {\n            \"logDriver\": \"awslogs\",\n            \"options\": {\n                \"awslogs-group\": \"oddt-data-engineering/api-gateway-gateway\",\n                \"awslogs-region\": \"us-east-1\"\n            }\n        }\n    }\n]",
                            "template": "[\n    {\n        \"cpu\": 256,\n        \"image\": \"${image_url}\",\n        \"memory\": 1024,\n        \"name\": \"api_gateway_gateway\",\n        \"command\": [\"node\",\n                    \"gateway.js\"],\n        \"essential\": true,\n        \"portMappings\": [\n            {\n              \"hostPort\": 5002,\n              \"containerPort\": 5002,\n              \"protocol\": \"tcp\"\n            }\n        ],\n        \"environment\": [\n            {\n                \"name\": \"AWS_DEFAULT_REGION\",\n                \"value\": \"us-east-1\"\n            },\n            {\n                \"name\": \"EASTERN_STATE_BUCKET\",\n                \"value\": \"eastern-state\"\n            },\n            {\n                \"name\": \"EASTERN_STATE_NAME\",\n                \"value\": \"api-gateway-gateway\"\n            },\n            {\n                \"name\": \"EASTERN_STATE_ENV\",\n                \"value\": \"prod\"\n            },\n            {\n                \"name\": \"GATEWAY_HTTP_PORT\",\n                \"value\": \"5002\"\n            }\n        ],\n        \"logConfiguration\": {\n            \"logDriver\": \"awslogs\",\n            \"options\": {\n                \"awslogs-group\": \"${log_group_name}\",\n                \"awslogs-region\": \"${log_group_region}\"\n            }\n        }\n    }\n]",
                            "vars.%": "3",
                            "vars.image_url": "676612114792.dkr.ecr.us-east-1.amazonaws.com/api-gateway-gateway:747a96a1a1eb0dd2b01081a428b0f6bc7ab6a7b5-v3",
                            "vars.log_group_name": "oddt-data-engineering/api-gateway-gateway",
                            "vars.log_group_region": "us-east-1"
                        },
                        "meta": {},
                        "tainted": false
                    },
                    "deposed": [],
                    "provider": "provider.template"
                },
                "data.template_file.data_engineering_cluster_instance_profile": {
                    "type": "template_file",
                    "depends_on": [
                        "aws_cloudwatch_log_group.api_gateway_api",
                        "aws_cloudwatch_log_group.api_gateway_gateway",
                        "aws_cloudwatch_log_group.container",
                        "aws_cloudwatch_log_group.ecs",
                        "aws_cloudwatch_log_group.redash_webserver",
                        "aws_cloudwatch_log_group.redash_worker",
                        "aws_cloudwatch_log_group.superset_webserver",
                        "aws_cloudwatch_log_group.taskflow_api_server",
                        "aws_cloudwatch_log_group.taskflow_scheduler"
                    ],
                    "primary": {
                        "id": "ae93f12d92db9c32e35f58d6c5a14b6fb19a12661c45db2c6b89abecba5ed656",
                        "attributes": {
                            "id": "ae93f12d92db9c32e35f58d6c5a14b6fb19a12661c45db2c6b89abecba5ed656",
                            "rendered": "{\n  \"Version\": \"2012-10-17\",\n  \"Statement\": [\n    {\n      \"Sid\": \"ecsInstanceRole\",\n      \"Effect\": \"Allow\",\n      \"Action\": [\n        \"ecs:DeregisterContainerInstance\",\n        \"ecs:DiscoverPollEndpoint\",\n        \"ecs:Poll\",\n        \"ecs:RegisterContainerInstance\",\n        \"ecs:Submit*\",\n        \"ecs:StartTelemetrySession\",\n        \"ecr:BatchCheckLayerAvailability\",\n        \"ecr:BatchGetImage\",\n        \"ecr:GetDownloadUrlForLayer\",\n        \"ecr:GetAuthorizationToken\"\n      ],\n      \"Resource\": [\n        \"*\"\n      ]\n    },\n    {\n      \"Sid\": \"ecsInstanceAllowLoggingToCloudWatch\",\n      \"Effect\": \"Allow\",\n      \"Action\": [\n        \"logs:CreateLogStream\",\n        \"logs:PutLogEvents\"\n      ],\n      \"Resource\": [\n        \"arn:aws:logs:us-east-1:676612114792:log-group:/aws/batch/job:*\",\n        \"arn:aws:logs:us-east-1:676612114792:log-group:oddt-data-engineering/ecs-containers:*\",\n        \"arn:aws:logs:us-east-1:676612114792:log-group:oddt-data-engineering/ecs-agent:*\",\n        \"arn:aws:logs:us-east-1:676612114792:log-group:oddt-data-engineering/taskflow-scheduler:*\",\n        \"arn:aws:logs:us-east-1:676612114792:log-group:oddt-data-engineering/taskflow-api-server:*\",\n        \"arn:aws:logs:us-east-1:676612114792:log-group:oddt-data-engineering/api-gateway-api:*\",\n        \"arn:aws:logs:us-east-1:676612114792:log-group:oddt-data-engineering/api-gateway-gateway:*\",\n        \"arn:aws:logs:us-east-1:676612114792:log-group:oddt-data-engineering/redash-webserver:*\",\n        \"arn:aws:logs:us-east-1:676612114792:log-group:oddt-data-engineering/redash-worker:*\",\n        \"arn:aws:logs:us-east-1:676612114792:log-group:oddt-data-engineering/superset-webserver:*\"\n      ]\n    },\n    {\n      \"Sid\": \"allowKeystothecityRead\",\n      \"Effect\": \"Allow\",\n      \"Action\": [\n        \"s3:GetObject\"\n      ],\n      \"Resource\": [\n        \"arn:aws:s3:::oddt-pub-keys/*\"\n      ]\n    }\n  ]\n}",
                            "template": "{\n  \"Version\": \"2012-10-17\",\n  \"Statement\": [\n    {\n      \"Sid\": \"ecsInstanceRole\",\n      \"Effect\": \"Allow\",\n      \"Action\": [\n        \"ecs:DeregisterContainerInstance\",\n        \"ecs:DiscoverPollEndpoint\",\n        \"ecs:Poll\",\n        \"ecs:RegisterContainerInstance\",\n        \"ecs:Submit*\",\n        \"ecs:StartTelemetrySession\",\n        \"ecr:BatchCheckLayerAvailability\",\n        \"ecr:BatchGetImage\",\n        \"ecr:GetDownloadUrlForLayer\",\n        \"ecr:GetAuthorizationToken\"\n      ],\n      \"Resource\": [\n        \"*\"\n      ]\n    },\n    {\n      \"Sid\": \"ecsInstanceAllowLoggingToCloudWatch\",\n      \"Effect\": \"Allow\",\n      \"Action\": [\n        \"logs:CreateLogStream\",\n        \"logs:PutLogEvents\"\n      ],\n      \"Resource\": [\n        \"arn:aws:logs:us-east-1:676612114792:log-group:/aws/batch/job:*\",\n        \"${container_log_group_arn}\",\n        \"${ecs_log_group_arn}\",\n        \"${taskflow_scheduler_log_group_arn}\",\n        \"${taskflow_api_server_log_group_arn}\",\n        \"${api_gateway_api_log_group_arn}\",\n        \"${api_gateway_gateway_log_group_arn}\",\n        \"${redash_webserver_log_group_arn}\",\n        \"${redash_worker_log_group_arn}\",\n        \"${superset_webserver_log_group_arn}\"\n      ]\n    },\n    {\n      \"Sid\": \"allowKeystothecityRead\",\n      \"Effect\": \"Allow\",\n      \"Action\": [\n        \"s3:GetObject\"\n      ],\n      \"Resource\": [\n        \"arn:aws:s3:::oddt-pub-keys/*\"\n      ]\n    }\n  ]\n}",
                            "vars.%": "9",
                            "vars.api_gateway_api_log_group_arn": "arn:aws:logs:us-east-1:676612114792:log-group:oddt-data-engineering/api-gateway-api:*",
                            "vars.api_gateway_gateway_log_group_arn": "arn:aws:logs:us-east-1:676612114792:log-group:oddt-data-engineering/api-gateway-gateway:*",
                            "vars.container_log_group_arn": "arn:aws:logs:us-east-1:676612114792:log-group:oddt-data-engineering/ecs-containers:*",
                            "vars.ecs_log_group_arn": "arn:aws:logs:us-east-1:676612114792:log-group:oddt-data-engineering/ecs-agent:*",
                            "vars.redash_webserver_log_group_arn": "arn:aws:logs:us-east-1:676612114792:log-group:oddt-data-engineering/redash-webserver:*",
                            "vars.redash_worker_log_group_arn": "arn:aws:logs:us-east-1:676612114792:log-group:oddt-data-engineering/redash-worker:*",
                            "vars.superset_webserver_log_group_arn": "arn:aws:logs:us-east-1:676612114792:log-group:oddt-data-engineering/superset-webserver:*",
                            "vars.taskflow_api_server_log_group_arn": "arn:aws:logs:us-east-1:676612114792:log-group:oddt-data-engineering/taskflow-api-server:*",
                            "vars.taskflow_scheduler_log_group_arn": "arn:aws:logs:us-east-1:676612114792:log-group:oddt-data-engineering/taskflow-scheduler:*"
                        },
                        "meta": {},
                        "tainted": false
                    },
                    "deposed": [],
                    "provider": "provider.template"
                },
                "data.template_file.data_engineering_ecs_user_data": {
                    "type": "template_file",
                    "depends_on": [
                        "aws_ecs_cluster.data_engineering_cluster"
                    ],
                    "primary": {
                        "id": "2e47610a9086fec5a8a35cdab0facdb99027c6fc898d9c0ac5ccbd6ebc6dd0c5",
                        "attributes": {
                            "id": "2e47610a9086fec5a8a35cdab0facdb99027c6fc898d9c0ac5ccbd6ebc6dd0c5",
                            "rendered": "#!/bin/bash\necho ECS_CLUSTER=oddt-data-engineering-ecs-cluster \u003e\u003e /etc/ecs/ecs.config\n\nsudo yum -y install python36 python36-virtualenv python36-pip git\n\nsudo pip-3.6 install git+https://github.com/CityOfPhiladelphia/keytothecity.git\n\nexport LC_ALL=en_US.UTF-8\nexport LANG=en_US.UTF-8\n\nkeytothecity sync ecs_cluster -c s3://oddt-pub-keys/keytothecity.yml\nkeytothecity install_cron ecs_cluster -c s3://oddt-pub-keys/keytothecity.yml\n",
                            "template": "#!/bin/bash\necho ECS_CLUSTER=${cluster_name} \u003e\u003e /etc/ecs/ecs.config\n\nsudo yum -y install python36 python36-virtualenv python36-pip git\n\nsudo pip-3.6 install git+https://github.com/CityOfPhiladelphia/keytothecity.git\n\nexport LC_ALL=en_US.UTF-8\nexport LANG=en_US.UTF-8\n\nkeytothecity sync ${keytothecity_config_name} -c ${keytothecity_config}\nkeytothecity install_cron ${keytothecity_config_name} -c ${keytothecity_config}\n",
                            "vars.%": "3",
                            "vars.cluster_name": "oddt-data-engineering-ecs-cluster",
                            "vars.keytothecity_config": "s3://oddt-pub-keys/keytothecity.yml",
                            "vars.keytothecity_config_name": "ecs_cluster"
                        },
                        "meta": {},
                        "tainted": false
                    },
                    "deposed": [],
                    "provider": "provider.template"
                },
                "data.template_file.data_engineering_tunnel_gateway_policy_template": {
                    "type": "template_file",
                    "depends_on": [],
                    "primary": {
                        "id": "61f4abd8939f416cb8a2084f84084c391800f724500857403efe83e8ce09ef82",
                        "attributes": {
                            "id": "61f4abd8939f416cb8a2084f84084c391800f724500857403efe83e8ce09ef82",
                            "rendered": "{\n  \"Version\": \"2012-10-17\",\n  \"Statement\": [\n    {\n      \"Sid\": \"allowKeystothecityRead\",\n      \"Effect\": \"Allow\",\n      \"Action\": [\n        \"s3:GetObject\"\n      ],\n      \"Resource\": [\n        \"arn:aws:s3:::oddt-pub-keys/*\"\n      ]\n    }\n  ]\n}",
                            "template": "{\n  \"Version\": \"2012-10-17\",\n  \"Statement\": [\n    {\n      \"Sid\": \"allowKeystothecityRead\",\n      \"Effect\": \"Allow\",\n      \"Action\": [\n        \"s3:GetObject\"\n      ],\n      \"Resource\": [\n        \"arn:aws:s3:::oddt-pub-keys/*\"\n      ]\n    }\n  ]\n}"
                        },
                        "meta": {},
                        "tainted": false
                    },
                    "deposed": [],
                    "provider": "provider.template"
                },
                "data.template_file.data_engineering_tunnel_gateway_user_data": {
                    "type": "template_file",
                    "depends_on": [],
                    "primary": {
                        "id": "d2ab73c5623604bc6a4ed307e8ecfc74aca6593f1624a224d92e1128798e2b0e",
                        "attributes": {
                            "id": "d2ab73c5623604bc6a4ed307e8ecfc74aca6593f1624a224d92e1128798e2b0e",
                            "rendered": "#!/bin/bash\n\nexport LC_ALL=C.UTF-8\nexport LANG=C.UTF-8\n\napt-get update\napt-get -y upgrade\napt-get install -y python3 python3-pip git\n\npip3 install --upgrade pip3\n\npip3 install git+https://github.com/CityOfPhiladelphia/keytothecity.git\n\nkeytothecity sync tunnel_gateway -c s3://oddt-pub-keys/keytothecity.yml\nkeytothecity install_cron tunnel_gateway -c s3://oddt-pub-keys/keytothecity.yml\n",
                            "template": "#!/bin/bash\n\nexport LC_ALL=C.UTF-8\nexport LANG=C.UTF-8\n\napt-get update\napt-get -y upgrade\napt-get install -y python3 python3-pip git\n\npip3 install --upgrade pip3\n\npip3 install git+https://github.com/CityOfPhiladelphia/keytothecity.git\n\nkeytothecity sync ${keytothecity_config_name} -c ${keytothecity_config}\nkeytothecity install_cron ${keytothecity_config_name} -c ${keytothecity_config}\n",
                            "vars.%": "2",
                            "vars.keytothecity_config": "s3://oddt-pub-keys/keytothecity.yml",
                            "vars.keytothecity_config_name": "tunnel_gateway"
                        },
                        "meta": {},
                        "tainted": false
                    },
                    "deposed": [],
                    "provider": "provider.template"
                },
                "data.template_file.redash_webserver_task_definition": {
                    "type": "template_file",
                    "depends_on": [
                        "aws_cloudwatch_log_group.redash_webserver"
                    ],
                    "primary": {
                        "id": "eadb0425a28b865c0f77bd1115f62bdda1034b6b3482994cfe48c9cf62d42b1b",
                        "attributes": {
                            "id": "eadb0425a28b865c0f77bd1115f62bdda1034b6b3482994cfe48c9cf62d42b1b",
                            "rendered": "[\n    {\n        \"cpu\": 512,\n        \"image\": \"676612114792.dkr.ecr.us-east-1.amazonaws.com/redash:21683e010cec529fc4e5466f466858c81cac9080\",\n        \"memory\": 1024,\n        \"name\": \"redash_webserver\",\n        \"command\": [\"server\"],\n        \"essential\": true,\n        \"portMappings\": [\n            {\n              \"hostPort\": 5003,\n              \"containerPort\": 5003,\n              \"protocol\": \"tcp\"\n            }\n        ],\n        \"environment\": [\n            {\n                \"name\": \"AWS_DEFAULT_REGION\",\n                \"value\": \"us-east-1\"\n            },\n            {\n                \"name\": \"EASTERN_STATE_BUCKET\",\n                \"value\": \"eastern-state\"\n            },\n            {\n                \"name\": \"EASTERN_STATE_NAME\",\n                \"value\": \"redash\"\n            },\n            {\n                \"name\": \"EASTERN_STATE_ENV\",\n                \"value\": \"prod\"\n            }\n        ],\n        \"logConfiguration\": {\n            \"logDriver\": \"awslogs\",\n            \"options\": {\n                \"awslogs-group\": \"oddt-data-engineering/redash-webserver\",\n                \"awslogs-region\": \"us-east-1\"\n            }\n        }\n    }\n]",
                            "template": "[\n    {\n        \"cpu\": 512,\n        \"image\": \"${image_url}\",\n        \"memory\": 1024,\n        \"name\": \"${container_name}\",\n        \"command\": [\"server\"],\n        \"essential\": true,\n        \"portMappings\": [\n            {\n              \"hostPort\": 5003,\n              \"containerPort\": 5003,\n              \"protocol\": \"tcp\"\n            }\n        ],\n        \"environment\": [\n            {\n                \"name\": \"AWS_DEFAULT_REGION\",\n                \"value\": \"us-east-1\"\n            },\n            {\n                \"name\": \"EASTERN_STATE_BUCKET\",\n                \"value\": \"eastern-state\"\n            },\n            {\n                \"name\": \"EASTERN_STATE_NAME\",\n                \"value\": \"redash\"\n            },\n            {\n                \"name\": \"EASTERN_STATE_ENV\",\n                \"value\": \"prod\"\n            }\n        ],\n        \"logConfiguration\": {\n            \"logDriver\": \"awslogs\",\n            \"options\": {\n                \"awslogs-group\": \"${log_group_name}\",\n                \"awslogs-region\": \"${log_group_region}\"\n            }\n        }\n    }\n]",
                            "vars.%": "4",
                            "vars.container_name": "redash_webserver",
                            "vars.image_url": "676612114792.dkr.ecr.us-east-1.amazonaws.com/redash:21683e010cec529fc4e5466f466858c81cac9080",
                            "vars.log_group_name": "oddt-data-engineering/redash-webserver",
                            "vars.log_group_region": "us-east-1"
                        },
                        "meta": {},
                        "tainted": false
                    },
                    "deposed": [],
                    "provider": "provider.template"
                },
                "data.template_file.redash_worker_task_definition": {
                    "type": "template_file",
                    "depends_on": [
                        "aws_cloudwatch_log_group.redash_worker"
                    ],
                    "primary": {
                        "id": "2fd544f398394777b968c66dd4ed17ce9ceefbe17ed675a0f0ff5f572ee7c8fd",
                        "attributes": {
                            "id": "2fd544f398394777b968c66dd4ed17ce9ceefbe17ed675a0f0ff5f572ee7c8fd",
                            "rendered": "[\n    {\n        \"cpu\": 512,\n        \"image\": \"676612114792.dkr.ecr.us-east-1.amazonaws.com/redash:21683e010cec529fc4e5466f466858c81cac9080\",\n        \"memory\": 1024,\n        \"name\": \"redash_worker\",\n        \"command\": [\"worker\"],\n        \"essential\": true,\n        \"environment\": [\n            {\n                \"name\": \"AWS_DEFAULT_REGION\",\n                \"value\": \"us-east-1\"\n            },\n            {\n                \"name\": \"EASTERN_STATE_BUCKET\",\n                \"value\": \"eastern-state\"\n            },\n            {\n                \"name\": \"EASTERN_STATE_NAME\",\n                \"value\": \"redash\"\n            },\n            {\n                \"name\": \"EASTERN_STATE_ENV\",\n                \"value\": \"prod\"\n            }\n        ],\n        \"logConfiguration\": {\n            \"logDriver\": \"awslogs\",\n            \"options\": {\n                \"awslogs-group\": \"oddt-data-engineering/redash-worker\",\n                \"awslogs-region\": \"us-east-1\"\n            }\n        }\n    }\n]",
                            "template": "[\n    {\n        \"cpu\": 512,\n        \"image\": \"${image_url}\",\n        \"memory\": 1024,\n        \"name\": \"${container_name}\",\n        \"command\": [\"worker\"],\n        \"essential\": true,\n        \"environment\": [\n            {\n                \"name\": \"AWS_DEFAULT_REGION\",\n                \"value\": \"us-east-1\"\n            },\n            {\n                \"name\": \"EASTERN_STATE_BUCKET\",\n                \"value\": \"eastern-state\"\n            },\n            {\n                \"name\": \"EASTERN_STATE_NAME\",\n                \"value\": \"redash\"\n            },\n            {\n                \"name\": \"EASTERN_STATE_ENV\",\n                \"value\": \"prod\"\n            }\n        ],\n        \"logConfiguration\": {\n            \"logDriver\": \"awslogs\",\n            \"options\": {\n                \"awslogs-group\": \"${log_group_name}\",\n                \"awslogs-region\": \"${log_group_region}\"\n            }\n        }\n    }\n]",
                            "vars.%": "4",
                            "vars.container_name": "redash_worker",
                            "vars.image_url": "676612114792.dkr.ecr.us-east-1.amazonaws.com/redash:21683e010cec529fc4e5466f466858c81cac9080",
                            "vars.log_group_name": "oddt-data-engineering/redash-worker",
                            "vars.log_group_region": "us-east-1"
                        },
                        "meta": {},
                        "tainted": false
                    },
                    "deposed": [],
                    "provider": "provider.template"
                },
                "data.template_file.superset_webserver_task_definition": {
                    "type": "template_file",
                    "depends_on": [
                        "aws_cloudwatch_log_group.superset_webserver"
                    ],
                    "primary": {
                        "id": "c4f82e3473beabb933bcb630dcb15a479f6aff69b082643433158daef9b39749",
                        "attributes": {
                            "id": "c4f82e3473beabb933bcb630dcb15a479f6aff69b082643433158daef9b39749",
                            "rendered": "[\n    {\n        \"cpu\": 512,\n        \"image\": \"676612114792.dkr.ecr.us-east-1.amazonaws.com/superset:2ce760641261a3d8d74ea97aaea562e7ed6553b9\",\n        \"memory\": 1024,\n        \"name\": \"superset_webserver\",\n        \"command\": [\"runserver\", \"-p\", \"5004\"],\n        \"essential\": true,\n        \"portMappings\": [\n            {\n              \"hostPort\": 5004,\n              \"containerPort\": 5004,\n              \"protocol\": \"tcp\"\n            }\n        ],\n        \"environment\": [\n            {\n                \"name\": \"AWS_DEFAULT_REGION\",\n                \"value\": \"us-east-1\"\n            },\n            {\n                \"name\": \"EASTERN_STATE_BUCKET\",\n                \"value\": \"eastern-state\"\n            },\n            {\n                \"name\": \"EASTERN_STATE_NAME\",\n                \"value\": \"superset\"\n            },\n            {\n                \"name\": \"EASTERN_STATE_ENV\",\n                \"value\": \"prod\"\n            }\n        ],\n        \"logConfiguration\": {\n            \"logDriver\": \"awslogs\",\n            \"options\": {\n                \"awslogs-group\": \"oddt-data-engineering/superset-webserver\",\n                \"awslogs-region\": \"us-east-1\"\n            }\n        }\n    }\n]",
                            "template": "[\n    {\n        \"cpu\": 512,\n        \"image\": \"${image_url}\",\n        \"memory\": 1024,\n        \"name\": \"${container_name}\",\n        \"command\": [\"runserver\", \"-p\", \"5004\"],\n        \"essential\": true,\n        \"portMappings\": [\n            {\n              \"hostPort\": 5004,\n              \"containerPort\": 5004,\n              \"protocol\": \"tcp\"\n            }\n        ],\n        \"environment\": [\n            {\n                \"name\": \"AWS_DEFAULT_REGION\",\n                \"value\": \"us-east-1\"\n            },\n            {\n                \"name\": \"EASTERN_STATE_BUCKET\",\n                \"value\": \"eastern-state\"\n            },\n            {\n                \"name\": \"EASTERN_STATE_NAME\",\n                \"value\": \"superset\"\n            },\n            {\n                \"name\": \"EASTERN_STATE_ENV\",\n                \"value\": \"prod\"\n            }\n        ],\n        \"logConfiguration\": {\n            \"logDriver\": \"awslogs\",\n            \"options\": {\n                \"awslogs-group\": \"${log_group_name}\",\n                \"awslogs-region\": \"${log_group_region}\"\n            }\n        }\n    }\n]",
                            "vars.%": "4",
                            "vars.container_name": "superset_webserver",
                            "vars.image_url": "676612114792.dkr.ecr.us-east-1.amazonaws.com/superset:2ce760641261a3d8d74ea97aaea562e7ed6553b9",
                            "vars.log_group_name": "oddt-data-engineering/superset-webserver",
                            "vars.log_group_region": "us-east-1"
                        },
                        "meta": {},
                        "tainted": false
                    },
                    "deposed": [],
                    "provider": "provider.template"
                },
                "data.template_file.taskflow_api_server_task_definition": {
                    "type": "template_file",
                    "depends_on": [
                        "aws_cloudwatch_log_group.taskflow_api_server"
                    ],
                    "primary": {
                        "id": "05a4c3eb0309877958005fe2bb3c509ef4ade42a93e18c2f6949b67621264ab5",
                        "attributes": {
                            "id": "05a4c3eb0309877958005fe2bb3c509ef4ade42a93e18c2f6949b67621264ab5",
                            "rendered": "[\n    {\n        \"cpu\": 256,\n        \"image\": \"676612114792.dkr.ecr.us-east-1.amazonaws.com/taskflow-api-server:7b7507338dd5f9d0e2b6c5b35d098a8f237d2990\",\n        \"memory\": 512,\n        \"name\": \"taskflow_api_server\",\n        \"command\": [\"python3\",\n                    \"phila_taskflow/main.py\",\n                    \"api_server\",\n                    \"--worker-class\",\n                    \"eventlet\",\n                    \"--prod\"],\n        \"essential\": true,\n        \"portMappings\": [\n            {\n              \"hostPort\": 5000,\n              \"containerPort\": 5000,\n              \"protocol\": \"tcp\"\n            }\n        ],\n        \"environment\": [\n            {\n                \"name\": \"AWS_DEFAULT_REGION\",\n                \"value\": \"us-east-1\"\n            },\n            {\n                \"name\": \"EASTERN_STATE_BUCKET\",\n                \"value\": \"eastern-state\"\n            },\n            {\n                \"name\": \"EASTERN_STATE_NAME\",\n                \"value\": \"taskflow\"\n            },\n            {\n                \"name\": \"EASTERN_STATE_ENV\",\n                \"value\": \"prod\"\n            }\n        ],\n        \"logConfiguration\": {\n            \"logDriver\": \"awslogs\",\n            \"options\": {\n                \"awslogs-group\": \"oddt-data-engineering/taskflow-api-server\",\n                \"awslogs-region\": \"us-east-1\"\n            }\n        }\n    }\n]",
                            "template": "[\n    {\n        \"cpu\": 256,\n        \"image\": \"${image_url}\",\n        \"memory\": 512,\n        \"name\": \"${container_name}\",\n        \"command\": [\"python3\",\n                    \"phila_taskflow/main.py\",\n                    \"api_server\",\n                    \"--worker-class\",\n                    \"eventlet\",\n                    \"--prod\"],\n        \"essential\": true,\n        \"portMappings\": [\n            {\n              \"hostPort\": 5000,\n              \"containerPort\": 5000,\n              \"protocol\": \"tcp\"\n            }\n        ],\n        \"environment\": [\n            {\n                \"name\": \"AWS_DEFAULT_REGION\",\n                \"value\": \"us-east-1\"\n            },\n            {\n                \"name\": \"EASTERN_STATE_BUCKET\",\n                \"value\": \"eastern-state\"\n            },\n            {\n                \"name\": \"EASTERN_STATE_NAME\",\n                \"value\": \"taskflow\"\n            },\n            {\n                \"name\": \"EASTERN_STATE_ENV\",\n                \"value\": \"prod\"\n            }\n        ],\n        \"logConfiguration\": {\n            \"logDriver\": \"awslogs\",\n            \"options\": {\n                \"awslogs-group\": \"${log_group_name}\",\n                \"awslogs-region\": \"${log_group_region}\"\n            }\n        }\n    }\n]",
                            "vars.%": "4",
                            "vars.container_name": "taskflow_api_server",
                            "vars.image_url": "676612114792.dkr.ecr.us-east-1.amazonaws.com/taskflow-api-server:7b7507338dd5f9d0e2b6c5b35d098a8f237d2990",
                            "vars.log_group_name": "oddt-data-engineering/taskflow-api-server",
                            "vars.log_group_region": "us-east-1"
                        },
                        "meta": {},
                        "tainted": false
                    },
                    "deposed": [],
                    "provider": "provider.template"
                },
                "data.template_file.taskflow_scheduler_task_definition": {
                    "type": "template_file",
                    "depends_on": [
                        "aws_cloudwatch_log_group.taskflow_scheduler"
                    ],
                    "primary": {
                        "id": "508a2a018ada15b968e9f4a4a82879267dfd77814dbd9a86f9daf139b270b7bd",
                        "attributes": {
                            "id": "508a2a018ada15b968e9f4a4a82879267dfd77814dbd9a86f9daf139b270b7bd",
                            "rendered": "[\n    {\n        \"cpu\": 512,\n        \"image\": \"676612114792.dkr.ecr.us-east-1.amazonaws.com/taskflow-scheduler:7b7507338dd5f9d0e2b6c5b35d098a8f237d2990\",\n        \"memory\": 512,\n        \"name\": \"taskflow_scheduler\",\n        \"command\": [\"python3\",\n                    \"phila_taskflow/main.py\",\n                    \"scheduler\",\n                    \"--num-runs\",\n                    \"200\"],\n        \"essential\": true,\n        \"environment\": [\n            {\n                \"name\": \"AWS_DEFAULT_REGION\",\n                \"value\": \"us-east-1\"\n            },\n            {\n                \"name\": \"EASTERN_STATE_BUCKET\",\n                \"value\": \"eastern-state\"\n            },\n            {\n                \"name\": \"EASTERN_STATE_NAME\",\n                \"value\": \"taskflow\"\n            },\n            {\n                \"name\": \"EASTERN_STATE_ENV\",\n                \"value\": \"prod\"\n            }\n        ],\n        \"logConfiguration\": {\n            \"logDriver\": \"awslogs\",\n            \"options\": {\n                \"awslogs-group\": \"oddt-data-engineering/taskflow-scheduler\",\n                \"awslogs-region\": \"us-east-1\"\n            }\n        }\n    }\n]",
                            "template": "[\n    {\n        \"cpu\": 512,\n        \"image\": \"${image_url}\",\n        \"memory\": 512,\n        \"name\": \"${container_name}\",\n        \"command\": [\"python3\",\n                    \"phila_taskflow/main.py\",\n                    \"scheduler\",\n                    \"--num-runs\",\n                    \"200\"],\n        \"essential\": true,\n        \"environment\": [\n            {\n                \"name\": \"AWS_DEFAULT_REGION\",\n                \"value\": \"us-east-1\"\n            },\n            {\n                \"name\": \"EASTERN_STATE_BUCKET\",\n                \"value\": \"eastern-state\"\n            },\n            {\n                \"name\": \"EASTERN_STATE_NAME\",\n                \"value\": \"taskflow\"\n            },\n            {\n                \"name\": \"EASTERN_STATE_ENV\",\n                \"value\": \"prod\"\n            }\n        ],\n        \"logConfiguration\": {\n            \"logDriver\": \"awslogs\",\n            \"options\": {\n                \"awslogs-group\": \"${log_group_name}\",\n                \"awslogs-region\": \"${log_group_region}\"\n            }\n        }\n    }\n]",
                            "vars.%": "4",
                            "vars.container_name": "taskflow_scheduler",
                            "vars.image_url": "676612114792.dkr.ecr.us-east-1.amazonaws.com/taskflow-scheduler:7b7507338dd5f9d0e2b6c5b35d098a8f237d2990",
                            "vars.log_group_name": "oddt-data-engineering/taskflow-scheduler",
                            "vars.log_group_region": "us-east-1"
                        },
                        "meta": {},
                        "tainted": false
                    },
                    "deposed": [],
                    "provider": "provider.template"
                }
            },
            "depends_on": []
        }
    ]
}
