{
    "version": 3,
    "terraform_version": "0.8.7",
    "serial": 46,
    "lineage": "898a5495-0788-4e8d-a112-caee46ddd961",
    "modules": [
        {
            "path": [
                "root"
            ],
            "outputs": {},
            "resources": {
                "aws_autoscaling_group.data_engineering_cluster": {
                    "type": "aws_autoscaling_group",
                    "depends_on": [
                        "aws_launch_configuration.data_engineering_cluster",
                        "aws_subnet.data_engineering"
                    ],
                    "primary": {
                        "id": "oddt-data-engineering-ecs-asg",
                        "attributes": {
                            "arn": "arn:aws:autoscaling:us-east-1:676612114792:autoScalingGroup:009c839c-609e-4864-8dc2-3f04a35a1eac:autoScalingGroupName/oddt-data-engineering-ecs-asg",
                            "availability_zones.#": "3",
                            "availability_zones.1305112097": "us-east-1b",
                            "availability_zones.3569565595": "us-east-1a",
                            "availability_zones.986537655": "us-east-1c",
                            "default_cooldown": "300",
                            "desired_capacity": "3",
                            "force_delete": "false",
                            "health_check_grace_period": "300",
                            "health_check_type": "EC2",
                            "id": "oddt-data-engineering-ecs-asg",
                            "launch_configuration": "terraform-004a1bd0551368fe0b5cf69ed2",
                            "load_balancers.#": "0",
                            "max_size": "4",
                            "metrics_granularity": "1Minute",
                            "min_size": "1",
                            "name": "oddt-data-engineering-ecs-asg",
                            "placement_group": "",
                            "protect_from_scale_in": "false",
                            "suspended_processes.#": "0",
                            "tag.#": "0",
                            "target_group_arns.#": "0",
                            "termination_policies.#": "0",
                            "vpc_zone_identifier.#": "3",
                            "vpc_zone_identifier.1549887898": "subnet-c07e509b",
                            "vpc_zone_identifier.2172698845": "subnet-0ee7816b",
                            "vpc_zone_identifier.945206811": "subnet-f2f0cedf",
                            "wait_for_capacity_timeout": "10m"
                        },
                        "meta": {},
                        "tainted": false
                    },
                    "deposed": [],
                    "provider": ""
                },
                "aws_cloudwatch_log_group.container": {
                    "type": "aws_cloudwatch_log_group",
                    "depends_on": [],
                    "primary": {
                        "id": "oddt-data-engineering/ecs-containers",
                        "attributes": {
                            "arn": "arn:aws:logs:us-east-1:676612114792:log-group:oddt-data-engineering/ecs-containers:*",
                            "id": "oddt-data-engineering/ecs-containers",
                            "name": "oddt-data-engineering/ecs-containers",
                            "retention_in_days": "0",
                            "tags.%": "2",
                            "tags.Department": "oddt",
                            "tags.Name": "oddt-data-engineering-ecs-containers"
                        },
                        "meta": {},
                        "tainted": false
                    },
                    "deposed": [],
                    "provider": ""
                },
                "aws_cloudwatch_log_group.ecs": {
                    "type": "aws_cloudwatch_log_group",
                    "depends_on": [],
                    "primary": {
                        "id": "oddt-data-engineering/ecs-agent",
                        "attributes": {
                            "arn": "arn:aws:logs:us-east-1:676612114792:log-group:oddt-data-engineering/ecs-agent:*",
                            "id": "oddt-data-engineering/ecs-agent",
                            "name": "oddt-data-engineering/ecs-agent",
                            "retention_in_days": "0",
                            "tags.%": "2",
                            "tags.Department": "oddt",
                            "tags.Name": "oddt-data-engineering-logs-ecs-agent"
                        },
                        "meta": {},
                        "tainted": false
                    },
                    "deposed": [],
                    "provider": ""
                },
                "aws_db_subnet_group.data_engineering": {
                    "type": "aws_db_subnet_group",
                    "depends_on": [
                        "aws_subnet.data_engineering"
                    ],
                    "primary": {
                        "id": "data_engineering",
                        "attributes": {
                            "arn": "arn:aws:rds:us-east-1:676612114792:subgrp:data_engineering",
                            "description": "Managed by Terraform",
                            "id": "data_engineering",
                            "name": "data_engineering",
                            "subnet_ids.#": "3",
                            "subnet_ids.1549887898": "subnet-c07e509b",
                            "subnet_ids.2172698845": "subnet-0ee7816b",
                            "subnet_ids.945206811": "subnet-f2f0cedf",
                            "tags.%": "0"
                        },
                        "meta": {},
                        "tainted": false
                    },
                    "deposed": [],
                    "provider": ""
                },
                "aws_ecs_cluster.data_engineering_cluster": {
                    "type": "aws_ecs_cluster",
                    "depends_on": [],
                    "primary": {
                        "id": "arn:aws:ecs:us-east-1:676612114792:cluster/oddt-data-engineering-ecs-cluster",
                        "attributes": {
                            "id": "arn:aws:ecs:us-east-1:676612114792:cluster/oddt-data-engineering-ecs-cluster",
                            "name": "oddt-data-engineering-ecs-cluster"
                        },
                        "meta": {},
                        "tainted": false
                    },
                    "deposed": [],
                    "provider": ""
                },
                "aws_ecs_service.airflow_scheduler": {
                    "type": "aws_ecs_service",
                    "depends_on": [
                        "aws_ecs_cluster.data_engineering_cluster",
                        "aws_ecs_task_definition.airflow_scheduler_task_definition"
                    ],
                    "primary": {
                        "id": "arn:aws:ecs:us-east-1:676612114792:service/oddt-data-engineering-airflow-scheduler",
                        "attributes": {
                            "cluster": "arn:aws:ecs:us-east-1:676612114792:cluster/oddt-data-engineering-ecs-cluster",
                            "deployment_maximum_percent": "200",
                            "deployment_minimum_healthy_percent": "100",
                            "desired_count": "1",
                            "id": "arn:aws:ecs:us-east-1:676612114792:service/oddt-data-engineering-airflow-scheduler",
                            "name": "oddt-data-engineering-airflow-scheduler",
                            "placement_constraints.#": "0",
                            "placement_strategy.#": "0",
                            "task_definition": "arn:aws:ecs:us-east-1:676612114792:task-definition/oddt-data-engineering-airflow-scheduler:1"
                        },
                        "meta": {},
                        "tainted": false
                    },
                    "deposed": [],
                    "provider": ""
                },
                "aws_ecs_service.airflow_webserver": {
                    "type": "aws_ecs_service",
                    "depends_on": [
                        "aws_ecs_cluster.data_engineering_cluster",
                        "aws_ecs_task_definition.airflow_webserver_task_definition",
                        "aws_elb.airflow_webserver",
                        "aws_elb.airflow_webserver",
                        "aws_iam_role.ecs_service",
                        "aws_iam_role_policy.ecs_service"
                    ],
                    "primary": {
                        "id": "arn:aws:ecs:us-east-1:676612114792:service/oddt-data-engineering-airflow-webserver",
                        "attributes": {
                            "cluster": "arn:aws:ecs:us-east-1:676612114792:cluster/oddt-data-engineering-ecs-cluster",
                            "deployment_maximum_percent": "200",
                            "deployment_minimum_healthy_percent": "100",
                            "desired_count": "2",
                            "iam_role": "oddt-data-engineering-ecs-role",
                            "id": "arn:aws:ecs:us-east-1:676612114792:service/oddt-data-engineering-airflow-webserver",
                            "load_balancer.#": "1",
                            "load_balancer.600913967.container_name": "airflow_webserver",
                            "load_balancer.600913967.container_port": "8080",
                            "load_balancer.600913967.elb_name": "airflow-webserver",
                            "load_balancer.600913967.target_group_arn": "",
                            "name": "oddt-data-engineering-airflow-webserver",
                            "placement_constraints.#": "0",
                            "placement_strategy.#": "0",
                            "task_definition": "arn:aws:ecs:us-east-1:676612114792:task-definition/oddt-data-engineering-airflow-webserver:4"
                        },
                        "meta": {},
                        "tainted": false
                    },
                    "deposed": [],
                    "provider": ""
                },
                "aws_ecs_task_definition.airflow_scheduler_task_definition": {
                    "type": "aws_ecs_task_definition",
                    "depends_on": [
                        "aws_iam_role.airflow",
                        "data.template_file.airflow_scheduler_task_definition"
                    ],
                    "primary": {
                        "id": "oddt-data-engineering-airflow-scheduler",
                        "attributes": {
                            "arn": "arn:aws:ecs:us-east-1:676612114792:task-definition/oddt-data-engineering-airflow-scheduler:1",
                            "container_definitions": "d91373a40e9f6539c54e0f3298ebd95c5e2d26ef",
                            "family": "oddt-data-engineering-airflow-scheduler",
                            "id": "oddt-data-engineering-airflow-scheduler",
                            "network_mode": "",
                            "placement_constraints.#": "0",
                            "revision": "1",
                            "task_role_arn": "arn:aws:iam::676612114792:role/oddt-data-engineering-airflow-role"
                        },
                        "meta": {},
                        "tainted": false
                    },
                    "deposed": [],
                    "provider": ""
                },
                "aws_ecs_task_definition.airflow_webserver_task_definition": {
                    "type": "aws_ecs_task_definition",
                    "depends_on": [
                        "aws_iam_role.airflow",
                        "data.template_file.airflow_webserver_task_definition"
                    ],
                    "primary": {
                        "id": "oddt-data-engineering-airflow-webserver",
                        "attributes": {
                            "arn": "arn:aws:ecs:us-east-1:676612114792:task-definition/oddt-data-engineering-airflow-webserver:4",
                            "container_definitions": "a6cd24c0b486af79b2601eeeb19513e0cb92aabd",
                            "family": "oddt-data-engineering-airflow-webserver",
                            "id": "oddt-data-engineering-airflow-webserver",
                            "network_mode": "",
                            "placement_constraints.#": "0",
                            "revision": "4",
                            "task_role_arn": "arn:aws:iam::676612114792:role/oddt-data-engineering-airflow-role"
                        },
                        "meta": {},
                        "tainted": false
                    },
                    "deposed": [],
                    "provider": ""
                },
                "aws_eip.data_engineering_bastion": {
                    "type": "aws_eip",
                    "depends_on": [
                        "aws_instance.data_engineering_bastion"
                    ],
                    "primary": {
                        "id": "eipalloc-87af16b6",
                        "attributes": {
                            "association_id": "eipassoc-8ae0c2bb",
                            "domain": "vpc",
                            "id": "eipalloc-87af16b6",
                            "instance": "i-0004b95b85e10eee6",
                            "network_interface": "eni-d35c6e14",
                            "private_ip": "10.0.0.71",
                            "public_ip": "34.205.248.95",
                            "vpc": "true"
                        },
                        "meta": {},
                        "tainted": false
                    },
                    "deposed": [],
                    "provider": ""
                },
                "aws_eip.data_engineering_tunnel_gateway": {
                    "type": "aws_eip",
                    "depends_on": [
                        "aws_instance.data_engineering_tunnel_gateway"
                    ],
                    "primary": {
                        "id": "eipalloc-d09d24e1",
                        "attributes": {
                            "association_id": "eipassoc-60dcfe51",
                            "domain": "vpc",
                            "id": "eipalloc-d09d24e1",
                            "instance": "i-0309a8c73c3b1b947",
                            "network_interface": "eni-6ac7f5ad",
                            "private_ip": "10.0.0.225",
                            "public_ip": "34.196.29.78",
                            "vpc": "true"
                        },
                        "meta": {},
                        "tainted": false
                    },
                    "deposed": [],
                    "provider": ""
                },
                "aws_elb.airflow_webserver": {
                    "type": "aws_elb",
                    "depends_on": [
                        "aws_security_group.data_engineering_airflow_elb",
                        "aws_subnet.data_engineering"
                    ],
                    "primary": {
                        "id": "airflow-webserver",
                        "attributes": {
                            "access_logs.#": "0",
                            "availability_zones.#": "3",
                            "availability_zones.1305112097": "us-east-1b",
                            "availability_zones.3569565595": "us-east-1a",
                            "availability_zones.986537655": "us-east-1c",
                            "connection_draining": "true",
                            "connection_draining_timeout": "400",
                            "cross_zone_load_balancing": "true",
                            "dns_name": "airflow-webserver-260820829.us-east-1.elb.amazonaws.com",
                            "health_check.#": "1",
                            "health_check.0.healthy_threshold": "2",
                            "health_check.0.interval": "30",
                            "health_check.0.target": "TCP:8080",
                            "health_check.0.timeout": "3",
                            "health_check.0.unhealthy_threshold": "2",
                            "id": "airflow-webserver",
                            "idle_timeout": "400",
                            "instances.#": "2",
                            "instances.1090456031": "i-06fd2f561fde1d2ca",
                            "instances.4015111191": "i-0f162cf1da717968d",
                            "internal": "false",
                            "listener.#": "1",
                            "listener.3523194988.instance_port": "8080",
                            "listener.3523194988.instance_protocol": "http",
                            "listener.3523194988.lb_port": "443",
                            "listener.3523194988.lb_protocol": "https",
                            "listener.3523194988.ssl_certificate_id": "arn:aws:acm:us-east-1:676612114792:certificate/a8ea1042-fe3e-44cc-9a64-b416909118c1",
                            "name": "airflow-webserver",
                            "security_groups.#": "1",
                            "security_groups.150902957": "sg-1573b86a",
                            "source_security_group": "676612114792/oddt-data-engineering-airflow-elb-sg",
                            "source_security_group_id": "sg-1573b86a",
                            "subnets.#": "3",
                            "subnets.1549887898": "subnet-c07e509b",
                            "subnets.2172698845": "subnet-0ee7816b",
                            "subnets.945206811": "subnet-f2f0cedf",
                            "tags.%": "0",
                            "zone_id": "Z35SXDOTRQ7X7K"
                        },
                        "meta": {},
                        "tainted": false
                    },
                    "deposed": [],
                    "provider": ""
                },
                "aws_iam_instance_profile.data_engineering_cluster": {
                    "type": "aws_iam_instance_profile",
                    "depends_on": [
                        "aws_iam_role.data_engineering_cluster_instance"
                    ],
                    "primary": {
                        "id": "oddt-data-engineering-ecs-instance-profile",
                        "attributes": {
                            "arn": "arn:aws:iam::676612114792:instance-profile/oddt-data-engineering-ecs-instance-profile",
                            "id": "oddt-data-engineering-ecs-instance-profile",
                            "name": "oddt-data-engineering-ecs-instance-profile",
                            "path": "/",
                            "roles.#": "1",
                            "roles.99786359": "oddt-data-engineering-ecs-instance-role"
                        },
                        "meta": {},
                        "tainted": false
                    },
                    "deposed": [],
                    "provider": ""
                },
                "aws_iam_instance_profile.data_engineering_tunnel_gateway": {
                    "type": "aws_iam_instance_profile",
                    "depends_on": [
                        "aws_iam_role.data_engineering_tunnel_gateway"
                    ],
                    "primary": {
                        "id": "oddt-data-engineering-tunnel-gateway",
                        "attributes": {
                            "arn": "arn:aws:iam::676612114792:instance-profile/oddt-data-engineering-tunnel-gateway",
                            "id": "oddt-data-engineering-tunnel-gateway",
                            "name": "oddt-data-engineering-tunnel-gateway",
                            "path": "/",
                            "roles.#": "1",
                            "roles.580213008": "oddt-data-engineering-tunnel-gateway"
                        },
                        "meta": {},
                        "tainted": false
                    },
                    "deposed": [],
                    "provider": ""
                },
                "aws_iam_role.airflow": {
                    "type": "aws_iam_role",
                    "depends_on": [],
                    "primary": {
                        "id": "oddt-data-engineering-airflow-role",
                        "attributes": {
                            "arn": "arn:aws:iam::676612114792:role/oddt-data-engineering-airflow-role",
                            "assume_role_policy": "{\"Version\":\"2012-10-17\",\"Statement\":[{\"Sid\":\"\",\"Effect\":\"Allow\",\"Principal\":{\"Service\":\"ecs-tasks.amazonaws.com\"},\"Action\":\"sts:AssumeRole\"}]}",
                            "create_date": "2017-03-14T20:14:03Z",
                            "id": "oddt-data-engineering-airflow-role",
                            "name": "oddt-data-engineering-airflow-role",
                            "path": "/",
                            "unique_id": "AROAIAC3FY5WTNQBHUR2S"
                        },
                        "meta": {},
                        "tainted": false
                    },
                    "deposed": [],
                    "provider": ""
                },
                "aws_iam_role.data_engineering_cluster_instance": {
                    "type": "aws_iam_role",
                    "depends_on": [],
                    "primary": {
                        "id": "oddt-data-engineering-ecs-instance-role",
                        "attributes": {
                            "arn": "arn:aws:iam::676612114792:role/oddt-data-engineering-ecs-instance-role",
                            "assume_role_policy": "{\"Version\":\"2012-10-17\",\"Statement\":[{\"Sid\":\"\",\"Effect\":\"Allow\",\"Principal\":{\"Service\":\"ec2.amazonaws.com\"},\"Action\":\"sts:AssumeRole\"}]}",
                            "create_date": "2017-03-09T19:55:31Z",
                            "id": "oddt-data-engineering-ecs-instance-role",
                            "name": "oddt-data-engineering-ecs-instance-role",
                            "path": "/",
                            "unique_id": "AROAIWDTVFLTXFXHJUCDS"
                        },
                        "meta": {},
                        "tainted": false
                    },
                    "deposed": [],
                    "provider": ""
                },
                "aws_iam_role.data_engineering_tunnel_gateway": {
                    "type": "aws_iam_role",
                    "depends_on": [],
                    "primary": {
                        "id": "oddt-data-engineering-tunnel-gateway",
                        "attributes": {
                            "arn": "arn:aws:iam::676612114792:role/oddt-data-engineering-tunnel-gateway",
                            "assume_role_policy": "{\"Version\":\"2012-10-17\",\"Statement\":[{\"Sid\":\"\",\"Effect\":\"Allow\",\"Principal\":{\"Service\":\"ec2.amazonaws.com\"},\"Action\":\"sts:AssumeRole\"}]}",
                            "create_date": "2017-03-12T05:14:37Z",
                            "id": "oddt-data-engineering-tunnel-gateway",
                            "name": "oddt-data-engineering-tunnel-gateway",
                            "path": "/",
                            "unique_id": "AROAJ4QEQPLAR2PPXSKOI"
                        },
                        "meta": {},
                        "tainted": false
                    },
                    "deposed": [],
                    "provider": ""
                },
                "aws_iam_role.ecs_service": {
                    "type": "aws_iam_role",
                    "depends_on": [],
                    "primary": {
                        "id": "oddt-data-engineering-ecs-role",
                        "attributes": {
                            "arn": "arn:aws:iam::676612114792:role/oddt-data-engineering-ecs-role",
                            "assume_role_policy": "{\"Version\":\"2008-10-17\",\"Statement\":[{\"Sid\":\"\",\"Effect\":\"Allow\",\"Principal\":{\"Service\":\"ecs.amazonaws.com\"},\"Action\":\"sts:AssumeRole\"}]}",
                            "create_date": "2017-03-14T20:14:03Z",
                            "id": "oddt-data-engineering-ecs-role",
                            "name": "oddt-data-engineering-ecs-role",
                            "path": "/",
                            "unique_id": "AROAIMMZ7ZJHHE647KO7Q"
                        },
                        "meta": {},
                        "tainted": false
                    },
                    "deposed": [],
                    "provider": ""
                },
                "aws_iam_role_policy.airflow": {
                    "type": "aws_iam_role_policy",
                    "depends_on": [
                        "aws_iam_role.airflow",
                        "aws_kms_key.airflow_eastern_state_prod"
                    ],
                    "primary": {
                        "id": "oddt-data-engineering-airflow-role:oddt-data-engineering-airflow-policy",
                        "attributes": {
                            "id": "oddt-data-engineering-airflow-role:oddt-data-engineering-airflow-policy",
                            "name": "oddt-data-engineering-airflow-policy",
                            "policy": "{\n  \"Version\": \"2012-10-17\",\n  \"Statement\": [\n    {\n      \"Effect\": \"Allow\",\n      \"Action\": [\n        \"s3:GetObject\",\n        \"s3:PutObject\"\n      ],\n      \"Resource\": [\n        \"arn:aws:s3:::phl-data-dropbox/*\"\n      ]\n    },\n    {\n      \"Effect\": \"Allow\",\n      \"Action\": [\n        \"s3:GetObject\"\n      ],\n      \"Resource\": [\n        \"arn:aws:s3:::eastern-state/airflow\"\n      ]\n    },\n    {\n      \"Effect\": \"Allow\",\n      \"Action\": [\n        \"kms:Decrypt\"\n      ],\n      \"Resource\": [\n        \"arn:aws:kms:us-east-1:676612114792:key/cc26d72f-fe65-42b0-86f5-28522cfd0a81\"\n      ]\n    }\n  ]\n}\n",
                            "role": "oddt-data-engineering-airflow-role"
                        },
                        "meta": {},
                        "tainted": false
                    },
                    "deposed": [],
                    "provider": ""
                },
                "aws_iam_role_policy.data_engineering_cluster_instance": {
                    "type": "aws_iam_role_policy",
                    "depends_on": [
                        "aws_iam_role.data_engineering_cluster_instance",
                        "data.template_file.data_engineering_cluster_instance_profile"
                    ],
                    "primary": {
                        "id": "oddt-data-engineering-ecs-instance-role:TfEcsExampleInstanceRole",
                        "attributes": {
                            "id": "oddt-data-engineering-ecs-instance-role:TfEcsExampleInstanceRole",
                            "name": "TfEcsExampleInstanceRole",
                            "policy": "{\n  \"Version\": \"2012-10-17\",\n  \"Statement\": [\n    {\n      \"Sid\": \"ecsInstanceRole\",\n      \"Effect\": \"Allow\",\n      \"Action\": [\n        \"ecs:DeregisterContainerInstance\",\n        \"ecs:DiscoverPollEndpoint\",\n        \"ecs:Poll\",\n        \"ecs:RegisterContainerInstance\",\n        \"ecs:Submit*\",\n        \"ecs:StartTelemetrySession\"\n      ],\n      \"Resource\": [\n        \"*\"\n      ]\n    },\n    {\n      \"Sid\": \"ecsInstanceAllowLoggingToCloudWatch\",\n      \"Effect\": \"Allow\",\n      \"Action\": [\n        \"logs:CreateLogStream\",\n        \"logs:PutLogEvents\"\n      ],\n      \"Resource\": [\n        \"arn:aws:logs:us-east-1:676612114792:log-group:/aws/batch/job:*\",\n        \"arn:aws:logs:us-east-1:676612114792:log-group:oddt-data-engineering/ecs-containers:*\",\n        \"arn:aws:logs:us-east-1:676612114792:log-group:oddt-data-engineering/ecs-agent:*\"\n      ]\n    },\n    {\n      \"Sid\": \"allowKeystothecityRead\",\n      \"Effect\": \"Allow\",\n      \"Action\": [\n        \"s3:GetObject\"\n      ],\n      \"Resource\": [\n        \"arn:aws:s3:::oddt-pub-keys/*\"\n      ]\n    }\n  ]\n}",
                            "role": "oddt-data-engineering-ecs-instance-role"
                        },
                        "meta": {},
                        "tainted": false
                    },
                    "deposed": [],
                    "provider": ""
                },
                "aws_iam_role_policy.data_engineering_tunnel_gateway_policy": {
                    "type": "aws_iam_role_policy",
                    "depends_on": [
                        "aws_iam_role.data_engineering_tunnel_gateway",
                        "data.template_file.data_engineering_tunnel_gateway_policy_template"
                    ],
                    "primary": {
                        "id": "oddt-data-engineering-tunnel-gateway:TunnelGatewayPolicy",
                        "attributes": {
                            "id": "oddt-data-engineering-tunnel-gateway:TunnelGatewayPolicy",
                            "name": "TunnelGatewayPolicy",
                            "policy": "{\n  \"Version\": \"2012-10-17\",\n  \"Statement\": [\n    {\n      \"Sid\": \"allowKeystothecityRead\",\n      \"Effect\": \"Allow\",\n      \"Action\": [\n        \"s3:GetObject\"\n      ],\n      \"Resource\": [\n        \"arn:aws:s3:::oddt-pub-keys/*\"\n      ]\n    }\n  ]\n}",
                            "role": "oddt-data-engineering-tunnel-gateway"
                        },
                        "meta": {},
                        "tainted": false
                    },
                    "deposed": [],
                    "provider": ""
                },
                "aws_iam_role_policy.ecs_service": {
                    "type": "aws_iam_role_policy",
                    "depends_on": [
                        "aws_iam_role.ecs_service"
                    ],
                    "primary": {
                        "id": "oddt-data-engineering-ecs-role:oddt-data-engineering-ecs-policy",
                        "attributes": {
                            "id": "oddt-data-engineering-ecs-role:oddt-data-engineering-ecs-policy",
                            "name": "oddt-data-engineering-ecs-policy",
                            "policy": "{\n  \"Version\": \"2012-10-17\",\n  \"Statement\": [\n    {\n      \"Effect\": \"Allow\",\n      \"Action\": [\n        \"ec2:Describe*\",\n        \"elasticloadbalancing:DeregisterInstancesFromLoadBalancer\",\n        \"elasticloadbalancing:DeregisterTargets\",\n        \"elasticloadbalancing:Describe*\",\n        \"elasticloadbalancing:RegisterInstancesWithLoadBalancer\",\n        \"elasticloadbalancing:RegisterTargets\"\n      ],\n      \"Resource\": \"*\"\n    }\n  ]\n}\n",
                            "role": "oddt-data-engineering-ecs-role"
                        },
                        "meta": {},
                        "tainted": false
                    },
                    "deposed": [],
                    "provider": ""
                },
                "aws_iam_user.airflow_local_dev": {
                    "type": "aws_iam_user",
                    "depends_on": [],
                    "primary": {
                        "id": "airflow-dev",
                        "attributes": {
                            "arn": "arn:aws:iam::676612114792:user/airflow-dev",
                            "force_destroy": "false",
                            "id": "airflow-dev",
                            "name": "airflow-dev",
                            "path": "/",
                            "unique_id": "AIDAISL2U42FODYJ7ZPXO"
                        },
                        "meta": {},
                        "tainted": false
                    },
                    "deposed": [],
                    "provider": ""
                },
                "aws_iam_user_policy.airflow_local_dev": {
                    "type": "aws_iam_user_policy",
                    "depends_on": [
                        "aws_iam_user.airflow_local_dev",
                        "aws_kms_key.airflow_eastern_state_dev"
                    ],
                    "primary": {
                        "id": "airflow-dev:oddt-data-engineering-airflow-local-dev-policy",
                        "attributes": {
                            "id": "airflow-dev:oddt-data-engineering-airflow-local-dev-policy",
                            "name": "oddt-data-engineering-airflow-local-dev-policy",
                            "policy": "{\n  \"Version\": \"2012-10-17\",\n  \"Statement\": [\n    {\n      \"Effect\": \"Allow\",\n      \"Action\": [\n        \"s3:GetObject\",\n        \"s3:PutObject\"\n      ],\n      \"Resource\": [\n        \"arn:aws:s3:::phl-data-dropbox-dev/*\"\n      ]\n    },\n    {\n      \"Effect\": \"Allow\",\n      \"Action\": [\n        \"s3:GetObject\"\n      ],\n      \"Resource\": [\n        \"arn:aws:s3:::eastern-state/airflow\"\n      ]\n    },\n    {\n      \"Effect\": \"Allow\",\n      \"Action\": [\n        \"kms:Decrypt\"\n      ],\n      \"Resource\": [\n        \"arn:aws:kms:us-east-1:676612114792:key/51c9244a-9466-40fc-9561-a81313a0a119\"\n      ]\n    }\n  ]\n}\n",
                            "user": "airflow-dev"
                        },
                        "meta": {},
                        "tainted": false
                    },
                    "deposed": [],
                    "provider": ""
                },
                "aws_instance.data_engineering_bastion": {
                    "type": "aws_instance",
                    "depends_on": [
                        "aws_security_group.data_engineering_open_ssh",
                        "aws_security_group.data_engineering_vpc_ssh",
                        "aws_subnet.data_engineering",
                        "data.aws_ami.ubuntu"
                    ],
                    "primary": {
                        "id": "i-0004b95b85e10eee6",
                        "attributes": {
                            "ami": "ami-2757f631",
                            "associate_public_ip_address": "true",
                            "availability_zone": "us-east-1a",
                            "disable_api_termination": "false",
                            "ebs_block_device.#": "0",
                            "ebs_optimized": "false",
                            "ephemeral_block_device.#": "0",
                            "iam_instance_profile": "",
                            "id": "i-0004b95b85e10eee6",
                            "instance_state": "running",
                            "instance_type": "t2.micro",
                            "key_name": "andrew.madonna",
                            "monitoring": "false",
                            "network_interface_id": "eni-d35c6e14",
                            "private_dns": "ip-10-0-0-71.ec2.internal",
                            "private_ip": "10.0.0.71",
                            "public_dns": "ec2-34-205-248-95.compute-1.amazonaws.com",
                            "public_ip": "34.205.248.95",
                            "root_block_device.#": "1",
                            "root_block_device.0.delete_on_termination": "true",
                            "root_block_device.0.iops": "120",
                            "root_block_device.0.volume_size": "40",
                            "root_block_device.0.volume_type": "gp2",
                            "security_groups.#": "0",
                            "source_dest_check": "true",
                            "subnet_id": "subnet-c07e509b",
                            "tags.%": "2",
                            "tags.Department": "oddt",
                            "tags.Name": "oddt-data-engineering-bastion",
                            "tenancy": "default",
                            "vpc_security_group_ids.#": "2",
                            "vpc_security_group_ids.1033775130": "sg-b9b474c6",
                            "vpc_security_group_ids.3031293552": "sg-bab474c5"
                        },
                        "meta": {
                            "schema_version": "1"
                        },
                        "tainted": false
                    },
                    "deposed": [],
                    "provider": ""
                },
                "aws_instance.data_engineering_tunnel_gateway": {
                    "type": "aws_instance",
                    "depends_on": [
                        "aws_iam_instance_profile.data_engineering_tunnel_gateway",
                        "aws_security_group.data_engineering_open_ssh",
                        "aws_security_group.data_engineering_tunnel_gateway",
                        "aws_subnet.data_engineering",
                        "data.aws_ami.ubuntu",
                        "data.template_file.data_engineering_tunnel_gateway_user_data"
                    ],
                    "primary": {
                        "id": "i-0309a8c73c3b1b947",
                        "attributes": {
                            "ami": "ami-2757f631",
                            "associate_public_ip_address": "true",
                            "availability_zone": "us-east-1a",
                            "disable_api_termination": "false",
                            "ebs_block_device.#": "0",
                            "ebs_optimized": "false",
                            "ephemeral_block_device.#": "0",
                            "iam_instance_profile": "oddt-data-engineering-tunnel-gateway",
                            "id": "i-0309a8c73c3b1b947",
                            "instance_state": "running",
                            "instance_type": "t2.micro",
                            "key_name": "andrew.madonna",
                            "monitoring": "false",
                            "network_interface_id": "eni-6ac7f5ad",
                            "private_dns": "ip-10-0-0-225.ec2.internal",
                            "private_ip": "10.0.0.225",
                            "public_dns": "ec2-34-196-29-78.compute-1.amazonaws.com",
                            "public_ip": "34.196.29.78",
                            "root_block_device.#": "1",
                            "root_block_device.0.delete_on_termination": "true",
                            "root_block_device.0.iops": "120",
                            "root_block_device.0.volume_size": "40",
                            "root_block_device.0.volume_type": "gp2",
                            "security_groups.#": "0",
                            "source_dest_check": "true",
                            "subnet_id": "subnet-c07e509b",
                            "tags.%": "2",
                            "tags.Department": "oddt",
                            "tags.Name": "oddt-data-engineering-tunnel-gateway",
                            "tenancy": "default",
                            "user_data": "98921698464a818c29d6261898d3d55c9d7071bd",
                            "vpc_security_group_ids.#": "2",
                            "vpc_security_group_ids.1033775130": "sg-b9b474c6",
                            "vpc_security_group_ids.2198701639": "sg-9ada1ae5"
                        },
                        "meta": {
                            "schema_version": "1"
                        },
                        "tainted": false
                    },
                    "deposed": [],
                    "provider": ""
                },
                "aws_internet_gateway.data_engineering": {
                    "type": "aws_internet_gateway",
                    "depends_on": [
                        "aws_vpc.data_engineering"
                    ],
                    "primary": {
                        "id": "igw-9e2b29f9",
                        "attributes": {
                            "id": "igw-9e2b29f9",
                            "tags.%": "2",
                            "tags.Department": "oddt",
                            "tags.Name": "oddt-data-engineering-gateway",
                            "vpc_id": "vpc-cabdf3ac"
                        },
                        "meta": {},
                        "tainted": false
                    },
                    "deposed": [],
                    "provider": ""
                },
                "aws_kms_alias.airflow_eastern_state_dev_alias": {
                    "type": "aws_kms_alias",
                    "depends_on": [
                        "aws_kms_key.airflow_eastern_state_dev"
                    ],
                    "primary": {
                        "id": "alias/airflow-eastern-state-dev",
                        "attributes": {
                            "arn": "arn:aws:kms:us-east-1:676612114792:alias/airflow-eastern-state-dev",
                            "id": "alias/airflow-eastern-state-dev",
                            "name": "alias/airflow-eastern-state-dev",
                            "target_key_id": "51c9244a-9466-40fc-9561-a81313a0a119"
                        },
                        "meta": {},
                        "tainted": false
                    },
                    "deposed": [],
                    "provider": ""
                },
                "aws_kms_alias.airflow_eastern_state_prod_alias": {
                    "type": "aws_kms_alias",
                    "depends_on": [
                        "aws_kms_key.airflow_eastern_state_prod"
                    ],
                    "primary": {
                        "id": "alias/airflow-eastern-state-prod",
                        "attributes": {
                            "arn": "arn:aws:kms:us-east-1:676612114792:alias/airflow-eastern-state-prod",
                            "id": "alias/airflow-eastern-state-prod",
                            "name": "alias/airflow-eastern-state-prod",
                            "target_key_id": "cc26d72f-fe65-42b0-86f5-28522cfd0a81"
                        },
                        "meta": {},
                        "tainted": false
                    },
                    "deposed": [],
                    "provider": ""
                },
                "aws_kms_key.airflow_eastern_state_dev": {
                    "type": "aws_kms_key",
                    "depends_on": [],
                    "primary": {
                        "id": "51c9244a-9466-40fc-9561-a81313a0a119",
                        "attributes": {
                            "arn": "arn:aws:kms:us-east-1:676612114792:key/51c9244a-9466-40fc-9561-a81313a0a119",
                            "deletion_window_in_days": "7",
                            "description": "",
                            "enable_key_rotation": "false",
                            "id": "51c9244a-9466-40fc-9561-a81313a0a119",
                            "is_enabled": "true",
                            "key_id": "51c9244a-9466-40fc-9561-a81313a0a119",
                            "key_usage": "ENCRYPT_DECRYPT",
                            "policy": "{\"Id\":\"key-default-1\",\"Statement\":[{\"Action\":\"kms:*\",\"Effect\":\"Allow\",\"Principal\":{\"AWS\":\"arn:aws:iam::676612114792:root\"},\"Resource\":\"*\",\"Sid\":\"Enable IAM User Permissions\"}],\"Version\":\"2012-10-17\"}"
                        },
                        "meta": {},
                        "tainted": false
                    },
                    "deposed": [],
                    "provider": ""
                },
                "aws_kms_key.airflow_eastern_state_prod": {
                    "type": "aws_kms_key",
                    "depends_on": [],
                    "primary": {
                        "id": "cc26d72f-fe65-42b0-86f5-28522cfd0a81",
                        "attributes": {
                            "arn": "arn:aws:kms:us-east-1:676612114792:key/cc26d72f-fe65-42b0-86f5-28522cfd0a81",
                            "deletion_window_in_days": "7",
                            "description": "",
                            "enable_key_rotation": "false",
                            "id": "cc26d72f-fe65-42b0-86f5-28522cfd0a81",
                            "is_enabled": "true",
                            "key_id": "cc26d72f-fe65-42b0-86f5-28522cfd0a81",
                            "key_usage": "ENCRYPT_DECRYPT",
                            "policy": "{\"Id\":\"key-default-1\",\"Statement\":[{\"Action\":\"kms:*\",\"Effect\":\"Allow\",\"Principal\":{\"AWS\":\"arn:aws:iam::676612114792:root\"},\"Resource\":\"*\",\"Sid\":\"Enable IAM User Permissions\"}],\"Version\":\"2012-10-17\"}"
                        },
                        "meta": {},
                        "tainted": false
                    },
                    "deposed": [],
                    "provider": ""
                },
                "aws_launch_configuration.data_engineering_cluster": {
                    "type": "aws_launch_configuration",
                    "depends_on": [
                        "aws_iam_instance_profile.data_engineering_cluster",
                        "aws_security_group.data_engineering_ecs_instance",
                        "aws_security_group.data_engineering_vpc_ssh",
                        "data.aws_ami.ecs_optimized",
                        "data.template_file.data_engineering_ecs_user_data"
                    ],
                    "primary": {
                        "id": "terraform-004a1bd0551368fe0b5cf69ed2",
                        "attributes": {
                            "associate_public_ip_address": "true",
                            "ebs_block_device.#": "0",
                            "ebs_optimized": "false",
                            "enable_monitoring": "true",
                            "ephemeral_block_device.#": "0",
                            "iam_instance_profile": "oddt-data-engineering-ecs-instance-profile",
                            "id": "terraform-004a1bd0551368fe0b5cf69ed2",
                            "image_id": "ami-275ffe31",
                            "instance_type": "t2.medium",
                            "key_name": "andrew.madonna",
                            "name": "terraform-004a1bd0551368fe0b5cf69ed2",
                            "root_block_device.#": "0",
                            "security_groups.#": "2",
                            "security_groups.2861517631": "sg-0d73b872",
                            "security_groups.3031293552": "sg-bab474c5",
                            "spot_price": "",
                            "user_data": "f9ca10959921fb325c36cfc3bdb1db731770e1dd",
                            "vpc_classic_link_id": "",
                            "vpc_classic_link_security_groups.#": "0"
                        },
                        "meta": {},
                        "tainted": false
                    },
                    "deposed": [],
                    "provider": ""
                },
                "aws_route_table.data_engineering": {
                    "type": "aws_route_table",
                    "depends_on": [
                        "aws_internet_gateway.data_engineering",
                        "aws_vpc.data_engineering"
                    ],
                    "primary": {
                        "id": "rtb-7399040a",
                        "attributes": {
                            "id": "rtb-7399040a",
                            "propagating_vgws.#": "0",
                            "route.#": "1",
                            "route.3285859846.cidr_block": "0.0.0.0/0",
                            "route.3285859846.gateway_id": "igw-9e2b29f9",
                            "route.3285859846.instance_id": "",
                            "route.3285859846.nat_gateway_id": "",
                            "route.3285859846.network_interface_id": "",
                            "route.3285859846.vpc_peering_connection_id": "",
                            "tags.%": "2",
                            "tags.Department": "oddt",
                            "tags.Name": "oddt-data-engineering-routing-table",
                            "vpc_id": "vpc-cabdf3ac"
                        },
                        "meta": {},
                        "tainted": false
                    },
                    "deposed": [],
                    "provider": ""
                },
                "aws_route_table_association.data_routing_table_association.0": {
                    "type": "aws_route_table_association",
                    "depends_on": [
                        "aws_route_table.data_engineering",
                        "aws_subnet.data_engineering"
                    ],
                    "primary": {
                        "id": "rtbassoc-c5f8cbbd",
                        "attributes": {
                            "id": "rtbassoc-c5f8cbbd",
                            "route_table_id": "rtb-7399040a",
                            "subnet_id": "subnet-c07e509b"
                        },
                        "meta": {},
                        "tainted": false
                    },
                    "deposed": [],
                    "provider": ""
                },
                "aws_route_table_association.data_routing_table_association.1": {
                    "type": "aws_route_table_association",
                    "depends_on": [
                        "aws_route_table.data_engineering",
                        "aws_subnet.data_engineering"
                    ],
                    "primary": {
                        "id": "rtbassoc-c3f8cbbb",
                        "attributes": {
                            "id": "rtbassoc-c3f8cbbb",
                            "route_table_id": "rtb-7399040a",
                            "subnet_id": "subnet-0ee7816b"
                        },
                        "meta": {},
                        "tainted": false
                    },
                    "deposed": [],
                    "provider": ""
                },
                "aws_route_table_association.data_routing_table_association.2": {
                    "type": "aws_route_table_association",
                    "depends_on": [
                        "aws_route_table.data_engineering",
                        "aws_subnet.data_engineering"
                    ],
                    "primary": {
                        "id": "rtbassoc-c2f8cbba",
                        "attributes": {
                            "id": "rtbassoc-c2f8cbba",
                            "route_table_id": "rtb-7399040a",
                            "subnet_id": "subnet-f2f0cedf"
                        },
                        "meta": {},
                        "tainted": false
                    },
                    "deposed": [],
                    "provider": ""
                },
                "aws_s3_bucket.eastern-state": {
                    "type": "aws_s3_bucket",
                    "depends_on": [],
                    "primary": {
                        "id": "eastern-state",
                        "attributes": {
                            "acceleration_status": "",
                            "acl": "private",
                            "arn": "arn:aws:s3:::eastern-state",
                            "bucket": "eastern-state",
                            "bucket_domain_name": "eastern-state.s3.amazonaws.com",
                            "force_destroy": "false",
                            "hosted_zone_id": "Z3AQBSTGFYJSTF",
                            "id": "eastern-state",
                            "region": "us-east-1",
                            "request_payer": "BucketOwner",
                            "tags.%": "1",
                            "tags.Department": "oddt",
                            "versioning.#": "1",
                            "versioning.0.enabled": "false",
                            "versioning.0.mfa_delete": "false",
                            "website.#": "0"
                        },
                        "meta": {},
                        "tainted": false
                    },
                    "deposed": [],
                    "provider": ""
                },
                "aws_s3_bucket.phl-data-dropbox-dev": {
                    "type": "aws_s3_bucket",
                    "depends_on": [],
                    "primary": {
                        "id": "phl-data-dropbox-dev",
                        "attributes": {
                            "acceleration_status": "",
                            "acl": "private",
                            "arn": "arn:aws:s3:::phl-data-dropbox-dev",
                            "bucket": "phl-data-dropbox-dev",
                            "bucket_domain_name": "phl-data-dropbox-dev.s3.amazonaws.com",
                            "force_destroy": "false",
                            "hosted_zone_id": "Z3AQBSTGFYJSTF",
                            "id": "phl-data-dropbox-dev",
                            "region": "us-east-1",
                            "request_payer": "BucketOwner",
                            "tags.%": "1",
                            "tags.Department": "oddt",
                            "versioning.#": "1",
                            "versioning.0.enabled": "false",
                            "versioning.0.mfa_delete": "false",
                            "website.#": "0"
                        },
                        "meta": {},
                        "tainted": false
                    },
                    "deposed": [],
                    "provider": ""
                },
                "aws_security_group.data_engineering_airflow_elb": {
                    "type": "aws_security_group",
                    "depends_on": [
                        "aws_vpc.data_engineering"
                    ],
                    "primary": {
                        "id": "sg-1573b86a",
                        "attributes": {
                            "description": "Managed by Terraform",
                            "egress.#": "1",
                            "egress.482069346.cidr_blocks.#": "1",
                            "egress.482069346.cidr_blocks.0": "0.0.0.0/0",
                            "egress.482069346.from_port": "0",
                            "egress.482069346.prefix_list_ids.#": "0",
                            "egress.482069346.protocol": "-1",
                            "egress.482069346.security_groups.#": "0",
                            "egress.482069346.self": "false",
                            "egress.482069346.to_port": "0",
                            "id": "sg-1573b86a",
                            "ingress.#": "1",
                            "ingress.2617001939.cidr_blocks.#": "1",
                            "ingress.2617001939.cidr_blocks.0": "0.0.0.0/0",
                            "ingress.2617001939.from_port": "443",
                            "ingress.2617001939.protocol": "tcp",
                            "ingress.2617001939.security_groups.#": "0",
                            "ingress.2617001939.self": "false",
                            "ingress.2617001939.to_port": "443",
                            "name": "oddt-data-engineering-airflow-elb-sg",
                            "owner_id": "676612114792",
                            "tags.%": "2",
                            "tags.Department": "oddt",
                            "tags.Name": "oddt-data-engineering-airflow-elb-sg",
                            "vpc_id": "vpc-cabdf3ac"
                        },
                        "meta": {},
                        "tainted": false
                    },
                    "deposed": [],
                    "provider": ""
                },
                "aws_security_group.data_engineering_ecs_instance": {
                    "type": "aws_security_group",
                    "depends_on": [
                        "aws_security_group.data_engineering_airflow_elb",
                        "aws_vpc.data_engineering"
                    ],
                    "primary": {
                        "id": "sg-0d73b872",
                        "attributes": {
                            "description": "Managed by Terraform",
                            "egress.#": "1",
                            "egress.482069346.cidr_blocks.#": "1",
                            "egress.482069346.cidr_blocks.0": "0.0.0.0/0",
                            "egress.482069346.from_port": "0",
                            "egress.482069346.prefix_list_ids.#": "0",
                            "egress.482069346.protocol": "-1",
                            "egress.482069346.security_groups.#": "0",
                            "egress.482069346.self": "false",
                            "egress.482069346.to_port": "0",
                            "id": "sg-0d73b872",
                            "ingress.#": "1",
                            "ingress.2307987384.cidr_blocks.#": "1",
                            "ingress.2307987384.cidr_blocks.0": "10.0.0.0/16",
                            "ingress.2307987384.from_port": "8080",
                            "ingress.2307987384.protocol": "tcp",
                            "ingress.2307987384.security_groups.#": "1",
                            "ingress.2307987384.security_groups.150902957": "sg-1573b86a",
                            "ingress.2307987384.self": "false",
                            "ingress.2307987384.to_port": "8080",
                            "name": "oddt-data-engineering-ecs-instance-sg",
                            "owner_id": "676612114792",
                            "tags.%": "2",
                            "tags.Department": "oddt",
                            "tags.Name": "oddt-data-engineering-ecs-instance-sg",
                            "vpc_id": "vpc-cabdf3ac"
                        },
                        "meta": {},
                        "tainted": false
                    },
                    "deposed": [],
                    "provider": ""
                },
                "aws_security_group.data_engineering_open_ssh": {
                    "type": "aws_security_group",
                    "depends_on": [
                        "aws_vpc.data_engineering"
                    ],
                    "primary": {
                        "id": "sg-b9b474c6",
                        "attributes": {
                            "description": "Allow all inbound SSH traffic",
                            "egress.#": "1",
                            "egress.482069346.cidr_blocks.#": "1",
                            "egress.482069346.cidr_blocks.0": "0.0.0.0/0",
                            "egress.482069346.from_port": "0",
                            "egress.482069346.prefix_list_ids.#": "0",
                            "egress.482069346.protocol": "-1",
                            "egress.482069346.security_groups.#": "0",
                            "egress.482069346.self": "false",
                            "egress.482069346.to_port": "0",
                            "id": "sg-b9b474c6",
                            "ingress.#": "1",
                            "ingress.2541437006.cidr_blocks.#": "1",
                            "ingress.2541437006.cidr_blocks.0": "0.0.0.0/0",
                            "ingress.2541437006.from_port": "22",
                            "ingress.2541437006.protocol": "tcp",
                            "ingress.2541437006.security_groups.#": "0",
                            "ingress.2541437006.self": "false",
                            "ingress.2541437006.to_port": "22",
                            "name": "oddt-data-engineering-open-ssh",
                            "owner_id": "676612114792",
                            "tags.%": "2",
                            "tags.Department": "oddt",
                            "tags.Name": "oddt-data-engineering-open-ssh",
                            "vpc_id": "vpc-cabdf3ac"
                        },
                        "meta": {},
                        "tainted": false
                    },
                    "deposed": [],
                    "provider": ""
                },
                "aws_security_group.data_engineering_rds": {
                    "type": "aws_security_group",
                    "depends_on": [
                        "aws_vpc.data_engineering"
                    ],
                    "primary": {
                        "id": "sg-118a406e",
                        "attributes": {
                            "description": "Managed by Terraform",
                            "egress.#": "0",
                            "id": "sg-118a406e",
                            "ingress.#": "1",
                            "ingress.3847841800.cidr_blocks.#": "1",
                            "ingress.3847841800.cidr_blocks.0": "10.0.0.0/16",
                            "ingress.3847841800.from_port": "5432",
                            "ingress.3847841800.protocol": "tcp",
                            "ingress.3847841800.security_groups.#": "0",
                            "ingress.3847841800.self": "false",
                            "ingress.3847841800.to_port": "5432",
                            "name": "oddt-data-engineering-rds-sg",
                            "owner_id": "676612114792",
                            "tags.%": "2",
                            "tags.Department": "oddt",
                            "tags.Name": "oddt-data-engineering-rds-sg",
                            "vpc_id": "vpc-cabdf3ac"
                        },
                        "meta": {},
                        "tainted": false
                    },
                    "deposed": [],
                    "provider": ""
                },
                "aws_security_group.data_engineering_tunnel_gateway": {
                    "type": "aws_security_group",
                    "depends_on": [
                        "aws_vpc.data_engineering"
                    ],
                    "primary": {
                        "id": "sg-9ada1ae5",
                        "attributes": {
                            "description": "Allow VPC traffic to tunnel gateway",
                            "egress.#": "0",
                            "id": "sg-9ada1ae5",
                            "ingress.#": "1",
                            "ingress.2023089763.cidr_blocks.#": "1",
                            "ingress.2023089763.cidr_blocks.0": "10.0.0.0/16",
                            "ingress.2023089763.from_port": "1521",
                            "ingress.2023089763.protocol": "tcp",
                            "ingress.2023089763.security_groups.#": "0",
                            "ingress.2023089763.self": "false",
                            "ingress.2023089763.to_port": "1521",
                            "name": "oddt-data-engineering-tunnel-gateway",
                            "owner_id": "676612114792",
                            "tags.%": "2",
                            "tags.Department": "oddt",
                            "tags.Name": "oddt-data-engineering-tunnel-gateway",
                            "vpc_id": "vpc-cabdf3ac"
                        },
                        "meta": {},
                        "tainted": false
                    },
                    "deposed": [],
                    "provider": ""
                },
                "aws_security_group.data_engineering_vpc_ssh": {
                    "type": "aws_security_group",
                    "depends_on": [
                        "aws_vpc.data_engineering"
                    ],
                    "primary": {
                        "id": "sg-bab474c5",
                        "attributes": {
                            "description": "Allows inbound SSH traffic within the VPC",
                            "egress.#": "0",
                            "id": "sg-bab474c5",
                            "ingress.#": "2",
                            "ingress.1507188325.cidr_blocks.#": "0",
                            "ingress.1507188325.from_port": "22",
                            "ingress.1507188325.protocol": "tcp",
                            "ingress.1507188325.security_groups.#": "0",
                            "ingress.1507188325.self": "true",
                            "ingress.1507188325.to_port": "22",
                            "ingress.3067810025.cidr_blocks.#": "0",
                            "ingress.3067810025.from_port": "8080",
                            "ingress.3067810025.protocol": "tcp",
                            "ingress.3067810025.security_groups.#": "0",
                            "ingress.3067810025.self": "true",
                            "ingress.3067810025.to_port": "8080",
                            "name": "oddt-data-engineering-vpc-ssh",
                            "owner_id": "676612114792",
                            "tags.%": "2",
                            "tags.Department": "oddt",
                            "tags.Name": "oddt-data-engineering-vpc-ssh",
                            "vpc_id": "vpc-cabdf3ac"
                        },
                        "meta": {},
                        "tainted": false
                    },
                    "deposed": [],
                    "provider": ""
                },
                "aws_subnet.data_engineering.0": {
                    "type": "aws_subnet",
                    "depends_on": [
                        "aws_vpc.data_engineering",
                        "aws_vpc.data_engineering",
                        "data.aws_availability_zones.available"
                    ],
                    "primary": {
                        "id": "subnet-c07e509b",
                        "attributes": {
                            "availability_zone": "us-east-1a",
                            "cidr_block": "10.0.0.0/24",
                            "id": "subnet-c07e509b",
                            "map_public_ip_on_launch": "true",
                            "tags.%": "2",
                            "tags.Department": "oddt",
                            "tags.Name": "oddt-data-engineering-subnet-us-east-1a",
                            "vpc_id": "vpc-cabdf3ac"
                        },
                        "meta": {},
                        "tainted": false
                    },
                    "deposed": [],
                    "provider": ""
                },
                "aws_subnet.data_engineering.1": {
                    "type": "aws_subnet",
                    "depends_on": [
                        "aws_vpc.data_engineering",
                        "aws_vpc.data_engineering",
                        "data.aws_availability_zones.available"
                    ],
                    "primary": {
                        "id": "subnet-0ee7816b",
                        "attributes": {
                            "availability_zone": "us-east-1b",
                            "cidr_block": "10.0.1.0/24",
                            "id": "subnet-0ee7816b",
                            "map_public_ip_on_launch": "true",
                            "tags.%": "2",
                            "tags.Department": "oddt",
                            "tags.Name": "oddt-data-engineering-subnet-us-east-1b",
                            "vpc_id": "vpc-cabdf3ac"
                        },
                        "meta": {},
                        "tainted": false
                    },
                    "deposed": [],
                    "provider": ""
                },
                "aws_subnet.data_engineering.2": {
                    "type": "aws_subnet",
                    "depends_on": [
                        "aws_vpc.data_engineering",
                        "aws_vpc.data_engineering",
                        "data.aws_availability_zones.available"
                    ],
                    "primary": {
                        "id": "subnet-f2f0cedf",
                        "attributes": {
                            "availability_zone": "us-east-1c",
                            "cidr_block": "10.0.2.0/24",
                            "id": "subnet-f2f0cedf",
                            "map_public_ip_on_launch": "true",
                            "tags.%": "2",
                            "tags.Department": "oddt",
                            "tags.Name": "oddt-data-engineering-subnet-us-east-1c",
                            "vpc_id": "vpc-cabdf3ac"
                        },
                        "meta": {},
                        "tainted": false
                    },
                    "deposed": [],
                    "provider": ""
                },
                "aws_vpc.data_engineering": {
                    "type": "aws_vpc",
                    "depends_on": [],
                    "primary": {
                        "id": "vpc-cabdf3ac",
                        "attributes": {
                            "cidr_block": "10.0.0.0/16",
                            "default_network_acl_id": "acl-3ac9d15c",
                            "default_route_table_id": "rtb-949e03ed",
                            "default_security_group_id": "sg-aabc44d5",
                            "dhcp_options_id": "dopt-819e8ee3",
                            "enable_classiclink": "false",
                            "enable_dns_hostnames": "true",
                            "enable_dns_support": "true",
                            "id": "vpc-cabdf3ac",
                            "instance_tenancy": "default",
                            "main_route_table_id": "rtb-949e03ed",
                            "tags.%": "2",
                            "tags.Department": "oddt",
                            "tags.Name": "oddt-data-engineering-vpc"
                        },
                        "meta": {},
                        "tainted": false
                    },
                    "deposed": [],
                    "provider": ""
                },
                "data.aws_ami.ecs_optimized": {
                    "type": "aws_ami",
                    "depends_on": [],
                    "primary": {
                        "id": "ami-275ffe31",
                        "attributes": {
                            "architecture": "x86_64",
                            "block_device_mappings.#": "2",
                            "block_device_mappings.2538004115.device_name": "/dev/xvdcz",
                            "block_device_mappings.2538004115.ebs.%": "5",
                            "block_device_mappings.2538004115.ebs.delete_on_termination": "true",
                            "block_device_mappings.2538004115.ebs.encrypted": "false",
                            "block_device_mappings.2538004115.ebs.iops": "0",
                            "block_device_mappings.2538004115.ebs.volume_size": "22",
                            "block_device_mappings.2538004115.ebs.volume_type": "gp2",
                            "block_device_mappings.2538004115.no_device": "",
                            "block_device_mappings.2538004115.virtual_name": "",
                            "block_device_mappings.340275815.device_name": "/dev/xvda",
                            "block_device_mappings.340275815.ebs.%": "6",
                            "block_device_mappings.340275815.ebs.delete_on_termination": "true",
                            "block_device_mappings.340275815.ebs.encrypted": "false",
                            "block_device_mappings.340275815.ebs.iops": "0",
                            "block_device_mappings.340275815.ebs.snapshot_id": "snap-07e05409bfc4e6909",
                            "block_device_mappings.340275815.ebs.volume_size": "8",
                            "block_device_mappings.340275815.ebs.volume_type": "gp2",
                            "block_device_mappings.340275815.no_device": "",
                            "block_device_mappings.340275815.virtual_name": "",
                            "creation_date": "2017-03-08T18:36:23.000Z",
                            "description": "Amazon Linux AMI 2016.09.g x86_64 ECS HVM GP2",
                            "filter.#": "3",
                            "filter.3350713981.name": "name",
                            "filter.3350713981.values.#": "1",
                            "filter.3350713981.values.0": "amzn-ami-*-amazon-ecs-optimized",
                            "filter.3386043752.name": "architecture",
                            "filter.3386043752.values.#": "1",
                            "filter.3386043752.values.0": "x86_64",
                            "filter.490168357.name": "virtualization-type",
                            "filter.490168357.values.#": "1",
                            "filter.490168357.values.0": "hvm",
                            "hypervisor": "xen",
                            "id": "ami-275ffe31",
                            "image_id": "ami-275ffe31",
                            "image_location": "amazon/amzn-ami-2016.09.g-amazon-ecs-optimized",
                            "image_owner_alias": "amazon",
                            "image_type": "machine",
                            "most_recent": "true",
                            "name": "amzn-ami-2016.09.g-amazon-ecs-optimized",
                            "owner_id": "591542846629",
                            "owners.#": "1",
                            "owners.0": "591542846629",
                            "product_codes.#": "0",
                            "public": "true",
                            "root_device_name": "/dev/xvda",
                            "root_device_type": "ebs",
                            "sriov_net_support": "simple",
                            "state": "available",
                            "state_reason.%": "2",
                            "state_reason.code": "UNSET",
                            "state_reason.message": "UNSET",
                            "tags.#": "0",
                            "virtualization_type": "hvm"
                        },
                        "meta": {},
                        "tainted": false
                    },
                    "deposed": [],
                    "provider": ""
                },
                "data.aws_ami.ubuntu": {
                    "type": "aws_ami",
                    "depends_on": [],
                    "primary": {
                        "id": "ami-2757f631",
                        "attributes": {
                            "architecture": "x86_64",
                            "block_device_mappings.#": "3",
                            "block_device_mappings.1634610537.device_name": "/dev/sdb",
                            "block_device_mappings.1634610537.ebs.%": "0",
                            "block_device_mappings.1634610537.no_device": "",
                            "block_device_mappings.1634610537.virtual_name": "ephemeral0",
                            "block_device_mappings.2547816212.device_name": "/dev/sda1",
                            "block_device_mappings.2547816212.ebs.%": "6",
                            "block_device_mappings.2547816212.ebs.delete_on_termination": "true",
                            "block_device_mappings.2547816212.ebs.encrypted": "false",
                            "block_device_mappings.2547816212.ebs.iops": "0",
                            "block_device_mappings.2547816212.ebs.snapshot_id": "snap-0a439b07227e96333",
                            "block_device_mappings.2547816212.ebs.volume_size": "8",
                            "block_device_mappings.2547816212.ebs.volume_type": "gp2",
                            "block_device_mappings.2547816212.no_device": "",
                            "block_device_mappings.2547816212.virtual_name": "",
                            "block_device_mappings.3850042718.device_name": "/dev/sdc",
                            "block_device_mappings.3850042718.ebs.%": "0",
                            "block_device_mappings.3850042718.no_device": "",
                            "block_device_mappings.3850042718.virtual_name": "ephemeral1",
                            "creation_date": "2017-03-08T17:57:15.000Z",
                            "filter.#": "1",
                            "filter.1713369084.name": "image-id",
                            "filter.1713369084.values.#": "1",
                            "filter.1713369084.values.0": "ami-2757f631",
                            "hypervisor": "xen",
                            "id": "ami-2757f631",
                            "image_id": "ami-2757f631",
                            "image_location": "099720109477/ubuntu/images/hvm-ssd/ubuntu-xenial-16.04-amd64-server-20170307",
                            "image_type": "machine",
                            "most_recent": "false",
                            "name": "ubuntu/images/hvm-ssd/ubuntu-xenial-16.04-amd64-server-20170307",
                            "owner_id": "099720109477",
                            "owners.#": "1",
                            "owners.0": "099720109477",
                            "product_codes.#": "0",
                            "public": "true",
                            "root_device_name": "/dev/sda1",
                            "root_device_type": "ebs",
                            "sriov_net_support": "simple",
                            "state": "available",
                            "state_reason.%": "2",
                            "state_reason.code": "UNSET",
                            "state_reason.message": "UNSET",
                            "tags.#": "0",
                            "virtualization_type": "hvm"
                        },
                        "meta": {},
                        "tainted": false
                    },
                    "deposed": [],
                    "provider": ""
                },
                "data.aws_availability_zones.available": {
                    "type": "aws_availability_zones",
                    "depends_on": [],
                    "primary": {
                        "id": "2017-04-05 18:13:49.238980222 +0000 UTC",
                        "attributes": {
                            "id": "2017-04-05 18:13:49.238980222 +0000 UTC",
                            "names.#": "5",
                            "names.0": "us-east-1a",
                            "names.1": "us-east-1b",
                            "names.2": "us-east-1c",
                            "names.3": "us-east-1d",
                            "names.4": "us-east-1e"
                        },
                        "meta": {},
                        "tainted": false
                    },
                    "deposed": [],
                    "provider": ""
                },
                "data.template_file.airflow_scheduler_task_definition": {
                    "type": "template_file",
                    "depends_on": [
                        "aws_cloudwatch_log_group.container"
                    ],
                    "primary": {
                        "id": "447c4deb37be2d30b0eb66028dbb341fe07b182e4ed3f18f355098e5b5e68ecf",
                        "attributes": {
                            "id": "447c4deb37be2d30b0eb66028dbb341fe07b182e4ed3f18f355098e5b5e68ecf",
                            "rendered": "[\n    {\n        \"cpu\": 1024,\n        \"essential\": true,\n        \"image\": \"cityofphiladelphia/airflow:6c2dc423b59c67eebfad4faf06e3b7e6927181c7\",\n        \"memory\": 1024,\n        \"name\": \"airflow_scheduler\",\n        \"command\": [\"scheduler\"],\n        \"essential\": true,\n        \"environment\": [\n            {\n                \"name\": \"AWS_DEFAULT_REGION\",\n                \"value\": \"us-east-1\"\n            },\n            {\n                \"name\": \"EASTERN_STATE_BUCKET\",\n                \"value\": \"eastern-state\"\n            },\n            {\n                \"name\": \"EASTERN_STATE_NAME\",\n                \"value\": \"airflow\"\n            },\n            {\n                \"name\": \"EASTERN_STATE_ENV\",\n                \"value\": \"prod\"\n            }\n        ],\n        \"logConfiguration\": {\n            \"logDriver\": \"awslogs\",\n            \"options\": {\n                \"awslogs-group\": \"oddt-data-engineering/ecs-containers\",\n                \"awslogs-region\": \"us-east-1\"\n            }\n        }\n    }\n]",
                            "template": "[\n    {\n        \"cpu\": 1024,\n        \"essential\": true,\n        \"image\": \"${image_url}\",\n        \"memory\": 1024,\n        \"name\": \"${container_name}\",\n        \"command\": [\"scheduler\"],\n        \"essential\": true,\n        \"environment\": [\n            {\n                \"name\": \"AWS_DEFAULT_REGION\",\n                \"value\": \"us-east-1\"\n            },\n            {\n                \"name\": \"EASTERN_STATE_BUCKET\",\n                \"value\": \"eastern-state\"\n            },\n            {\n                \"name\": \"EASTERN_STATE_NAME\",\n                \"value\": \"airflow\"\n            },\n            {\n                \"name\": \"EASTERN_STATE_ENV\",\n                \"value\": \"prod\"\n            }\n        ],\n        \"logConfiguration\": {\n            \"logDriver\": \"awslogs\",\n            \"options\": {\n                \"awslogs-group\": \"${log_group_name}\",\n                \"awslogs-region\": \"${log_group_region}\"\n            }\n        }\n    }\n]",
                            "vars.%": "4",
                            "vars.container_name": "airflow_scheduler",
                            "vars.image_url": "cityofphiladelphia/airflow:6c2dc423b59c67eebfad4faf06e3b7e6927181c7",
                            "vars.log_group_name": "oddt-data-engineering/ecs-containers",
                            "vars.log_group_region": "us-east-1"
                        },
                        "meta": {},
                        "tainted": false
                    },
                    "deposed": [],
                    "provider": ""
                },
                "data.template_file.airflow_webserver_task_definition": {
                    "type": "template_file",
                    "depends_on": [
                        "aws_cloudwatch_log_group.container"
                    ],
                    "primary": {
                        "id": "093a8328dd0c58f303be8d4c229af193f5ad53f2c7cd3a3d381c40a9b9bb5d79",
                        "attributes": {
                            "id": "093a8328dd0c58f303be8d4c229af193f5ad53f2c7cd3a3d381c40a9b9bb5d79",
                            "rendered": "[\n    {\n        \"cpu\": 1024,\n        \"essential\": true,\n        \"image\": \"cityofphiladelphia/airflow:94abd95c9174466ab1ccd55d038d0f8757507bbb\",\n        \"memory\": 1024,\n        \"name\": \"airflow_webserver\",\n        \"command\": [\"webserver\"],\n        \"essential\": true,\n        \"environment\": [\n            {\n                \"name\": \"AWS_DEFAULT_REGION\",\n                \"value\": \"us-east-1\"\n            },\n            {\n                \"name\": \"EASTERN_STATE_BUCKET\",\n                \"value\": \"eastern-state\"\n            },\n            {\n                \"name\": \"EASTERN_STATE_NAME\",\n                \"value\": \"airflow\"\n            },\n            {\n                \"name\": \"EASTERN_STATE_ENV\",\n                \"value\": \"prod\"\n            }\n        ],\n        \"portMappings\": [\n            {\n                \"containerPort\": 8080,\n                \"hostPort\": 8080\n            }\n        ],\n        \"logConfiguration\": {\n            \"logDriver\": \"awslogs\",\n            \"options\": {\n                \"awslogs-group\": \"oddt-data-engineering/ecs-containers\",\n                \"awslogs-region\": \"us-east-1\"\n            }\n        }\n    }\n]",
                            "template": "[\n    {\n        \"cpu\": 1024,\n        \"essential\": true,\n        \"image\": \"${image_url}\",\n        \"memory\": 1024,\n        \"name\": \"${container_name}\",\n        \"command\": [\"webserver\"],\n        \"essential\": true,\n        \"environment\": [\n            {\n                \"name\": \"AWS_DEFAULT_REGION\",\n                \"value\": \"us-east-1\"\n            },\n            {\n                \"name\": \"EASTERN_STATE_BUCKET\",\n                \"value\": \"eastern-state\"\n            },\n            {\n                \"name\": \"EASTERN_STATE_NAME\",\n                \"value\": \"airflow\"\n            },\n            {\n                \"name\": \"EASTERN_STATE_ENV\",\n                \"value\": \"prod\"\n            }\n        ],\n        \"portMappings\": [\n            {\n                \"containerPort\": 8080,\n                \"hostPort\": 8080\n            }\n        ],\n        \"logConfiguration\": {\n            \"logDriver\": \"awslogs\",\n            \"options\": {\n                \"awslogs-group\": \"${log_group_name}\",\n                \"awslogs-region\": \"${log_group_region}\"\n            }\n        }\n    }\n]",
                            "vars.%": "4",
                            "vars.container_name": "airflow_webserver",
                            "vars.image_url": "cityofphiladelphia/airflow:94abd95c9174466ab1ccd55d038d0f8757507bbb",
                            "vars.log_group_name": "oddt-data-engineering/ecs-containers",
                            "vars.log_group_region": "us-east-1"
                        },
                        "meta": {},
                        "tainted": false
                    },
                    "deposed": [],
                    "provider": ""
                },
                "data.template_file.data_engineering_cluster_instance_profile": {
                    "type": "template_file",
                    "depends_on": [
                        "aws_cloudwatch_log_group.container",
                        "aws_cloudwatch_log_group.ecs"
                    ],
                    "primary": {
                        "id": "e27a2125ee97eac0cf06010a4fb6b97ce1feea28ecad2c0507b3fdce48141570",
                        "attributes": {
                            "id": "e27a2125ee97eac0cf06010a4fb6b97ce1feea28ecad2c0507b3fdce48141570",
                            "rendered": "{\n  \"Version\": \"2012-10-17\",\n  \"Statement\": [\n    {\n      \"Sid\": \"ecsInstanceRole\",\n      \"Effect\": \"Allow\",\n      \"Action\": [\n        \"ecs:DeregisterContainerInstance\",\n        \"ecs:DiscoverPollEndpoint\",\n        \"ecs:Poll\",\n        \"ecs:RegisterContainerInstance\",\n        \"ecs:Submit*\",\n        \"ecs:StartTelemetrySession\"\n      ],\n      \"Resource\": [\n        \"*\"\n      ]\n    },\n    {\n      \"Sid\": \"ecsInstanceAllowLoggingToCloudWatch\",\n      \"Effect\": \"Allow\",\n      \"Action\": [\n        \"logs:CreateLogStream\",\n        \"logs:PutLogEvents\"\n      ],\n      \"Resource\": [\n        \"arn:aws:logs:us-east-1:676612114792:log-group:/aws/batch/job:*\",\n        \"arn:aws:logs:us-east-1:676612114792:log-group:oddt-data-engineering/ecs-containers:*\",\n        \"arn:aws:logs:us-east-1:676612114792:log-group:oddt-data-engineering/ecs-agent:*\"\n      ]\n    },\n    {\n      \"Sid\": \"allowKeystothecityRead\",\n      \"Effect\": \"Allow\",\n      \"Action\": [\n        \"s3:GetObject\"\n      ],\n      \"Resource\": [\n        \"arn:aws:s3:::oddt-pub-keys/*\"\n      ]\n    }\n  ]\n}",
                            "template": "{\n  \"Version\": \"2012-10-17\",\n  \"Statement\": [\n    {\n      \"Sid\": \"ecsInstanceRole\",\n      \"Effect\": \"Allow\",\n      \"Action\": [\n        \"ecs:DeregisterContainerInstance\",\n        \"ecs:DiscoverPollEndpoint\",\n        \"ecs:Poll\",\n        \"ecs:RegisterContainerInstance\",\n        \"ecs:Submit*\",\n        \"ecs:StartTelemetrySession\"\n      ],\n      \"Resource\": [\n        \"*\"\n      ]\n    },\n    {\n      \"Sid\": \"ecsInstanceAllowLoggingToCloudWatch\",\n      \"Effect\": \"Allow\",\n      \"Action\": [\n        \"logs:CreateLogStream\",\n        \"logs:PutLogEvents\"\n      ],\n      \"Resource\": [\n        \"arn:aws:logs:us-east-1:676612114792:log-group:/aws/batch/job:*\",\n        \"${container_log_group_arn}\",\n        \"${ecs_log_group_arn}\"\n      ]\n    },\n    {\n      \"Sid\": \"allowKeystothecityRead\",\n      \"Effect\": \"Allow\",\n      \"Action\": [\n        \"s3:GetObject\"\n      ],\n      \"Resource\": [\n        \"arn:aws:s3:::oddt-pub-keys/*\"\n      ]\n    }\n  ]\n}",
                            "vars.%": "2",
                            "vars.container_log_group_arn": "arn:aws:logs:us-east-1:676612114792:log-group:oddt-data-engineering/ecs-containers:*",
                            "vars.ecs_log_group_arn": "arn:aws:logs:us-east-1:676612114792:log-group:oddt-data-engineering/ecs-agent:*"
                        },
                        "meta": {},
                        "tainted": false
                    },
                    "deposed": [],
                    "provider": ""
                },
                "data.template_file.data_engineering_ecs_user_data": {
                    "type": "template_file",
                    "depends_on": [
                        "aws_ecs_cluster.data_engineering_cluster"
                    ],
                    "primary": {
                        "id": "d344fecceb23860d85e11605fba1939366fa63b4f6d070110544e7c6d0da97f4",
                        "attributes": {
                            "id": "d344fecceb23860d85e11605fba1939366fa63b4f6d070110544e7c6d0da97f4",
                            "rendered": "#!/bin/bash\necho ECS_CLUSTER=oddt-data-engineering-ecs-cluster \u003e\u003e /etc/ecs/ecs.config\n\nexport LC_ALL=C.UTF-8\nexport LANG=C.UTF-8\n\napt-get update\napt-get -y upgrade\napt-get install -y python3 python3-pip git\n\npip3 install --upgrade pip3\n\npip3 install git+https://github.com/CityOfPhiladelphia/keytothecity.git\n\nkeytothecity sync ecs_cluster -c s3://oddt-pub-keys/keytothecity.yml\nkeytothecity install_cron ecs_cluster -c s3://oddt-pub-keys/keytothecity.yml\n",
                            "template": "#!/bin/bash\necho ECS_CLUSTER=${cluster_name} \u003e\u003e /etc/ecs/ecs.config\n\nexport LC_ALL=C.UTF-8\nexport LANG=C.UTF-8\n\napt-get update\napt-get -y upgrade\napt-get install -y python3 python3-pip git\n\npip3 install --upgrade pip3\n\npip3 install git+https://github.com/CityOfPhiladelphia/keytothecity.git\n\nkeytothecity sync ${keytothecity_config_name} -c ${keytothecity_config}\nkeytothecity install_cron ${keytothecity_config_name} -c ${keytothecity_config}\n",
                            "vars.%": "3",
                            "vars.cluster_name": "oddt-data-engineering-ecs-cluster",
                            "vars.keytothecity_config": "s3://oddt-pub-keys/keytothecity.yml",
                            "vars.keytothecity_config_name": "ecs_cluster"
                        },
                        "meta": {},
                        "tainted": false
                    },
                    "deposed": [],
                    "provider": ""
                },
                "data.template_file.data_engineering_tunnel_gateway_policy_template": {
                    "type": "template_file",
                    "depends_on": [],
                    "primary": {
                        "id": "61f4abd8939f416cb8a2084f84084c391800f724500857403efe83e8ce09ef82",
                        "attributes": {
                            "id": "61f4abd8939f416cb8a2084f84084c391800f724500857403efe83e8ce09ef82",
                            "rendered": "{\n  \"Version\": \"2012-10-17\",\n  \"Statement\": [\n    {\n      \"Sid\": \"allowKeystothecityRead\",\n      \"Effect\": \"Allow\",\n      \"Action\": [\n        \"s3:GetObject\"\n      ],\n      \"Resource\": [\n        \"arn:aws:s3:::oddt-pub-keys/*\"\n      ]\n    }\n  ]\n}",
                            "template": "{\n  \"Version\": \"2012-10-17\",\n  \"Statement\": [\n    {\n      \"Sid\": \"allowKeystothecityRead\",\n      \"Effect\": \"Allow\",\n      \"Action\": [\n        \"s3:GetObject\"\n      ],\n      \"Resource\": [\n        \"arn:aws:s3:::oddt-pub-keys/*\"\n      ]\n    }\n  ]\n}"
                        },
                        "meta": {},
                        "tainted": false
                    },
                    "deposed": [],
                    "provider": ""
                },
                "data.template_file.data_engineering_tunnel_gateway_user_data": {
                    "type": "template_file",
                    "depends_on": [],
                    "primary": {
                        "id": "d2ab73c5623604bc6a4ed307e8ecfc74aca6593f1624a224d92e1128798e2b0e",
                        "attributes": {
                            "id": "d2ab73c5623604bc6a4ed307e8ecfc74aca6593f1624a224d92e1128798e2b0e",
                            "rendered": "#!/bin/bash\n\nexport LC_ALL=C.UTF-8\nexport LANG=C.UTF-8\n\napt-get update\napt-get -y upgrade\napt-get install -y python3 python3-pip git\n\npip3 install --upgrade pip3\n\npip3 install git+https://github.com/CityOfPhiladelphia/keytothecity.git\n\nkeytothecity sync tunnel_gateway -c s3://oddt-pub-keys/keytothecity.yml\nkeytothecity install_cron tunnel_gateway -c s3://oddt-pub-keys/keytothecity.yml\n",
                            "template": "#!/bin/bash\n\nexport LC_ALL=C.UTF-8\nexport LANG=C.UTF-8\n\napt-get update\napt-get -y upgrade\napt-get install -y python3 python3-pip git\n\npip3 install --upgrade pip3\n\npip3 install git+https://github.com/CityOfPhiladelphia/keytothecity.git\n\nkeytothecity sync ${keytothecity_config_name} -c ${keytothecity_config}\nkeytothecity install_cron ${keytothecity_config_name} -c ${keytothecity_config}\n",
                            "vars.%": "2",
                            "vars.keytothecity_config": "s3://oddt-pub-keys/keytothecity.yml",
                            "vars.keytothecity_config_name": "tunnel_gateway"
                        },
                        "meta": {},
                        "tainted": false
                    },
                    "deposed": [],
                    "provider": ""
                }
            },
            "depends_on": []
        }
    ]
}
