{
    "version": 3,
    "terraform_version": "0.8.7",
    "serial": 1,
    "lineage": "898a5495-0788-4e8d-a112-caee46ddd961",
    "modules": [
        {
            "path": [
                "root"
            ],
            "outputs": {},
            "resources": {
                "aws_cloudwatch_log_group.container": {
                    "type": "aws_cloudwatch_log_group",
                    "depends_on": [],
                    "primary": {
                        "id": "oddt-data-engineering/ecs-containers",
                        "attributes": {
                            "arn": "arn:aws:logs:us-east-1:676612114792:log-group:oddt-data-engineering/ecs-containers:*",
                            "id": "oddt-data-engineering/ecs-containers",
                            "name": "oddt-data-engineering/ecs-containers",
                            "retention_in_days": "0",
                            "tags.%": "2",
                            "tags.Department": "oddt",
                            "tags.Name": "oddt-data-engineering-ecs-containers"
                        },
                        "meta": {},
                        "tainted": false
                    },
                    "deposed": [],
                    "provider": ""
                },
                "aws_cloudwatch_log_group.ecs": {
                    "type": "aws_cloudwatch_log_group",
                    "depends_on": [],
                    "primary": {
                        "id": "oddt-data-engineering/ecs-agent",
                        "attributes": {
                            "arn": "arn:aws:logs:us-east-1:676612114792:log-group:oddt-data-engineering/ecs-agent:*",
                            "id": "oddt-data-engineering/ecs-agent",
                            "name": "oddt-data-engineering/ecs-agent",
                            "retention_in_days": "0",
                            "tags.%": "2",
                            "tags.Department": "oddt",
                            "tags.Name": "oddt-data-engineering-logs-ecs-agent"
                        },
                        "meta": {},
                        "tainted": false
                    },
                    "deposed": [],
                    "provider": ""
                },
                "aws_iam_instance_profile.data_engineering_cluster": {
                    "type": "aws_iam_instance_profile",
                    "depends_on": [
                        "aws_iam_role.data_engineering_cluster_instance"
                    ],
                    "primary": {
                        "id": "oddt-data-engineering-ecs-instance-profile",
                        "attributes": {
                            "arn": "arn:aws:iam::676612114792:instance-profile/oddt-data-engineering-ecs-instance-profile",
                            "id": "oddt-data-engineering-ecs-instance-profile",
                            "name": "oddt-data-engineering-ecs-instance-profile",
                            "path": "/",
                            "roles.#": "1",
                            "roles.99786359": "oddt-data-engineering-ecs-instance-role"
                        },
                        "meta": {},
                        "tainted": false
                    },
                    "deposed": [],
                    "provider": ""
                },
                "aws_iam_role.data_engineering_cluster_instance": {
                    "type": "aws_iam_role",
                    "depends_on": [],
                    "primary": {
                        "id": "oddt-data-engineering-ecs-instance-role",
                        "attributes": {
                            "arn": "arn:aws:iam::676612114792:role/oddt-data-engineering-ecs-instance-role",
                            "assume_role_policy": "{\"Version\":\"2012-10-17\",\"Statement\":[{\"Sid\":\"\",\"Effect\":\"Allow\",\"Principal\":{\"Service\":\"ec2.amazonaws.com\"},\"Action\":\"sts:AssumeRole\"}]}",
                            "create_date": "2017-03-09T19:55:31Z",
                            "id": "oddt-data-engineering-ecs-instance-role",
                            "name": "oddt-data-engineering-ecs-instance-role",
                            "path": "/",
                            "unique_id": "AROAIWDTVFLTXFXHJUCDS"
                        },
                        "meta": {},
                        "tainted": false
                    },
                    "deposed": [],
                    "provider": ""
                },
                "aws_iam_role_policy.data_engineering_cluster_instance": {
                    "type": "aws_iam_role_policy",
                    "depends_on": [
                        "aws_iam_role.data_engineering_cluster_instance",
                        "data.template_file.data_engineering_cluster_instance_profile"
                    ],
                    "primary": {
                        "id": "oddt-data-engineering-ecs-instance-role:TfEcsExampleInstanceRole",
                        "attributes": {
                            "id": "oddt-data-engineering-ecs-instance-role:TfEcsExampleInstanceRole",
                            "name": "TfEcsExampleInstanceRole",
                            "policy": "{\n  \"Version\": \"2012-10-17\",\n  \"Statement\": [\n    {\n      \"Sid\": \"ecsInstanceRole\",\n      \"Effect\": \"Allow\",\n      \"Action\": [\n        \"ecs:DeregisterContainerInstance\",\n        \"ecs:DiscoverPollEndpoint\",\n        \"ecs:Poll\",\n        \"ecs:RegisterContainerInstance\",\n        \"ecs:Submit*\"\n      ],\n      \"Resource\": [\n        \"*\"\n      ]\n    },\n    {\n      \"Sid\": \"allowLoggingToCloudWatch\",\n      \"Effect\": \"Allow\",\n      \"Action\": [\n        \"logs:CreateLogStream\",\n        \"logs:PutLogEvents\"\n      ],\n      \"Resource\": [\n        \"arn:aws:logs:us-east-1:676612114792:log-group:oddt-data-engineering/ecs-containers:*\",\n        \"arn:aws:logs:us-east-1:676612114792:log-group:oddt-data-engineering/ecs-agent:*\"\n      ]\n    },\n    {\n      \"Sid\": \"allowKeystothecityRead\",\n      \"Effect\": \"Allow\",\n      \"Action\": [\n        \"s3:GetObject\"\n      ],\n      \"Resource\": [\n        \"arn:aws:s3:::oddt-pub-keys/*\",\n        \"arn:aws:s3:::eastern-state-test/*\"\n      ]\n    }\n  ]\n}",
                            "role": "oddt-data-engineering-ecs-instance-role"
                        },
                        "meta": {},
                        "tainted": false
                    },
                    "deposed": [],
                    "provider": ""
                },
                "aws_internet_gateway.data_engineering": {
                    "type": "aws_internet_gateway",
                    "depends_on": [
                        "aws_vpc.data_engineering"
                    ],
                    "primary": {
                        "id": "igw-9e2b29f9",
                        "attributes": {
                            "id": "igw-9e2b29f9",
                            "tags.%": "2",
                            "tags.Department": "oddt",
                            "tags.Name": "oddt-data-engineering-gateway",
                            "vpc_id": "vpc-cabdf3ac"
                        },
                        "meta": {},
                        "tainted": false
                    },
                    "deposed": [],
                    "provider": ""
                },
                "aws_route_table.data_engineering": {
                    "type": "aws_route_table",
                    "depends_on": [
                        "aws_internet_gateway.data_engineering",
                        "aws_vpc.data_engineering"
                    ],
                    "primary": {
                        "id": "rtb-7399040a",
                        "attributes": {
                            "id": "rtb-7399040a",
                            "propagating_vgws.#": "0",
                            "route.#": "1",
                            "route.3285859846.cidr_block": "0.0.0.0/0",
                            "route.3285859846.gateway_id": "igw-9e2b29f9",
                            "route.3285859846.instance_id": "",
                            "route.3285859846.nat_gateway_id": "",
                            "route.3285859846.network_interface_id": "",
                            "route.3285859846.vpc_peering_connection_id": "",
                            "tags.%": "2",
                            "tags.Department": "oddt",
                            "tags.Name": "oddt-data-engineering-routing-table",
                            "vpc_id": "vpc-cabdf3ac"
                        },
                        "meta": {},
                        "tainted": false
                    },
                    "deposed": [],
                    "provider": ""
                },
                "aws_route_table_association.data_routing_table_association.0": {
                    "type": "aws_route_table_association",
                    "depends_on": [
                        "aws_route_table.data_engineering",
                        "aws_subnet.data_engineering"
                    ],
                    "primary": {
                        "id": "rtbassoc-59331b21",
                        "attributes": {
                            "id": "rtbassoc-59331b21",
                            "route_table_id": "rtb-7399040a",
                            "subnet_id": "subnet-c07e509b"
                        },
                        "meta": {},
                        "tainted": false
                    },
                    "deposed": [],
                    "provider": ""
                },
                "aws_route_table_association.data_routing_table_association.1": {
                    "type": "aws_route_table_association",
                    "depends_on": [
                        "aws_route_table.data_engineering",
                        "aws_subnet.data_engineering"
                    ],
                    "primary": {
                        "id": "rtbassoc-58331b20",
                        "attributes": {
                            "id": "rtbassoc-58331b20",
                            "route_table_id": "rtb-7399040a",
                            "subnet_id": "subnet-0ee7816b"
                        },
                        "meta": {},
                        "tainted": false
                    },
                    "deposed": [],
                    "provider": ""
                },
                "aws_subnet.data_engineering.0": {
                    "type": "aws_subnet",
                    "depends_on": [
                        "aws_vpc.data_engineering",
                        "aws_vpc.data_engineering",
                        "data.aws_availability_zones.available"
                    ],
                    "primary": {
                        "id": "subnet-c07e509b",
                        "attributes": {
                            "availability_zone": "us-east-1a",
                            "cidr_block": "10.0.0.0/24",
                            "id": "subnet-c07e509b",
                            "map_public_ip_on_launch": "false",
                            "tags.%": "2",
                            "tags.Department": "oddt",
                            "tags.Name": "oddt-data-engineering-subnet-us-east-1a",
                            "vpc_id": "vpc-cabdf3ac"
                        },
                        "meta": {},
                        "tainted": false
                    },
                    "deposed": [],
                    "provider": ""
                },
                "aws_subnet.data_engineering.1": {
                    "type": "aws_subnet",
                    "depends_on": [
                        "aws_vpc.data_engineering",
                        "aws_vpc.data_engineering",
                        "data.aws_availability_zones.available"
                    ],
                    "primary": {
                        "id": "subnet-0ee7816b",
                        "attributes": {
                            "availability_zone": "us-east-1b",
                            "cidr_block": "10.0.1.0/24",
                            "id": "subnet-0ee7816b",
                            "map_public_ip_on_launch": "false",
                            "tags.%": "2",
                            "tags.Department": "oddt",
                            "tags.Name": "oddt-data-engineering-subnet-us-east-1b",
                            "vpc_id": "vpc-cabdf3ac"
                        },
                        "meta": {},
                        "tainted": false
                    },
                    "deposed": [],
                    "provider": ""
                },
                "aws_vpc.data_engineering": {
                    "type": "aws_vpc",
                    "depends_on": [],
                    "primary": {
                        "id": "vpc-cabdf3ac",
                        "attributes": {
                            "cidr_block": "10.0.0.0/16",
                            "default_network_acl_id": "acl-3ac9d15c",
                            "default_route_table_id": "rtb-949e03ed",
                            "default_security_group_id": "sg-aabc44d5",
                            "dhcp_options_id": "dopt-819e8ee3",
                            "enable_classiclink": "false",
                            "enable_dns_hostnames": "false",
                            "enable_dns_support": "true",
                            "id": "vpc-cabdf3ac",
                            "instance_tenancy": "default",
                            "main_route_table_id": "rtb-949e03ed",
                            "tags.%": "2",
                            "tags.Department": "oddt",
                            "tags.Name": "oddt-data-engineering-vpc"
                        },
                        "meta": {},
                        "tainted": false
                    },
                    "deposed": [],
                    "provider": ""
                },
                "data.aws_availability_zones.available": {
                    "type": "aws_availability_zones",
                    "depends_on": [],
                    "primary": {
                        "id": "2017-03-09 20:05:47.281448825 +0000 UTC",
                        "attributes": {
                            "id": "2017-03-09 20:05:47.281448825 +0000 UTC",
                            "names.#": "5",
                            "names.0": "us-east-1a",
                            "names.1": "us-east-1b",
                            "names.2": "us-east-1c",
                            "names.3": "us-east-1d",
                            "names.4": "us-east-1e"
                        },
                        "meta": {},
                        "tainted": false
                    },
                    "deposed": [],
                    "provider": ""
                },
                "data.template_file.data_engineering_cluster_instance_profile": {
                    "type": "template_file",
                    "depends_on": [
                        "aws_cloudwatch_log_group.container",
                        "aws_cloudwatch_log_group.ecs"
                    ],
                    "primary": {
                        "id": "9a5d8d9cd24a08edc53f5a163c3a0de0b5ca572651eaadf860ff8273b4b40b42",
                        "attributes": {
                            "id": "9a5d8d9cd24a08edc53f5a163c3a0de0b5ca572651eaadf860ff8273b4b40b42",
                            "rendered": "{\n  \"Version\": \"2012-10-17\",\n  \"Statement\": [\n    {\n      \"Sid\": \"ecsInstanceRole\",\n      \"Effect\": \"Allow\",\n      \"Action\": [\n        \"ecs:DeregisterContainerInstance\",\n        \"ecs:DiscoverPollEndpoint\",\n        \"ecs:Poll\",\n        \"ecs:RegisterContainerInstance\",\n        \"ecs:Submit*\"\n      ],\n      \"Resource\": [\n        \"*\"\n      ]\n    },\n    {\n      \"Sid\": \"allowLoggingToCloudWatch\",\n      \"Effect\": \"Allow\",\n      \"Action\": [\n        \"logs:CreateLogStream\",\n        \"logs:PutLogEvents\"\n      ],\n      \"Resource\": [\n        \"arn:aws:logs:us-east-1:676612114792:log-group:oddt-data-engineering/ecs-containers:*\",\n        \"arn:aws:logs:us-east-1:676612114792:log-group:oddt-data-engineering/ecs-agent:*\"\n      ]\n    },\n    {\n      \"Sid\": \"allowKeystothecityRead\",\n      \"Effect\": \"Allow\",\n      \"Action\": [\n        \"s3:GetObject\"\n      ],\n      \"Resource\": [\n        \"arn:aws:s3:::oddt-pub-keys/*\",\n        \"arn:aws:s3:::eastern-state-test/*\"\n      ]\n    }\n  ]\n}",
                            "template": "{\n  \"Version\": \"2012-10-17\",\n  \"Statement\": [\n    {\n      \"Sid\": \"ecsInstanceRole\",\n      \"Effect\": \"Allow\",\n      \"Action\": [\n        \"ecs:DeregisterContainerInstance\",\n        \"ecs:DiscoverPollEndpoint\",\n        \"ecs:Poll\",\n        \"ecs:RegisterContainerInstance\",\n        \"ecs:Submit*\"\n      ],\n      \"Resource\": [\n        \"*\"\n      ]\n    },\n    {\n      \"Sid\": \"allowLoggingToCloudWatch\",\n      \"Effect\": \"Allow\",\n      \"Action\": [\n        \"logs:CreateLogStream\",\n        \"logs:PutLogEvents\"\n      ],\n      \"Resource\": [\n        \"${container_log_group_arn}\",\n        \"${ecs_log_group_arn}\"\n      ]\n    },\n    {\n      \"Sid\": \"allowKeystothecityRead\",\n      \"Effect\": \"Allow\",\n      \"Action\": [\n        \"s3:GetObject\"\n      ],\n      \"Resource\": [\n        \"arn:aws:s3:::oddt-pub-keys/*\",\n        \"arn:aws:s3:::eastern-state-test/*\"\n      ]\n    }\n  ]\n}",
                            "vars.%": "2",
                            "vars.container_log_group_arn": "arn:aws:logs:us-east-1:676612114792:log-group:oddt-data-engineering/ecs-containers:*",
                            "vars.ecs_log_group_arn": "arn:aws:logs:us-east-1:676612114792:log-group:oddt-data-engineering/ecs-agent:*"
                        },
                        "meta": {},
                        "tainted": false
                    },
                    "deposed": [],
                    "provider": ""
                }
            },
            "depends_on": []
        }
    ]
}
